<?xml version="1.0" encoding="utf-8"?>
<Project ToolsVersion="4.0" xmlns="http://schemas.microsoft.com/developer/msbuild/2003">
  <ItemGroup>
    <Filter Include="Source Files">
      <UniqueIdentifier>{eeb1585f-1214-4d19-8fff-ed97257514ef}</UniqueIdentifier>
      <Extensions>cpp;c;cxx;def;odl;idl;hpj;bat;asm</Extensions>
    </Filter>
    <Filter Include="Header Files">
      <UniqueIdentifier>{12d24d62-e9cc-4c52-b377-016156220a46}</UniqueIdentifier>
      <Extensions>h;hpp;hxx;hm;inl;inc</Extensions>
    </Filter>
    <Filter Include="Resource Files">
      <UniqueIdentifier>{25d58c6b-807d-4bc7-a64b-64efdb12242f}</UniqueIdentifier>
      <Extensions>rc;ico;cur;bmp;dlg;rc2;rct;bin;rgs;gif;jpg;jpeg;jpe</Extensions>
    </Filter>
  </ItemGroup>
  <ItemGroup>
    <ClCompile Include="..\..\illustrt\illustrt.c">
      <Filter>Source Files</Filter>
    </ClCompile>
    <ClCompile Include="..\..\illustrt\intersct.c">
      <Filter>Source Files</Filter>
    </ClCompile>
    <ClCompile Include="..\..\illustrt\spltsort.c">
      <Filter>Source Files</Filter>
    </ClCompile>
  </ItemGroup>
  <ItemGroup>
    <ClInclude Include="..\..\illustrt\program.h">
      <Filter>Header Files</Filter>
    </ClInclude>
  </ItemGroup>
  <ItemGroup>
    <None Include="..\..\illustrt\makefile.ami" />
    <None Include="..\..\illustrt\makefile.os2" />
    <None Include="..\..\illustrt\makefile.sas" />
    <None Include="..\..\illustrt\makefile.unx" />
    <None Include="..\..\illustrt\makefile.wnt" />
  </ItemGroup>
</Project>