<?xml version="1.0" encoding="utf-8"?>
<Project ToolsVersion="4.0" xmlns="http://schemas.microsoft.com/developer/msbuild/2003">
  <ItemGroup>
    <Filter Include="Source Files">
      <UniqueIdentifier>{0b4530f4-8b58-44a7-8ae3-f0f641903789}</UniqueIdentifier>
      <Extensions>cpp;c;cxx;def;odl;idl;hpj;bat;asm</Extensions>
    </Filter>
    <Filter Include="Header Files">
      <UniqueIdentifier>{e6c17c3a-33f4-4ed9-adb3-f16bfceceac6}</UniqueIdentifier>
      <Extensions>h;hpp;hxx;hm;inl;inc</Extensions>
    </Filter>
    <Filter Include="Resource Files">
      <UniqueIdentifier>{15fae94a-f2f6-4ac6-985c-4f15a9ce37bd}</UniqueIdentifier>
      <Extensions>rc;ico;cur;bmp;dlg;rc2;rct;bin;rgs;gif;jpg;jpeg;jpe</Extensions>
    </Filter>
  </ItemGroup>
  <ItemGroup>
    <ClCompile Include="..\..\trim_lib\tr_prisa.c">
      <Filter>Source Files</Filter>
    </ClCompile>
    <ClCompile Include="..\..\trim_lib\trim2pl2.c">
      <Filter>Source Files</Filter>
    </ClCompile>
    <ClCompile Include="..\..\trim_lib\trim2ply.c">
      <Filter>Source Files</Filter>
    </ClCompile>
    <ClCompile Include="..\..\trim_lib\trim_aux.c">
      <Filter>Source Files</Filter>
    </ClCompile>
    <ClCompile Include="..\..\trim_lib\trim_dbg.c">
      <Filter>Source Files</Filter>
    </ClCompile>
    <ClCompile Include="..\..\trim_lib\trim_err.c">
      <Filter>Source Files</Filter>
    </ClCompile>
    <ClCompile Include="..\..\trim_lib\trim_ftl.c">
      <Filter>Source Files</Filter>
    </ClCompile>
    <ClCompile Include="..\..\trim_lib\trim_gen.c">
      <Filter>Source Files</Filter>
    </ClCompile>
    <ClCompile Include="..\..\trim_lib\trim_iso.c">
      <Filter>Source Files</Filter>
    </ClCompile>
    <ClCompile Include="..\..\trim_lib\trim_sub.c">
      <Filter>Source Files</Filter>
    </ClCompile>
    <ClCompile Include="..\..\trim_lib\trimcntr.c">
      <Filter>Source Files</Filter>
    </ClCompile>
  </ItemGroup>
  <ItemGroup>
    <ClInclude Include="..\..\include\trim_lib.h">
      <Filter>Header Files</Filter>
    </ClInclude>
    <ClInclude Include="..\..\trim_lib\trim_loc.h">
      <Filter>Header Files</Filter>
    </ClInclude>
  </ItemGroup>
  <ItemGroup>
    <None Include="..\..\trim_lib\makefile.ami" />
    <None Include="..\..\trim_lib\makefile.os2" />
    <None Include="..\..\trim_lib\makefile.sas" />
    <None Include="..\..\trim_lib\makefile.unx" />
    <None Include="..\..\trim_lib\makefile.wce" />
    <None Include="..\..\trim_lib\makefile.wnt" />
  </ItemGroup>
</Project>