<?xml version="1.0" encoding="utf-8"?>
<Project ToolsVersion="4.0" xmlns="http://schemas.microsoft.com/developer/msbuild/2003">
  <ItemGroup>
    <Filter Include="Source Files">
      <UniqueIdentifier>{1b280b44-925c-4708-918c-d69156a6ac03}</UniqueIdentifier>
      <Extensions>cpp;c;cxx;def;odl;idl;hpj;bat;asm</Extensions>
    </Filter>
    <Filter Include="Header Files">
      <UniqueIdentifier>{d36166be-e4fd-4a23-b49d-a43a0d2eb216}</UniqueIdentifier>
      <Extensions>h;hpp;hxx;hm;inl;inc</Extensions>
    </Filter>
    <Filter Include="Resource Files">
      <UniqueIdentifier>{bd983ff0-d4ca-4daa-a223-81de0baa310a}</UniqueIdentifier>
      <Extensions>rc;ico;cur;bmp;dlg;rc2;rct;bin;rgs;gif;jpg;jpeg;jpe</Extensions>
    </Filter>
  </ItemGroup>
  <ItemGroup>
    <ClCompile Include="..\..\trng_lib\trng2ply.c">
      <Filter>Source Files</Filter>
    </ClCompile>
    <ClCompile Include="..\..\trng_lib\trng_aux.c">
      <Filter>Source Files</Filter>
    </ClCompile>
    <ClCompile Include="..\..\trng_lib\trng_dbg.c">
      <Filter>Source Files</Filter>
    </ClCompile>
    <ClCompile Include="..\..\trng_lib\trng_der.c">
      <Filter>Source Files</Filter>
    </ClCompile>
    <ClCompile Include="..\..\trng_lib\trng_err.c">
      <Filter>Source Files</Filter>
    </ClCompile>
    <ClCompile Include="..\..\trng_lib\trng_ftl.c">
      <Filter>Source Files</Filter>
    </ClCompile>
    <ClCompile Include="..\..\trng_lib\trng_gen.c">
      <Filter>Source Files</Filter>
    </ClCompile>
    <ClCompile Include="..\..\trng_lib\trng_grg.c">
      <Filter>Source Files</Filter>
    </ClCompile>
    <ClCompile Include="..\..\trng_lib\trng_iso.c">
      <Filter>Source Files</Filter>
    </ClCompile>
    <ClCompile Include="..\..\trng_lib\trng_sub.c">
      <Filter>Source Files</Filter>
    </ClCompile>
    <ClCompile Include="..\..\trng_lib\trngcoer.c">
      <Filter>Source Files</Filter>
    </ClCompile>
    <ClCompile Include="..\..\trng_lib\trngeval.c">
      <Filter>Source Files</Filter>
    </ClCompile>
    <ClCompile Include="..\..\trng_lib\trngmesh.c">
      <Filter>Source Files</Filter>
    </ClCompile>
  </ItemGroup>
  <ItemGroup>
    <ClInclude Include="..\..\include\trng_lib.h">
      <Filter>Header Files</Filter>
    </ClInclude>
    <ClInclude Include="..\..\trng_lib\trng_loc.h">
      <Filter>Header Files</Filter>
    </ClInclude>
  </ItemGroup>
  <ItemGroup>
    <None Include="..\..\trng_lib\makefile.ami" />
    <None Include="..\..\trng_lib\makefile.os2" />
    <None Include="..\..\trng_lib\makefile.sas" />
    <None Include="..\..\trng_lib\makefile.unx" />
    <None Include="..\..\trng_lib\makefile.wce" />
    <None Include="..\..\trng_lib\makefile.wnt" />
  </ItemGroup>
</Project>