<?xml version="1.0" encoding="utf-8"?>
<Project ToolsVersion="4.0" xmlns="http://schemas.microsoft.com/developer/msbuild/2003">
  <ItemGroup>
    <Filter Include="Source Files">
      <UniqueIdentifier>{f0495588-6a09-42e7-948a-fe1714fb901d}</UniqueIdentifier>
      <Extensions>cpp;c;cxx;def;odl;idl;hpj;bat;asm</Extensions>
    </Filter>
    <Filter Include="Header Files">
      <UniqueIdentifier>{c2c4401e-e63d-47bc-ac18-6e237172e5c6}</UniqueIdentifier>
      <Extensions>h;hpp;hxx;hm;inl;inc</Extensions>
    </Filter>
    <Filter Include="Resource Files">
      <UniqueIdentifier>{47f37a9b-96f3-4d8c-be66-30386763a9be}</UniqueIdentifier>
      <Extensions>rc;ico;cur;bmp;dlg;rc2;rct;bin;rgs;gif;jpg;jpeg;jpe</Extensions>
    </Filter>
  </ItemGroup>
  <ItemGroup>
    <ClCompile Include="..\..\grapdrvs\cnstcrvs.c">
      <Filter>Source Files</Filter>
    </ClCompile>
    <ClCompile Include="..\..\grapdrvs\draw_obj.c">
      <Filter>Source Files</Filter>
    </ClCompile>
    <ClCompile Include="..\..\grapdrvs\drawln3d.c">
      <Filter>Source Files</Filter>
    </ClCompile>
    <ClCompile Include="..\..\grapdrvs\drawpoly.c">
      <Filter>Source Files</Filter>
    </ClCompile>
    <ClCompile Include="..\..\grapdrvs\drawptvc.c">
      <Filter>Source Files</Filter>
    </ClCompile>
    <ClCompile Include="..\..\grapdrvs\editcrvs.c">
      <Filter>Source Files</Filter>
    </ClCompile>
    <ClCompile Include="..\..\grapdrvs\editmanp.c">
      <Filter>Source Files</Filter>
    </ClCompile>
    <ClCompile Include="..\..\grapdrvs\editsrfs.c">
      <Filter>Source Files</Filter>
    </ClCompile>
    <ClCompile Include="..\..\grapdrvs\gen_grap.c">
      <Filter>Source Files</Filter>
    </ClCompile>
    <ClCompile Include="..\..\grapdrvs\magellan.c">
      <Filter>Source Files</Filter>
    </ClCompile>
    <ClCompile Include="..\..\grapdrvs\wnt_anim.c">
      <Filter>Source Files</Filter>
    </ClCompile>
    <ClCompile Include="..\..\grapdrvs\wnt_crvs.c">
      <Filter>Source Files</Filter>
    </ClCompile>
    <ClCompile Include="..\..\grapdrvs\wnt_env.c">
      <Filter>Source Files</Filter>
    </ClCompile>
    <ClCompile Include="..\..\grapdrvs\wnt_manp.c">
      <Filter>Source Files</Filter>
    </ClCompile>
    <ClCompile Include="..\..\grapdrvs\wnt_pick.c">
      <Filter>Source Files</Filter>
    </ClCompile>
    <ClCompile Include="..\..\grapdrvs\wnt_shad.c">
      <Filter>Source Files</Filter>
    </ClCompile>
    <ClCompile Include="..\..\grapdrvs\wnt_srfs.c">
      <Filter>Source Files</Filter>
    </ClCompile>
    <ClCompile Include="..\..\grapdrvs\wnt_win.c">
      <Filter>Source Files</Filter>
    </ClCompile>
    <ClCompile Include="..\..\grapdrvs\wntdrvs.c">
      <Filter>Source Files</Filter>
    </ClCompile>
  </ItemGroup>
  <ItemGroup>
    <ClInclude Include="..\..\grapdrvs\cnstcrvs.h">
      <Filter>Header Files</Filter>
    </ClInclude>
    <ClInclude Include="..\..\grapdrvs\editcrvs.h">
      <Filter>Header Files</Filter>
    </ClInclude>
    <ClInclude Include="..\..\grapdrvs\editmanp.h">
      <Filter>Header Files</Filter>
    </ClInclude>
    <ClInclude Include="..\..\grapdrvs\editsrfs.h">
      <Filter>Header Files</Filter>
    </ClInclude>
    <ClInclude Include="..\..\grapdrvs\grap_loc.h">
      <Filter>Header Files</Filter>
    </ClInclude>
    <ClInclude Include="..\..\grapdrvs\magellan.h">
      <Filter>Header Files</Filter>
    </ClInclude>
    <ClInclude Include="..\..\grapdrvs\wntdrvs.h">
      <Filter>Header Files</Filter>
    </ClInclude>
  </ItemGroup>
  <ItemGroup>
    <ResourceCompile Include="..\..\grapdrvs\wntdrvs.rc">
      <Filter>Resource Files</Filter>
    </ResourceCompile>
  </ItemGroup>
</Project>