<?xml version="1.0" encoding="utf-8"?>
<Project ToolsVersion="4.0" xmlns="http://schemas.microsoft.com/developer/msbuild/2003">
  <ItemGroup>
    <Filter Include="Source Files">
      <UniqueIdentifier>{1f7c2fee-d58e-4618-9b4f-57b9a724f2be}</UniqueIdentifier>
      <Extensions>cpp;c;cxx;def;odl;idl;hpj;bat;asm</Extensions>
    </Filter>
    <Filter Include="Header Files">
      <UniqueIdentifier>{95339a2a-09e8-4498-90ce-240e8fa67a41}</UniqueIdentifier>
      <Extensions>h;hpp;hxx;hm;inl;inc</Extensions>
    </Filter>
    <Filter Include="Resource Files">
      <UniqueIdentifier>{c70d8e4a-fbf3-4514-9acb-4838ee93c2ba}</UniqueIdentifier>
      <Extensions>rc;ico;cur;bmp;dlg;rc2;rct;bin;rgs;gif;jpg;jpeg;jpe</Extensions>
    </Filter>
  </ItemGroup>
  <ItemGroup>
    <ClCompile Include="..\..\grapdrvs\cnstcrvs.c">
      <Filter>Source Files</Filter>
    </ClCompile>
    <ClCompile Include="..\..\grapdrvs\draw_obj.c">
      <Filter>Source Files</Filter>
    </ClCompile>
    <ClCompile Include="..\..\grapdrvs\drawaiso.c">
      <Filter>Source Files</Filter>
    </ClCompile>
    <ClCompile Include="..\..\grapdrvs\editcrvs.c">
      <Filter>Source Files</Filter>
    </ClCompile>
    <ClCompile Include="..\..\grapdrvs\editmanp.c">
      <Filter>Source Files</Filter>
    </ClCompile>
    <ClCompile Include="..\..\grapdrvs\editsrfs.c">
      <Filter>Source Files</Filter>
    </ClCompile>
    <ClCompile Include="..\..\grapdrvs\gen_grap.c">
      <Filter>Source Files</Filter>
    </ClCompile>
    <ClCompile Include="..\..\grapdrvs\magellan.c">
      <Filter>Source Files</Filter>
    </ClCompile>
    <ClCompile Include="..\..\grapdrvs\ogl_fbo.c">
      <Filter>Source Files</Filter>
    </ClCompile>
    <ClCompile Include="..\..\grapdrvs\open_gl.c">
      <Filter>Source Files</Filter>
    </ClCompile>
    <ClCompile Include="..\..\grapdrvs\opngl2cg.c">
      <Filter>Source Files</Filter>
    </ClCompile>
    <ClCompile Include="..\..\grapdrvs\opngl_cg.c">
      <Filter>Source Files</Filter>
    </ClCompile>
    <ClCompile Include="..\..\grapdrvs\wnt_anim.c">
      <Filter>Source Files</Filter>
    </ClCompile>
    <ClCompile Include="..\..\grapdrvs\wnt_crvs.c">
      <Filter>Source Files</Filter>
    </ClCompile>
    <ClCompile Include="..\..\grapdrvs\wnt_env.c">
      <Filter>Source Files</Filter>
    </ClCompile>
    <ClCompile Include="..\..\grapdrvs\wnt_manp.c">
      <Filter>Source Files</Filter>
    </ClCompile>
    <ClCompile Include="..\..\grapdrvs\wnt_ogl.c">
      <Filter>Source Files</Filter>
    </ClCompile>
    <ClCompile Include="..\..\grapdrvs\wnt_pick.c">
      <Filter>Source Files</Filter>
    </ClCompile>
    <ClCompile Include="..\..\grapdrvs\wnt_shad.c">
      <Filter>Source Files</Filter>
    </ClCompile>
    <ClCompile Include="..\..\grapdrvs\wnt_srfs.c">
      <Filter>Source Files</Filter>
    </ClCompile>
    <ClCompile Include="..\..\grapdrvs\wntdrvs.c">
      <Filter>Source Files</Filter>
    </ClCompile>
  </ItemGroup>
  <ItemGroup>
    <ClInclude Include="..\..\grapdrvs\cnstcrvs.h">
      <Filter>Header Files</Filter>
    </ClInclude>
    <ClInclude Include="..\..\grapdrvs\editcrvs.h">
      <Filter>Header Files</Filter>
    </ClInclude>
    <ClInclude Include="..\..\grapdrvs\editmanp.h">
      <Filter>Header Files</Filter>
    </ClInclude>
    <ClInclude Include="..\..\grapdrvs\editsrfs.h">
      <Filter>Header Files</Filter>
    </ClInclude>
    <ClInclude Include="..\..\grapdrvs\grap_loc.h">
      <Filter>Header Files</Filter>
    </ClInclude>
    <ClInclude Include="..\..\grapdrvs\magellan.h">
      <Filter>Header Files</Filter>
    </ClInclude>
    <ClInclude Include="..\..\grapdrvs\ogl_fbo.h">
      <Filter>Header Files</Filter>
    </ClInclude>
    <ClInclude Include="..\..\grapdrvs\opngl_cg.h">
      <Filter>Header Files</Filter>
    </ClInclude>
    <ClInclude Include="..\..\grapdrvs\wntdrvs.h">
      <Filter>Header Files</Filter>
    </ClInclude>
  </ItemGroup>
  <ItemGroup>
    <ResourceCompile Include="..\..\grapdrvs\wntdrvs.rc">
      <Filter>Resource Files</Filter>
    </ResourceCompile>
  </ItemGroup>
</Project>