<?xml version="1.0" encoding="utf-8"?>
<Project ToolsVersion="4.0" xmlns="http://schemas.microsoft.com/developer/msbuild/2003">
  <ItemGroup>
    <Filter Include="Source Files">
      <UniqueIdentifier>{d331b48c-8792-45e8-801f-8b1f9f3643c1}</UniqueIdentifier>
      <Extensions>cpp;c;cxx;def;odl;idl;hpj;bat;asm</Extensions>
    </Filter>
    <Filter Include="Header Files">
      <UniqueIdentifier>{887bd32a-8d7c-4f78-b784-390fe22ac151}</UniqueIdentifier>
      <Extensions>h;hpp;hxx;hm;inl;inc</Extensions>
    </Filter>
    <Filter Include="Resource Files">
      <UniqueIdentifier>{8744f77a-de7e-4a0b-a3e9-fb84a0ec0288}</UniqueIdentifier>
      <Extensions>rc;ico;cur;bmp;dlg;rc2;rct;bin;rgs;gif;jpg;jpeg;jpe</Extensions>
    </Filter>
  </ItemGroup>
  <ItemGroup>
    <ClCompile Include="..\..\poly3d-h\out-edge.c">
      <Filter>Source Files</Filter>
    </ClCompile>
    <ClCompile Include="..\..\poly3d-h\poly3d-h.c">
      <Filter>Source Files</Filter>
    </ClCompile>
    <ClCompile Include="..\..\poly3d-h\prepdata.c">
      <Filter>Source Files</Filter>
    </ClCompile>
  </ItemGroup>
  <ItemGroup>
    <ClInclude Include="..\..\poly3d-h\program.h">
      <Filter>Header Files</Filter>
    </ClInclude>
  </ItemGroup>
  <ItemGroup>
    <None Include="..\..\poly3d-h\makefile.ami" />
    <None Include="..\..\poly3d-h\makefile.os2" />
    <None Include="..\..\poly3d-h\makefile.sas" />
    <None Include="..\..\poly3d-h\makefile.unx" />
    <None Include="..\..\poly3d-h\makefile.wnt" />
  </ItemGroup>
</Project>