<?xml version="1.0" encoding="utf-8"?>
<Project ToolsVersion="4.0" xmlns="http://schemas.microsoft.com/developer/msbuild/2003">
  <ItemGroup>
    <Filter Include="Source Files">
      <UniqueIdentifier>{7e632792-7421-4cad-9dbd-3639dace642f}</UniqueIdentifier>
      <Extensions>cpp;c;cxx;def;odl;idl;hpj;bat;asm</Extensions>
    </Filter>
    <Filter Include="Header Files">
      <UniqueIdentifier>{70012ea9-866c-4341-a4a8-698bb52f36de}</UniqueIdentifier>
      <Extensions>h;hpp;hxx;hm;inl;inc</Extensions>
    </Filter>
    <Filter Include="Resource Files">
      <UniqueIdentifier>{4cf5d155-11de-4424-9ef0-633f238348e7}</UniqueIdentifier>
      <Extensions>rc;ico;cur;bmp;dlg;rc2;rct;bin;rgs;gif;jpg;jpeg;jpe</Extensions>
    </Filter>
  </ItemGroup>
  <ItemGroup>
    <ClCompile Include="..\..\prsr_lib\allocate.c">
      <Filter>Source Files</Filter>
    </ClCompile>
    <ClCompile Include="..\..\prsr_lib\attribut.c">
      <Filter>Source Files</Filter>
    </ClCompile>
    <ClCompile Include="..\..\prsr_lib\bsp_read.c">
      <Filter>Source Files</Filter>
    </ClCompile>
    <ClCompile Include="..\..\prsr_lib\bsp_wrt.c">
      <Filter>Source Files</Filter>
    </ClCompile>
    <ClCompile Include="..\..\prsr_lib\bzr_read.c">
      <Filter>Source Files</Filter>
    </ClCompile>
    <ClCompile Include="..\..\prsr_lib\bzr_wrt.c">
      <Filter>Source Files</Filter>
    </ClCompile>
    <ClCompile Include="..\..\prsr_lib\cagd_wrt.c">
      <Filter>Source Files</Filter>
    </ClCompile>
    <ClCompile Include="..\..\prsr_lib\cagdread.c">
      <Filter>Source Files</Filter>
    </ClCompile>
    <ClCompile Include="..\..\prsr_lib\cnv2irit.c">
      <Filter>Source Files</Filter>
    </ClCompile>
    <ClCompile Include="..\..\prsr_lib\coerce.c">
      <Filter>Source Files</Filter>
    </ClCompile>
    <ClCompile Include="..\..\prsr_lib\ff_cnvrt.c">
      <Filter>Source Files</Filter>
    </ClCompile>
    <ClCompile Include="..\..\prsr_lib\igs_irit.c">
      <Filter>Source Files</Filter>
    </ClCompile>
    <ClCompile Include="..\..\prsr_lib\ip_cnvrt.c">
      <Filter>Source Files</Filter>
    </ClCompile>
    <ClCompile Include="..\..\prsr_lib\ip_procs.c">
      <Filter>Source Files</Filter>
    </ClCompile>
    <ClCompile Include="..\..\prsr_lib\irit_cnc.c">
      <Filter>Source Files</Filter>
    </ClCompile>
    <ClCompile Include="..\..\prsr_lib\irit_dxf.c">
      <Filter>Source Files</Filter>
    </ClCompile>
    <ClCompile Include="..\..\prsr_lib\irit_igs.c">
      <Filter>Source Files</Filter>
    </ClCompile>
    <ClCompile Include="..\..\prsr_lib\irit_obj.c">
      <Filter>Source Files</Filter>
    </ClCompile>
    <ClCompile Include="..\..\prsr_lib\irit_stl.c">
      <Filter>Source Files</Filter>
    </ClCompile>
    <ClCompile Include="..\..\prsr_lib\iritprs2.c">
      <Filter>Source Files</Filter>
    </ClCompile>
    <ClCompile Include="..\..\prsr_lib\iritprsb.c">
      <Filter>Source Files</Filter>
    </ClCompile>
    <ClCompile Include="..\..\prsr_lib\iritprsc.c">
      <Filter>Source Files</Filter>
    </ClCompile>
    <ClCompile Include="..\..\prsr_lib\iritprsd.c">
      <Filter>Source Files</Filter>
    </ClCompile>
    <ClCompile Include="..\..\prsr_lib\iritvrml.c">
      <Filter>Source Files</Filter>
    </ClCompile>
    <ClCompile Include="..\..\prsr_lib\iritwcnc.c">
      <Filter>Source Files</Filter>
    </ClCompile>
    <ClCompile Include="..\..\prsr_lib\linklist.c">
      <Filter>Source Files</Filter>
    </ClCompile>
    <ClCompile Include="..\..\prsr_lib\mdl_read.c">
      <Filter>Source Files</Filter>
    </ClCompile>
    <ClCompile Include="..\..\prsr_lib\mdl_wrt.c">
      <Filter>Source Files</Filter>
    </ClCompile>
    <ClCompile Include="..\..\prsr_lib\mvar_wrt.c">
      <Filter>Source Files</Filter>
    </ClCompile>
    <ClCompile Include="..\..\prsr_lib\mvarread.c">
      <Filter>Source Files</Filter>
    </ClCompile>
    <ClCompile Include="..\..\prsr_lib\obj_dpnd.c">
      <Filter>Source Files</Filter>
    </ClCompile>
    <ClCompile Include="..\..\prsr_lib\obj_irit.c">
      <Filter>Source Files</Filter>
    </ClCompile>
    <ClCompile Include="..\..\prsr_lib\objirlst.c">
      <Filter>Source Files</Filter>
    </ClCompile>
    <ClCompile Include="..\..\prsr_lib\prsr_err.c">
      <Filter>Source Files</Filter>
    </ClCompile>
    <ClCompile Include="..\..\prsr_lib\prsr_ftl.c">
      <Filter>Source Files</Filter>
    </ClCompile>
    <ClCompile Include="..\..\prsr_lib\prsrgeom.c">
      <Filter>Source Files</Filter>
    </ClCompile>
    <ClCompile Include="..\..\prsr_lib\sock_aux.c">
      <Filter>Source Files</Filter>
    </ClCompile>
    <ClCompile Include="..\..\prsr_lib\sockets.c">
      <Filter>Source Files</Filter>
    </ClCompile>
    <ClCompile Include="..\..\prsr_lib\stl_irit.c">
      <Filter>Source Files</Filter>
    </ClCompile>
    <ClCompile Include="..\..\prsr_lib\trim_wrt.c">
      <Filter>Source Files</Filter>
    </ClCompile>
    <ClCompile Include="..\..\prsr_lib\trimread.c">
      <Filter>Source Files</Filter>
    </ClCompile>
    <ClCompile Include="..\..\prsr_lib\triv_wrt.c">
      <Filter>Source Files</Filter>
    </ClCompile>
    <ClCompile Include="..\..\prsr_lib\trivread.c">
      <Filter>Source Files</Filter>
    </ClCompile>
    <ClCompile Include="..\..\prsr_lib\trng_wrt.c">
      <Filter>Source Files</Filter>
    </ClCompile>
    <ClCompile Include="..\..\prsr_lib\trngread.c">
      <Filter>Source Files</Filter>
    </ClCompile>
    <ClCompile Include="..\..\prsr_lib\iritprs1.c">
      <Filter>Source Files</Filter>
    </ClCompile>
  </ItemGroup>
  <ItemGroup>
    <ClInclude Include="..\..\include\allocate.h">
      <Filter>Header Files</Filter>
    </ClInclude>
    <ClInclude Include="..\..\include\attribut.h">
      <Filter>Header Files</Filter>
    </ClInclude>
    <ClInclude Include="..\..\include\ip_cnvrt.h">
      <Filter>Header Files</Filter>
    </ClInclude>
    <ClInclude Include="..\..\prsr_lib\ipc_loc.h">
      <Filter>Header Files</Filter>
    </ClInclude>
    <ClInclude Include="..\..\include\iritprsr.h">
      <Filter>Header Files</Filter>
    </ClInclude>
    <ClInclude Include="..\..\include\irt_clr.h">
      <Filter>Header Files</Filter>
    </ClInclude>
    <ClInclude Include="..\..\include\obj_dpnd.h">
      <Filter>Header Files</Filter>
    </ClInclude>
    <ClInclude Include="..\..\prsr_lib\objirlst.h">
      <Filter>Header Files</Filter>
    </ClInclude>
    <ClInclude Include="..\..\prsr_lib\prsr_loc.h">
      <Filter>Header Files</Filter>
    </ClInclude>
  </ItemGroup>
  <ItemGroup>
    <None Include="..\..\prsr_lib\makefile.ami" />
    <None Include="..\..\prsr_lib\makefile.os2" />
    <None Include="..\..\prsr_lib\makefile.sas" />
    <None Include="..\..\prsr_lib\makefile.unx" />
    <None Include="..\..\prsr_lib\makefile.wce" />
    <None Include="..\..\prsr_lib\makefile.wnt" />
  </ItemGroup>
</Project>