Microsoft Visual Studio Solution File, Format Version 10.00
# Visual Studio 2008
Project("{2150E333-8FDC-42A3-9474-1A3956D46DE8}") = "filters", "filters", "{51FFAB37-F933-4A7B-AAEC-D14BB5E46377}"
	ProjectSection(SolutionItems) = preProject
		..\..\filters\makefile.ami = ..\..\filters\makefile.ami
		..\..\filters\makefile.os2 = ..\..\filters\makefile.os2
		..\..\filters\makefile.sas = ..\..\filters\makefile.sas
		..\..\filters\makefile.unx = ..\..\filters\makefile.unx
		..\..\filters\makefile.wnt = ..\..\filters\makefile.wnt
	EndProjectSection
EndProject
Project("{2150E333-8FDC-42A3-9474-1A3956D46DE8}") = "grapdrvs", "grapdrvs", "{6C7A05AB-6759-44F5-8D75-B5F686F44EF2}"
	ProjectSection(SolutionItems) = preProject
		..\..\grapdrvs\makefile.ami = ..\..\grapdrvs\makefile.ami
		..\..\grapdrvs\makefile.os2 = ..\..\grapdrvs\makefile.os2
		..\..\grapdrvs\makefile.sas = ..\..\grapdrvs\makefile.sas
		..\..\grapdrvs\makefile.unx = ..\..\grapdrvs\makefile.unx
		..\..\grapdrvs\makefile.wce = ..\..\grapdrvs\makefile.wce
		..\..\grapdrvs\makefile.wnt = ..\..\grapdrvs\makefile.wnt
	EndProjectSection
EndProject
Project("{2150E333-8FDC-42A3-9474-1A3956D46DE8}") = "aisoshade", "aisoshade", "{FE84D921-4334-4258-B52F-6E2671DE9653}"
	ProjectSection(SolutionItems) = preProject
		..\..\aisoshad\makefile.ami = ..\..\aisoshad\makefile.ami
		..\..\aisoshad\makefile.os2 = ..\..\aisoshad\makefile.os2
		..\..\aisoshad\makefile.sas = ..\..\aisoshad\makefile.sas
		..\..\aisoshad\makefile.unx = ..\..\aisoshad\makefile.unx
		..\..\aisoshad\makefile.wnt = ..\..\aisoshad\makefile.wnt
	EndProjectSection
EndProject
Project("{8BC9CEB8-8B4A-11D0-8D11-00A0C91BC942}") = "cagd_lib", "..\cagd_lib\cagd_lib.vcproj", "{6898F79B-686B-421C-91B4-E0E4BD4EB5E6}"
EndProject
Project("{8BC9CEB8-8B4A-11D0-8D11-00A0C91BC942}") = "geom_lib", "..\geom_lib\geom_lib.vcproj", "{5444A308-93AA-4597-AE35-5174007BCA52}"
EndProject
Project("{8BC9CEB8-8B4A-11D0-8D11-00A0C91BC942}") = "misc_lib", "..\misc_lib\misc_lib.vcproj", "{856D49EA-EBCE-4B49-9DA4-D85627BE0151}"
EndProject
Project("{8BC9CEB8-8B4A-11D0-8D11-00A0C91BC942}") = "mvar_lib", "..\mvar_lib\mvar_lib.vcproj", "{AD302CBD-BFDB-431F-92BC-8668845C8479}"
EndProject
Project("{8BC9CEB8-8B4A-11D0-8D11-00A0C91BC942}") = "prsr_lib", "..\prsr_lib\prsr_lib.vcproj", "{EFC5C6AA-0171-4290-BF55-2D64FC425427}"
EndProject
Project("{8BC9CEB8-8B4A-11D0-8D11-00A0C91BC942}") = "symb_lib", "..\symb_lib\symb_lib.vcproj", "{A5247004-3CCA-429F-A13B-C674229A8B96}"
EndProject
Project("{8BC9CEB8-8B4A-11D0-8D11-00A0C91BC942}") = "trim_lib", "..\trim_lib\trim_lib.vcproj", "{59B43357-D27A-41C0-9A54-99355FCC69B2}"
EndProject
Project("{8BC9CEB8-8B4A-11D0-8D11-00A0C91BC942}") = "triv_lib", "..\triv_lib\triv_lib.vcproj", "{A3AF48C7-F8C5-4919-B964-0448D5334980}"
EndProject
Project("{8BC9CEB8-8B4A-11D0-8D11-00A0C91BC942}") = "trng_lib", "..\trng_lib\trng_lib.vcproj", "{A1429189-EEE4-402F-ACB8-90A8917A8FE9}"
EndProject
Project("{8BC9CEB8-8B4A-11D0-8D11-00A0C91BC942}") = "user_lib", "..\user_lib\user_lib.vcproj", "{32953A2D-2CD1-495A-B814-83D81D71FAD5}"
EndProject
Project("{8BC9CEB8-8B4A-11D0-8D11-00A0C91BC942}") = "xtra_lib", "..\xtra_lib\xtra_lib.vcproj", "{235C017F-DDF6-432A-B641-7DD396B9FF3E}"
EndProject
Project("{8BC9CEB8-8B4A-11D0-8D11-00A0C91BC942}") = "ihidden", "..\ihidden\ihidden.vcproj", "{500EB0B5-486A-431D-A826-95DFA4AAC2AD}"
	ProjectSection(ProjectDependencies) = postProject
		{A5247004-3CCA-429F-A13B-C674229A8B96} = {A5247004-3CCA-429F-A13B-C674229A8B96}
		{5444A308-93AA-4597-AE35-5174007BCA52} = {5444A308-93AA-4597-AE35-5174007BCA52}
		{95C49D13-4DC3-41F4-B0CB-2B7D9FF74383} = {95C49D13-4DC3-41F4-B0CB-2B7D9FF74383}
		{140F2724-8202-4AD8-97CC-669530521878} = {140F2724-8202-4AD8-97CC-669530521878}
		{68E78824-9A1D-4C97-8CA5-A4D2C6F834F3} = {68E78824-9A1D-4C97-8CA5-A4D2C6F834F3}
		{32953A2D-2CD1-495A-B814-83D81D71FAD5} = {32953A2D-2CD1-495A-B814-83D81D71FAD5}
		{7D71AE32-9FEF-48D5-8635-22BA87B0E973} = {7D71AE32-9FEF-48D5-8635-22BA87B0E973}
		{59B43357-D27A-41C0-9A54-99355FCC69B2} = {59B43357-D27A-41C0-9A54-99355FCC69B2}
		{235C017F-DDF6-432A-B641-7DD396B9FF3E} = {235C017F-DDF6-432A-B641-7DD396B9FF3E}
		{A1429189-EEE4-402F-ACB8-90A8917A8FE9} = {A1429189-EEE4-402F-ACB8-90A8917A8FE9}
		{6898F79B-686B-421C-91B4-E0E4BD4EB5E6} = {6898F79B-686B-421C-91B4-E0E4BD4EB5E6}
		{EFC5C6AA-0171-4290-BF55-2D64FC425427} = {EFC5C6AA-0171-4290-BF55-2D64FC425427}
		{AD302CBD-BFDB-431F-92BC-8668845C8479} = {AD302CBD-BFDB-431F-92BC-8668845C8479}
		{A3AF48C7-F8C5-4919-B964-0448D5334980} = {A3AF48C7-F8C5-4919-B964-0448D5334980}
		{856D49EA-EBCE-4B49-9DA4-D85627BE0151} = {856D49EA-EBCE-4B49-9DA4-D85627BE0151}
		{856D49EA-EBCE-4B49-9DA4-D85627BE0151} = {856D49EA-EBCE-4B49-9DA4-D85627BE0151}
		{856D49EA-EBCE-4B49-9DA4-D85627BE0151} = {856D49EA-EBCE-4B49-9DA4-D85627BE0151}
		{856D49EA-EBCE-4B49-9DA4-D85627BE0151} = {856D49EA-EBCE-4B49-9DA4-D85627BE0151}
		{856D49EA-EBCE-4B49-9DA4-D85627BE0151} = {856D49EA-EBCE-4B49-9DA4-D85627BE0151}
		{856D49EA-EBCE-4B49-9DA4-D85627BE0151} = {856D49EA-EBCE-4B49-9DA4-D85627BE0151}
		{856D49EA-EBCE-4B49-9DA4-D85627BE0151} = {856D49EA-EBCE-4B49-9DA4-D85627BE0151}
		{856D49EA-EBCE-4B49-9DA4-D85627BE0151} = {856D49EA-EBCE-4B49-9DA4-D85627BE0151}
		{856D49EA-EBCE-4B49-9DA4-D85627BE0151} = {856D49EA-EBCE-4B49-9DA4-D85627BE0151}
		{856D49EA-EBCE-4B49-9DA4-D85627BE0151} = {856D49EA-EBCE-4B49-9DA4-D85627BE0151}
		{856D49EA-EBCE-4B49-9DA4-D85627BE0151} = {856D49EA-EBCE-4B49-9DA4-D85627BE0151}
		{856D49EA-EBCE-4B49-9DA4-D85627BE0151} = {856D49EA-EBCE-4B49-9DA4-D85627BE0151}
		{856D49EA-EBCE-4B49-9DA4-D85627BE0151} = {856D49EA-EBCE-4B49-9DA4-D85627BE0151}
		{856D49EA-EBCE-4B49-9DA4-D85627BE0151} = {856D49EA-EBCE-4B49-9DA4-D85627BE0151}
		{856D49EA-EBCE-4B49-9DA4-D85627BE0151} = {856D49EA-EBCE-4B49-9DA4-D85627BE0151}
		{C96CABFC-07B5-4DC6-8AD8-F435D8D0D603} = {C96CABFC-07B5-4DC6-8AD8-F435D8D0D603}
	EndProjectSection
EndProject
Project("{8BC9CEB8-8B4A-11D0-8D11-00A0C91BC942}") = "illustrt", "..\illustrt\illustrt.vcproj", "{842F23F1-1547-442E-A386-5F4C3F5CB811}"
	ProjectSection(ProjectDependencies) = postProject
		{A5247004-3CCA-429F-A13B-C674229A8B96} = {A5247004-3CCA-429F-A13B-C674229A8B96}
		{5444A308-93AA-4597-AE35-5174007BCA52} = {5444A308-93AA-4597-AE35-5174007BCA52}
		{95C49D13-4DC3-41F4-B0CB-2B7D9FF74383} = {95C49D13-4DC3-41F4-B0CB-2B7D9FF74383}
		{68E78824-9A1D-4C97-8CA5-A4D2C6F834F3} = {68E78824-9A1D-4C97-8CA5-A4D2C6F834F3}
		{32953A2D-2CD1-495A-B814-83D81D71FAD5} = {32953A2D-2CD1-495A-B814-83D81D71FAD5}
		{7D71AE32-9FEF-48D5-8635-22BA87B0E973} = {7D71AE32-9FEF-48D5-8635-22BA87B0E973}
		{59B43357-D27A-41C0-9A54-99355FCC69B2} = {59B43357-D27A-41C0-9A54-99355FCC69B2}
		{235C017F-DDF6-432A-B641-7DD396B9FF3E} = {235C017F-DDF6-432A-B641-7DD396B9FF3E}
		{A1429189-EEE4-402F-ACB8-90A8917A8FE9} = {A1429189-EEE4-402F-ACB8-90A8917A8FE9}
		{6898F79B-686B-421C-91B4-E0E4BD4EB5E6} = {6898F79B-686B-421C-91B4-E0E4BD4EB5E6}
		{EFC5C6AA-0171-4290-BF55-2D64FC425427} = {EFC5C6AA-0171-4290-BF55-2D64FC425427}
		{AD302CBD-BFDB-431F-92BC-8668845C8479} = {AD302CBD-BFDB-431F-92BC-8668845C8479}
		{A3AF48C7-F8C5-4919-B964-0448D5334980} = {A3AF48C7-F8C5-4919-B964-0448D5334980}
		{856D49EA-EBCE-4B49-9DA4-D85627BE0151} = {856D49EA-EBCE-4B49-9DA4-D85627BE0151}
		{856D49EA-EBCE-4B49-9DA4-D85627BE0151} = {856D49EA-EBCE-4B49-9DA4-D85627BE0151}
		{856D49EA-EBCE-4B49-9DA4-D85627BE0151} = {856D49EA-EBCE-4B49-9DA4-D85627BE0151}
		{C96CABFC-07B5-4DC6-8AD8-F435D8D0D603} = {C96CABFC-07B5-4DC6-8AD8-F435D8D0D603}
	EndProjectSection
EndProject
Project("{8BC9CEB8-8B4A-11D0-8D11-00A0C91BC942}") = "irender", "..\irender\irender.vcproj", "{A4B5F8C4-9767-411F-B827-ACC67D1115CF}"
	ProjectSection(ProjectDependencies) = postProject
		{A5247004-3CCA-429F-A13B-C674229A8B96} = {A5247004-3CCA-429F-A13B-C674229A8B96}
		{5444A308-93AA-4597-AE35-5174007BCA52} = {5444A308-93AA-4597-AE35-5174007BCA52}
		{95C49D13-4DC3-41F4-B0CB-2B7D9FF74383} = {95C49D13-4DC3-41F4-B0CB-2B7D9FF74383}
		{140F2724-8202-4AD8-97CC-669530521878} = {140F2724-8202-4AD8-97CC-669530521878}
		{68E78824-9A1D-4C97-8CA5-A4D2C6F834F3} = {68E78824-9A1D-4C97-8CA5-A4D2C6F834F3}
		{32953A2D-2CD1-495A-B814-83D81D71FAD5} = {32953A2D-2CD1-495A-B814-83D81D71FAD5}
		{7D71AE32-9FEF-48D5-8635-22BA87B0E973} = {7D71AE32-9FEF-48D5-8635-22BA87B0E973}
		{59B43357-D27A-41C0-9A54-99355FCC69B2} = {59B43357-D27A-41C0-9A54-99355FCC69B2}
		{235C017F-DDF6-432A-B641-7DD396B9FF3E} = {235C017F-DDF6-432A-B641-7DD396B9FF3E}
		{A1429189-EEE4-402F-ACB8-90A8917A8FE9} = {A1429189-EEE4-402F-ACB8-90A8917A8FE9}
		{6898F79B-686B-421C-91B4-E0E4BD4EB5E6} = {6898F79B-686B-421C-91B4-E0E4BD4EB5E6}
		{EFC5C6AA-0171-4290-BF55-2D64FC425427} = {EFC5C6AA-0171-4290-BF55-2D64FC425427}
		{AD302CBD-BFDB-431F-92BC-8668845C8479} = {AD302CBD-BFDB-431F-92BC-8668845C8479}
		{A3AF48C7-F8C5-4919-B964-0448D5334980} = {A3AF48C7-F8C5-4919-B964-0448D5334980}
		{856D49EA-EBCE-4B49-9DA4-D85627BE0151} = {856D49EA-EBCE-4B49-9DA4-D85627BE0151}
		{856D49EA-EBCE-4B49-9DA4-D85627BE0151} = {856D49EA-EBCE-4B49-9DA4-D85627BE0151}
		{856D49EA-EBCE-4B49-9DA4-D85627BE0151} = {856D49EA-EBCE-4B49-9DA4-D85627BE0151}
		{856D49EA-EBCE-4B49-9DA4-D85627BE0151} = {856D49EA-EBCE-4B49-9DA4-D85627BE0151}
		{856D49EA-EBCE-4B49-9DA4-D85627BE0151} = {856D49EA-EBCE-4B49-9DA4-D85627BE0151}
		{C96CABFC-07B5-4DC6-8AD8-F435D8D0D603} = {C96CABFC-07B5-4DC6-8AD8-F435D8D0D603}
	EndProjectSection
EndProject
Project("{8BC9CEB8-8B4A-11D0-8D11-00A0C91BC942}") = "irit", "..\irit\irit.vcproj", "{8AF9BDAB-AAF3-4909-B639-AEAFF907F7E7}"
	ProjectSection(ProjectDependencies) = postProject
		{A5247004-3CCA-429F-A13B-C674229A8B96} = {A5247004-3CCA-429F-A13B-C674229A8B96}
		{5444A308-93AA-4597-AE35-5174007BCA52} = {5444A308-93AA-4597-AE35-5174007BCA52}
		{95C49D13-4DC3-41F4-B0CB-2B7D9FF74383} = {95C49D13-4DC3-41F4-B0CB-2B7D9FF74383}
		{140F2724-8202-4AD8-97CC-669530521878} = {140F2724-8202-4AD8-97CC-669530521878}
		{68E78824-9A1D-4C97-8CA5-A4D2C6F834F3} = {68E78824-9A1D-4C97-8CA5-A4D2C6F834F3}
		{32953A2D-2CD1-495A-B814-83D81D71FAD5} = {32953A2D-2CD1-495A-B814-83D81D71FAD5}
		{7D71AE32-9FEF-48D5-8635-22BA87B0E973} = {7D71AE32-9FEF-48D5-8635-22BA87B0E973}
		{59B43357-D27A-41C0-9A54-99355FCC69B2} = {59B43357-D27A-41C0-9A54-99355FCC69B2}
		{235C017F-DDF6-432A-B641-7DD396B9FF3E} = {235C017F-DDF6-432A-B641-7DD396B9FF3E}
		{A1429189-EEE4-402F-ACB8-90A8917A8FE9} = {A1429189-EEE4-402F-ACB8-90A8917A8FE9}
		{6898F79B-686B-421C-91B4-E0E4BD4EB5E6} = {6898F79B-686B-421C-91B4-E0E4BD4EB5E6}
		{EFC5C6AA-0171-4290-BF55-2D64FC425427} = {EFC5C6AA-0171-4290-BF55-2D64FC425427}
		{AD302CBD-BFDB-431F-92BC-8668845C8479} = {AD302CBD-BFDB-431F-92BC-8668845C8479}
		{A3AF48C7-F8C5-4919-B964-0448D5334980} = {A3AF48C7-F8C5-4919-B964-0448D5334980}
		{856D49EA-EBCE-4B49-9DA4-D85627BE0151} = {856D49EA-EBCE-4B49-9DA4-D85627BE0151}
		{856D49EA-EBCE-4B49-9DA4-D85627BE0151} = {856D49EA-EBCE-4B49-9DA4-D85627BE0151}
		{856D49EA-EBCE-4B49-9DA4-D85627BE0151} = {856D49EA-EBCE-4B49-9DA4-D85627BE0151}
		{856D49EA-EBCE-4B49-9DA4-D85627BE0151} = {856D49EA-EBCE-4B49-9DA4-D85627BE0151}
		{856D49EA-EBCE-4B49-9DA4-D85627BE0151} = {856D49EA-EBCE-4B49-9DA4-D85627BE0151}
		{856D49EA-EBCE-4B49-9DA4-D85627BE0151} = {856D49EA-EBCE-4B49-9DA4-D85627BE0151}
		{856D49EA-EBCE-4B49-9DA4-D85627BE0151} = {856D49EA-EBCE-4B49-9DA4-D85627BE0151}
		{856D49EA-EBCE-4B49-9DA4-D85627BE0151} = {856D49EA-EBCE-4B49-9DA4-D85627BE0151}
		{C96CABFC-07B5-4DC6-8AD8-F435D8D0D603} = {C96CABFC-07B5-4DC6-8AD8-F435D8D0D603}
	EndProjectSection
EndProject
Project("{8BC9CEB8-8B4A-11D0-8D11-00A0C91BC942}") = "poly3d-h", "..\poly3d-h\poly3d-h.vcproj", "{14C60890-E73F-4E80-9F4E-E35EAB6C6B95}"
	ProjectSection(ProjectDependencies) = postProject
		{A5247004-3CCA-429F-A13B-C674229A8B96} = {A5247004-3CCA-429F-A13B-C674229A8B96}
		{5444A308-93AA-4597-AE35-5174007BCA52} = {5444A308-93AA-4597-AE35-5174007BCA52}
		{95C49D13-4DC3-41F4-B0CB-2B7D9FF74383} = {95C49D13-4DC3-41F4-B0CB-2B7D9FF74383}
		{68E78824-9A1D-4C97-8CA5-A4D2C6F834F3} = {68E78824-9A1D-4C97-8CA5-A4D2C6F834F3}
		{32953A2D-2CD1-495A-B814-83D81D71FAD5} = {32953A2D-2CD1-495A-B814-83D81D71FAD5}
		{7D71AE32-9FEF-48D5-8635-22BA87B0E973} = {7D71AE32-9FEF-48D5-8635-22BA87B0E973}
		{59B43357-D27A-41C0-9A54-99355FCC69B2} = {59B43357-D27A-41C0-9A54-99355FCC69B2}
		{235C017F-DDF6-432A-B641-7DD396B9FF3E} = {235C017F-DDF6-432A-B641-7DD396B9FF3E}
		{A1429189-EEE4-402F-ACB8-90A8917A8FE9} = {A1429189-EEE4-402F-ACB8-90A8917A8FE9}
		{6898F79B-686B-421C-91B4-E0E4BD4EB5E6} = {6898F79B-686B-421C-91B4-E0E4BD4EB5E6}
		{EFC5C6AA-0171-4290-BF55-2D64FC425427} = {EFC5C6AA-0171-4290-BF55-2D64FC425427}
		{AD302CBD-BFDB-431F-92BC-8668845C8479} = {AD302CBD-BFDB-431F-92BC-8668845C8479}
		{A3AF48C7-F8C5-4919-B964-0448D5334980} = {A3AF48C7-F8C5-4919-B964-0448D5334980}
		{856D49EA-EBCE-4B49-9DA4-D85627BE0151} = {856D49EA-EBCE-4B49-9DA4-D85627BE0151}
		{C96CABFC-07B5-4DC6-8AD8-F435D8D0D603} = {C96CABFC-07B5-4DC6-8AD8-F435D8D0D603}
	EndProjectSection
EndProject
Project("{8BC9CEB8-8B4A-11D0-8D11-00A0C91BC942}") = "rndr_lib", "..\rndr_lib\rndr_lib.vcproj", "{68E78824-9A1D-4C97-8CA5-A4D2C6F834F3}"
EndProject
Project("{8BC9CEB8-8B4A-11D0-8D11-00A0C91BC942}") = "mdl_lib", "..\mdl_lib\mdl_lib.vcproj", "{7D71AE32-9FEF-48D5-8635-22BA87B0E973}"
EndProject
Project("{8BC9CEB8-8B4A-11D0-8D11-00A0C91BC942}") = "test", "..\test\test.vcproj", "{D0F3A3C7-E9F0-47CA-8D70-F0568B8C9EC8}"
EndProject
Project("{8BC9CEB8-8B4A-11D0-8D11-00A0C91BC942}") = "aisoshad", "..\aisoshad\aisoshad.vcproj", "{FA4DD41B-5BC1-4345-810D-168FC45F0FBA}"
	ProjectSection(ProjectDependencies) = postProject
		{A5247004-3CCA-429F-A13B-C674229A8B96} = {A5247004-3CCA-429F-A13B-C674229A8B96}
		{5444A308-93AA-4597-AE35-5174007BCA52} = {5444A308-93AA-4597-AE35-5174007BCA52}
		{95C49D13-4DC3-41F4-B0CB-2B7D9FF74383} = {95C49D13-4DC3-41F4-B0CB-2B7D9FF74383}
		{140F2724-8202-4AD8-97CC-669530521878} = {140F2724-8202-4AD8-97CC-669530521878}
		{68E78824-9A1D-4C97-8CA5-A4D2C6F834F3} = {68E78824-9A1D-4C97-8CA5-A4D2C6F834F3}
		{32953A2D-2CD1-495A-B814-83D81D71FAD5} = {32953A2D-2CD1-495A-B814-83D81D71FAD5}
		{7D71AE32-9FEF-48D5-8635-22BA87B0E973} = {7D71AE32-9FEF-48D5-8635-22BA87B0E973}
		{59B43357-D27A-41C0-9A54-99355FCC69B2} = {59B43357-D27A-41C0-9A54-99355FCC69B2}
		{235C017F-DDF6-432A-B641-7DD396B9FF3E} = {235C017F-DDF6-432A-B641-7DD396B9FF3E}
		{A1429189-EEE4-402F-ACB8-90A8917A8FE9} = {A1429189-EEE4-402F-ACB8-90A8917A8FE9}
		{6898F79B-686B-421C-91B4-E0E4BD4EB5E6} = {6898F79B-686B-421C-91B4-E0E4BD4EB5E6}
		{EFC5C6AA-0171-4290-BF55-2D64FC425427} = {EFC5C6AA-0171-4290-BF55-2D64FC425427}
		{AD302CBD-BFDB-431F-92BC-8668845C8479} = {AD302CBD-BFDB-431F-92BC-8668845C8479}
		{A3AF48C7-F8C5-4919-B964-0448D5334980} = {A3AF48C7-F8C5-4919-B964-0448D5334980}
		{856D49EA-EBCE-4B49-9DA4-D85627BE0151} = {856D49EA-EBCE-4B49-9DA4-D85627BE0151}
		{C96CABFC-07B5-4DC6-8AD8-F435D8D0D603} = {C96CABFC-07B5-4DC6-8AD8-F435D8D0D603}
	EndProjectSection
EndProject
Project("{8BC9CEB8-8B4A-11D0-8D11-00A0C91BC942}") = "extra_files", "..\extra\extra_files.vcproj", "{E426711B-2992-4371-AA76-875FF51DDA29}"
	ProjectSection(ProjectDependencies) = postProject
		{A5247004-3CCA-429F-A13B-C674229A8B96} = {A5247004-3CCA-429F-A13B-C674229A8B96}
		{5444A308-93AA-4597-AE35-5174007BCA52} = {5444A308-93AA-4597-AE35-5174007BCA52}
		{68E78824-9A1D-4C97-8CA5-A4D2C6F834F3} = {68E78824-9A1D-4C97-8CA5-A4D2C6F834F3}
		{32953A2D-2CD1-495A-B814-83D81D71FAD5} = {32953A2D-2CD1-495A-B814-83D81D71FAD5}
		{7D71AE32-9FEF-48D5-8635-22BA87B0E973} = {7D71AE32-9FEF-48D5-8635-22BA87B0E973}
		{59B43357-D27A-41C0-9A54-99355FCC69B2} = {59B43357-D27A-41C0-9A54-99355FCC69B2}
		{235C017F-DDF6-432A-B641-7DD396B9FF3E} = {235C017F-DDF6-432A-B641-7DD396B9FF3E}
		{A1429189-EEE4-402F-ACB8-90A8917A8FE9} = {A1429189-EEE4-402F-ACB8-90A8917A8FE9}
		{6898F79B-686B-421C-91B4-E0E4BD4EB5E6} = {6898F79B-686B-421C-91B4-E0E4BD4EB5E6}
		{EFC5C6AA-0171-4290-BF55-2D64FC425427} = {EFC5C6AA-0171-4290-BF55-2D64FC425427}
		{AD302CBD-BFDB-431F-92BC-8668845C8479} = {AD302CBD-BFDB-431F-92BC-8668845C8479}
		{A3AF48C7-F8C5-4919-B964-0448D5334980} = {A3AF48C7-F8C5-4919-B964-0448D5334980}
		{856D49EA-EBCE-4B49-9DA4-D85627BE0151} = {856D49EA-EBCE-4B49-9DA4-D85627BE0151}
	EndProjectSection
EndProject
Project("{8BC9CEB8-8B4A-11D0-8D11-00A0C91BC942}") = "grap_lib", "..\grap_lib\grap_lib.vcproj", "{95C49D13-4DC3-41F4-B0CB-2B7D9FF74383}"
EndProject
Project("{8BC9CEB8-8B4A-11D0-8D11-00A0C91BC942}") = "include", "..\include\include.vcproj", "{36E2A917-EE7F-42BF-B68C-3EF8A480321F}"
EndProject
Project("{8BC9CEB8-8B4A-11D0-8D11-00A0C91BC942}") = "skeletn1", "..\filters\skeletn1.vcproj", "{D173267B-BC2E-456B-8415-A80A50F861D5}"
	ProjectSection(ProjectDependencies) = postProject
		{A5247004-3CCA-429F-A13B-C674229A8B96} = {A5247004-3CCA-429F-A13B-C674229A8B96}
		{5444A308-93AA-4597-AE35-5174007BCA52} = {5444A308-93AA-4597-AE35-5174007BCA52}
		{95C49D13-4DC3-41F4-B0CB-2B7D9FF74383} = {95C49D13-4DC3-41F4-B0CB-2B7D9FF74383}
		{140F2724-8202-4AD8-97CC-669530521878} = {140F2724-8202-4AD8-97CC-669530521878}
		{C20E6924-1933-48A2-9D9C-B67B166A5931} = {C20E6924-1933-48A2-9D9C-B67B166A5931}
		{68E78824-9A1D-4C97-8CA5-A4D2C6F834F3} = {68E78824-9A1D-4C97-8CA5-A4D2C6F834F3}
		{32953A2D-2CD1-495A-B814-83D81D71FAD5} = {32953A2D-2CD1-495A-B814-83D81D71FAD5}
		{65842E46-6D5A-4882-9C2B-D8A8974C7807} = {65842E46-6D5A-4882-9C2B-D8A8974C7807}
		{59B43357-D27A-41C0-9A54-99355FCC69B2} = {59B43357-D27A-41C0-9A54-99355FCC69B2}
		{235C017F-DDF6-432A-B641-7DD396B9FF3E} = {235C017F-DDF6-432A-B641-7DD396B9FF3E}
		{A1429189-EEE4-402F-ACB8-90A8917A8FE9} = {A1429189-EEE4-402F-ACB8-90A8917A8FE9}
		{6898F79B-686B-421C-91B4-E0E4BD4EB5E6} = {6898F79B-686B-421C-91B4-E0E4BD4EB5E6}
		{EFC5C6AA-0171-4290-BF55-2D64FC425427} = {EFC5C6AA-0171-4290-BF55-2D64FC425427}
		{AD302CBD-BFDB-431F-92BC-8668845C8479} = {AD302CBD-BFDB-431F-92BC-8668845C8479}
		{A3AF48C7-F8C5-4919-B964-0448D5334980} = {A3AF48C7-F8C5-4919-B964-0448D5334980}
		{856D49EA-EBCE-4B49-9DA4-D85627BE0151} = {856D49EA-EBCE-4B49-9DA4-D85627BE0151}
		{C96CABFC-07B5-4DC6-8AD8-F435D8D0D603} = {C96CABFC-07B5-4DC6-8AD8-F435D8D0D603}
	EndProjectSection
EndProject
Project("{8BC9CEB8-8B4A-11D0-8D11-00A0C91BC942}") = "irit2ps", "..\filters\irit2ps.vcproj", "{373C1161-C2AD-429A-973D-D01CC1791B6B}"
	ProjectSection(ProjectDependencies) = postProject
		{A5247004-3CCA-429F-A13B-C674229A8B96} = {A5247004-3CCA-429F-A13B-C674229A8B96}
		{5444A308-93AA-4597-AE35-5174007BCA52} = {5444A308-93AA-4597-AE35-5174007BCA52}
		{95C49D13-4DC3-41F4-B0CB-2B7D9FF74383} = {95C49D13-4DC3-41F4-B0CB-2B7D9FF74383}
		{140F2724-8202-4AD8-97CC-669530521878} = {140F2724-8202-4AD8-97CC-669530521878}
		{68E78824-9A1D-4C97-8CA5-A4D2C6F834F3} = {68E78824-9A1D-4C97-8CA5-A4D2C6F834F3}
		{32953A2D-2CD1-495A-B814-83D81D71FAD5} = {32953A2D-2CD1-495A-B814-83D81D71FAD5}
		{7D71AE32-9FEF-48D5-8635-22BA87B0E973} = {7D71AE32-9FEF-48D5-8635-22BA87B0E973}
		{BB844B45-299A-4C4A-BD2D-2923A86C68B2} = {BB844B45-299A-4C4A-BD2D-2923A86C68B2}
		{59B43357-D27A-41C0-9A54-99355FCC69B2} = {59B43357-D27A-41C0-9A54-99355FCC69B2}
		{235C017F-DDF6-432A-B641-7DD396B9FF3E} = {235C017F-DDF6-432A-B641-7DD396B9FF3E}
		{A1429189-EEE4-402F-ACB8-90A8917A8FE9} = {A1429189-EEE4-402F-ACB8-90A8917A8FE9}
		{6898F79B-686B-421C-91B4-E0E4BD4EB5E6} = {6898F79B-686B-421C-91B4-E0E4BD4EB5E6}
		{EFC5C6AA-0171-4290-BF55-2D64FC425427} = {EFC5C6AA-0171-4290-BF55-2D64FC425427}
		{AD302CBD-BFDB-431F-92BC-8668845C8479} = {AD302CBD-BFDB-431F-92BC-8668845C8479}
		{A3AF48C7-F8C5-4919-B964-0448D5334980} = {A3AF48C7-F8C5-4919-B964-0448D5334980}
		{856D49EA-EBCE-4B49-9DA4-D85627BE0151} = {856D49EA-EBCE-4B49-9DA4-D85627BE0151}
		{C96CABFC-07B5-4DC6-8AD8-F435D8D0D603} = {C96CABFC-07B5-4DC6-8AD8-F435D8D0D603}
	EndProjectSection
EndProject
Project("{8BC9CEB8-8B4A-11D0-8D11-00A0C91BC942}") = "3ds2irit", "..\filters\3ds2irit.vcproj", "{DDBB4DFC-288E-4DB7-AADF-7331D580F2B3}"
	ProjectSection(ProjectDependencies) = postProject
		{A5247004-3CCA-429F-A13B-C674229A8B96} = {A5247004-3CCA-429F-A13B-C674229A8B96}
		{5444A308-93AA-4597-AE35-5174007BCA52} = {5444A308-93AA-4597-AE35-5174007BCA52}
		{95C49D13-4DC3-41F4-B0CB-2B7D9FF74383} = {95C49D13-4DC3-41F4-B0CB-2B7D9FF74383}
		{140F2724-8202-4AD8-97CC-669530521878} = {140F2724-8202-4AD8-97CC-669530521878}
		{68E78824-9A1D-4C97-8CA5-A4D2C6F834F3} = {68E78824-9A1D-4C97-8CA5-A4D2C6F834F3}
		{32953A2D-2CD1-495A-B814-83D81D71FAD5} = {32953A2D-2CD1-495A-B814-83D81D71FAD5}
		{7D71AE32-9FEF-48D5-8635-22BA87B0E973} = {7D71AE32-9FEF-48D5-8635-22BA87B0E973}
		{59B43357-D27A-41C0-9A54-99355FCC69B2} = {59B43357-D27A-41C0-9A54-99355FCC69B2}
		{235C017F-DDF6-432A-B641-7DD396B9FF3E} = {235C017F-DDF6-432A-B641-7DD396B9FF3E}
		{A1429189-EEE4-402F-ACB8-90A8917A8FE9} = {A1429189-EEE4-402F-ACB8-90A8917A8FE9}
		{6898F79B-686B-421C-91B4-E0E4BD4EB5E6} = {6898F79B-686B-421C-91B4-E0E4BD4EB5E6}
		{EFC5C6AA-0171-4290-BF55-2D64FC425427} = {EFC5C6AA-0171-4290-BF55-2D64FC425427}
		{AD302CBD-BFDB-431F-92BC-8668845C8479} = {AD302CBD-BFDB-431F-92BC-8668845C8479}
		{A3AF48C7-F8C5-4919-B964-0448D5334980} = {A3AF48C7-F8C5-4919-B964-0448D5334980}
		{856D49EA-EBCE-4B49-9DA4-D85627BE0151} = {856D49EA-EBCE-4B49-9DA4-D85627BE0151}
		{C96CABFC-07B5-4DC6-8AD8-F435D8D0D603} = {C96CABFC-07B5-4DC6-8AD8-F435D8D0D603}
	EndProjectSection
EndProject
Project("{8BC9CEB8-8B4A-11D0-8D11-00A0C91BC942}") = "dat2bin", "..\filters\dat2bin.vcproj", "{E54FCBCC-FED2-4BF4-B481-C9775BF84114}"
	ProjectSection(ProjectDependencies) = postProject
		{A5247004-3CCA-429F-A13B-C674229A8B96} = {A5247004-3CCA-429F-A13B-C674229A8B96}
		{5444A308-93AA-4597-AE35-5174007BCA52} = {5444A308-93AA-4597-AE35-5174007BCA52}
		{95C49D13-4DC3-41F4-B0CB-2B7D9FF74383} = {95C49D13-4DC3-41F4-B0CB-2B7D9FF74383}
		{68E78824-9A1D-4C97-8CA5-A4D2C6F834F3} = {68E78824-9A1D-4C97-8CA5-A4D2C6F834F3}
		{7D71AE32-9FEF-48D5-8635-22BA87B0E973} = {7D71AE32-9FEF-48D5-8635-22BA87B0E973}
		{59B43357-D27A-41C0-9A54-99355FCC69B2} = {59B43357-D27A-41C0-9A54-99355FCC69B2}
		{235C017F-DDF6-432A-B641-7DD396B9FF3E} = {235C017F-DDF6-432A-B641-7DD396B9FF3E}
		{A1429189-EEE4-402F-ACB8-90A8917A8FE9} = {A1429189-EEE4-402F-ACB8-90A8917A8FE9}
		{6898F79B-686B-421C-91B4-E0E4BD4EB5E6} = {6898F79B-686B-421C-91B4-E0E4BD4EB5E6}
		{EFC5C6AA-0171-4290-BF55-2D64FC425427} = {EFC5C6AA-0171-4290-BF55-2D64FC425427}
		{AD302CBD-BFDB-431F-92BC-8668845C8479} = {AD302CBD-BFDB-431F-92BC-8668845C8479}
		{A3AF48C7-F8C5-4919-B964-0448D5334980} = {A3AF48C7-F8C5-4919-B964-0448D5334980}
		{856D49EA-EBCE-4B49-9DA4-D85627BE0151} = {856D49EA-EBCE-4B49-9DA4-D85627BE0151}
		{DDBB4DFC-288E-4DB7-AADF-7331D580F2B3} = {DDBB4DFC-288E-4DB7-AADF-7331D580F2B3}
		{C96CABFC-07B5-4DC6-8AD8-F435D8D0D603} = {C96CABFC-07B5-4DC6-8AD8-F435D8D0D603}
	EndProjectSection
EndProject
Project("{8BC9CEB8-8B4A-11D0-8D11-00A0C91BC942}") = "dat2irit", "..\filters\dat2irit.vcproj", "{E7CECD1C-55F9-435C-89BA-63EC93D3468A}"
	ProjectSection(ProjectDependencies) = postProject
		{A5247004-3CCA-429F-A13B-C674229A8B96} = {A5247004-3CCA-429F-A13B-C674229A8B96}
		{5444A308-93AA-4597-AE35-5174007BCA52} = {5444A308-93AA-4597-AE35-5174007BCA52}
		{95C49D13-4DC3-41F4-B0CB-2B7D9FF74383} = {95C49D13-4DC3-41F4-B0CB-2B7D9FF74383}
		{68E78824-9A1D-4C97-8CA5-A4D2C6F834F3} = {68E78824-9A1D-4C97-8CA5-A4D2C6F834F3}
		{32953A2D-2CD1-495A-B814-83D81D71FAD5} = {32953A2D-2CD1-495A-B814-83D81D71FAD5}
		{7D71AE32-9FEF-48D5-8635-22BA87B0E973} = {7D71AE32-9FEF-48D5-8635-22BA87B0E973}
		{59B43357-D27A-41C0-9A54-99355FCC69B2} = {59B43357-D27A-41C0-9A54-99355FCC69B2}
		{235C017F-DDF6-432A-B641-7DD396B9FF3E} = {235C017F-DDF6-432A-B641-7DD396B9FF3E}
		{A1429189-EEE4-402F-ACB8-90A8917A8FE9} = {A1429189-EEE4-402F-ACB8-90A8917A8FE9}
		{6898F79B-686B-421C-91B4-E0E4BD4EB5E6} = {6898F79B-686B-421C-91B4-E0E4BD4EB5E6}
		{EFC5C6AA-0171-4290-BF55-2D64FC425427} = {EFC5C6AA-0171-4290-BF55-2D64FC425427}
		{AD302CBD-BFDB-431F-92BC-8668845C8479} = {AD302CBD-BFDB-431F-92BC-8668845C8479}
		{A3AF48C7-F8C5-4919-B964-0448D5334980} = {A3AF48C7-F8C5-4919-B964-0448D5334980}
		{E54FCBCC-FED2-4BF4-B481-C9775BF84114} = {E54FCBCC-FED2-4BF4-B481-C9775BF84114}
		{856D49EA-EBCE-4B49-9DA4-D85627BE0151} = {856D49EA-EBCE-4B49-9DA4-D85627BE0151}
		{C96CABFC-07B5-4DC6-8AD8-F435D8D0D603} = {C96CABFC-07B5-4DC6-8AD8-F435D8D0D603}
	EndProjectSection
EndProject
Project("{8BC9CEB8-8B4A-11D0-8D11-00A0C91BC942}") = "dxf2irit", "..\filters\dxf2irit.vcproj", "{3A136DE3-743A-46FF-AB92-60B844E2F36B}"
	ProjectSection(ProjectDependencies) = postProject
		{A5247004-3CCA-429F-A13B-C674229A8B96} = {A5247004-3CCA-429F-A13B-C674229A8B96}
		{5444A308-93AA-4597-AE35-5174007BCA52} = {5444A308-93AA-4597-AE35-5174007BCA52}
		{95C49D13-4DC3-41F4-B0CB-2B7D9FF74383} = {95C49D13-4DC3-41F4-B0CB-2B7D9FF74383}
		{E7CECD1C-55F9-435C-89BA-63EC93D3468A} = {E7CECD1C-55F9-435C-89BA-63EC93D3468A}
		{140F2724-8202-4AD8-97CC-669530521878} = {140F2724-8202-4AD8-97CC-669530521878}
		{68E78824-9A1D-4C97-8CA5-A4D2C6F834F3} = {68E78824-9A1D-4C97-8CA5-A4D2C6F834F3}
		{32953A2D-2CD1-495A-B814-83D81D71FAD5} = {32953A2D-2CD1-495A-B814-83D81D71FAD5}
		{7D71AE32-9FEF-48D5-8635-22BA87B0E973} = {7D71AE32-9FEF-48D5-8635-22BA87B0E973}
		{59B43357-D27A-41C0-9A54-99355FCC69B2} = {59B43357-D27A-41C0-9A54-99355FCC69B2}
		{235C017F-DDF6-432A-B641-7DD396B9FF3E} = {235C017F-DDF6-432A-B641-7DD396B9FF3E}
		{A1429189-EEE4-402F-ACB8-90A8917A8FE9} = {A1429189-EEE4-402F-ACB8-90A8917A8FE9}
		{6898F79B-686B-421C-91B4-E0E4BD4EB5E6} = {6898F79B-686B-421C-91B4-E0E4BD4EB5E6}
		{EFC5C6AA-0171-4290-BF55-2D64FC425427} = {EFC5C6AA-0171-4290-BF55-2D64FC425427}
		{AD302CBD-BFDB-431F-92BC-8668845C8479} = {AD302CBD-BFDB-431F-92BC-8668845C8479}
		{A3AF48C7-F8C5-4919-B964-0448D5334980} = {A3AF48C7-F8C5-4919-B964-0448D5334980}
		{856D49EA-EBCE-4B49-9DA4-D85627BE0151} = {856D49EA-EBCE-4B49-9DA4-D85627BE0151}
		{C96CABFC-07B5-4DC6-8AD8-F435D8D0D603} = {C96CABFC-07B5-4DC6-8AD8-F435D8D0D603}
	EndProjectSection
EndProject
Project("{8BC9CEB8-8B4A-11D0-8D11-00A0C91BC942}") = "igs2irit", "..\filters\igs2irit.vcproj", "{FB022BBC-B040-4C4E-AE58-872EEC897629}"
	ProjectSection(ProjectDependencies) = postProject
		{A5247004-3CCA-429F-A13B-C674229A8B96} = {A5247004-3CCA-429F-A13B-C674229A8B96}
		{5444A308-93AA-4597-AE35-5174007BCA52} = {5444A308-93AA-4597-AE35-5174007BCA52}
		{95C49D13-4DC3-41F4-B0CB-2B7D9FF74383} = {95C49D13-4DC3-41F4-B0CB-2B7D9FF74383}
		{140F2724-8202-4AD8-97CC-669530521878} = {140F2724-8202-4AD8-97CC-669530521878}
		{68E78824-9A1D-4C97-8CA5-A4D2C6F834F3} = {68E78824-9A1D-4C97-8CA5-A4D2C6F834F3}
		{32953A2D-2CD1-495A-B814-83D81D71FAD5} = {32953A2D-2CD1-495A-B814-83D81D71FAD5}
		{7D71AE32-9FEF-48D5-8635-22BA87B0E973} = {7D71AE32-9FEF-48D5-8635-22BA87B0E973}
		{59B43357-D27A-41C0-9A54-99355FCC69B2} = {59B43357-D27A-41C0-9A54-99355FCC69B2}
		{235C017F-DDF6-432A-B641-7DD396B9FF3E} = {235C017F-DDF6-432A-B641-7DD396B9FF3E}
		{A1429189-EEE4-402F-ACB8-90A8917A8FE9} = {A1429189-EEE4-402F-ACB8-90A8917A8FE9}
		{6898F79B-686B-421C-91B4-E0E4BD4EB5E6} = {6898F79B-686B-421C-91B4-E0E4BD4EB5E6}
		{EFC5C6AA-0171-4290-BF55-2D64FC425427} = {EFC5C6AA-0171-4290-BF55-2D64FC425427}
		{AD302CBD-BFDB-431F-92BC-8668845C8479} = {AD302CBD-BFDB-431F-92BC-8668845C8479}
		{A3AF48C7-F8C5-4919-B964-0448D5334980} = {A3AF48C7-F8C5-4919-B964-0448D5334980}
		{3A136DE3-743A-46FF-AB92-60B844E2F36B} = {3A136DE3-743A-46FF-AB92-60B844E2F36B}
		{856D49EA-EBCE-4B49-9DA4-D85627BE0151} = {856D49EA-EBCE-4B49-9DA4-D85627BE0151}
		{C96CABFC-07B5-4DC6-8AD8-F435D8D0D603} = {C96CABFC-07B5-4DC6-8AD8-F435D8D0D603}
	EndProjectSection
EndProject
Project("{8BC9CEB8-8B4A-11D0-8D11-00A0C91BC942}") = "irit2dxf", "..\filters\irit2dxf.vcproj", "{7C573F66-8F5A-4F4A-86C0-C3A839759E61}"
	ProjectSection(ProjectDependencies) = postProject
		{A5247004-3CCA-429F-A13B-C674229A8B96} = {A5247004-3CCA-429F-A13B-C674229A8B96}
		{5444A308-93AA-4597-AE35-5174007BCA52} = {5444A308-93AA-4597-AE35-5174007BCA52}
		{95C49D13-4DC3-41F4-B0CB-2B7D9FF74383} = {95C49D13-4DC3-41F4-B0CB-2B7D9FF74383}
		{68E78824-9A1D-4C97-8CA5-A4D2C6F834F3} = {68E78824-9A1D-4C97-8CA5-A4D2C6F834F3}
		{32953A2D-2CD1-495A-B814-83D81D71FAD5} = {32953A2D-2CD1-495A-B814-83D81D71FAD5}
		{7D71AE32-9FEF-48D5-8635-22BA87B0E973} = {7D71AE32-9FEF-48D5-8635-22BA87B0E973}
		{59B43357-D27A-41C0-9A54-99355FCC69B2} = {59B43357-D27A-41C0-9A54-99355FCC69B2}
		{235C017F-DDF6-432A-B641-7DD396B9FF3E} = {235C017F-DDF6-432A-B641-7DD396B9FF3E}
		{A1429189-EEE4-402F-ACB8-90A8917A8FE9} = {A1429189-EEE4-402F-ACB8-90A8917A8FE9}
		{6898F79B-686B-421C-91B4-E0E4BD4EB5E6} = {6898F79B-686B-421C-91B4-E0E4BD4EB5E6}
		{EFC5C6AA-0171-4290-BF55-2D64FC425427} = {EFC5C6AA-0171-4290-BF55-2D64FC425427}
		{FB022BBC-B040-4C4E-AE58-872EEC897629} = {FB022BBC-B040-4C4E-AE58-872EEC897629}
		{AD302CBD-BFDB-431F-92BC-8668845C8479} = {AD302CBD-BFDB-431F-92BC-8668845C8479}
		{A3AF48C7-F8C5-4919-B964-0448D5334980} = {A3AF48C7-F8C5-4919-B964-0448D5334980}
		{856D49EA-EBCE-4B49-9DA4-D85627BE0151} = {856D49EA-EBCE-4B49-9DA4-D85627BE0151}
		{C96CABFC-07B5-4DC6-8AD8-F435D8D0D603} = {C96CABFC-07B5-4DC6-8AD8-F435D8D0D603}
	EndProjectSection
EndProject
Project("{8BC9CEB8-8B4A-11D0-8D11-00A0C91BC942}") = "irit2hgl", "..\filters\irit2hgl.vcproj", "{A5A08434-E415-45EF-9DAB-E7B2EF66871D}"
	ProjectSection(ProjectDependencies) = postProject
		{A5247004-3CCA-429F-A13B-C674229A8B96} = {A5247004-3CCA-429F-A13B-C674229A8B96}
		{5444A308-93AA-4597-AE35-5174007BCA52} = {5444A308-93AA-4597-AE35-5174007BCA52}
		{95C49D13-4DC3-41F4-B0CB-2B7D9FF74383} = {95C49D13-4DC3-41F4-B0CB-2B7D9FF74383}
		{140F2724-8202-4AD8-97CC-669530521878} = {140F2724-8202-4AD8-97CC-669530521878}
		{68E78824-9A1D-4C97-8CA5-A4D2C6F834F3} = {68E78824-9A1D-4C97-8CA5-A4D2C6F834F3}
		{32953A2D-2CD1-495A-B814-83D81D71FAD5} = {32953A2D-2CD1-495A-B814-83D81D71FAD5}
		{7D71AE32-9FEF-48D5-8635-22BA87B0E973} = {7D71AE32-9FEF-48D5-8635-22BA87B0E973}
		{59B43357-D27A-41C0-9A54-99355FCC69B2} = {59B43357-D27A-41C0-9A54-99355FCC69B2}
		{7C573F66-8F5A-4F4A-86C0-C3A839759E61} = {7C573F66-8F5A-4F4A-86C0-C3A839759E61}
		{235C017F-DDF6-432A-B641-7DD396B9FF3E} = {235C017F-DDF6-432A-B641-7DD396B9FF3E}
		{A1429189-EEE4-402F-ACB8-90A8917A8FE9} = {A1429189-EEE4-402F-ACB8-90A8917A8FE9}
		{6898F79B-686B-421C-91B4-E0E4BD4EB5E6} = {6898F79B-686B-421C-91B4-E0E4BD4EB5E6}
		{EFC5C6AA-0171-4290-BF55-2D64FC425427} = {EFC5C6AA-0171-4290-BF55-2D64FC425427}
		{AD302CBD-BFDB-431F-92BC-8668845C8479} = {AD302CBD-BFDB-431F-92BC-8668845C8479}
		{A3AF48C7-F8C5-4919-B964-0448D5334980} = {A3AF48C7-F8C5-4919-B964-0448D5334980}
		{856D49EA-EBCE-4B49-9DA4-D85627BE0151} = {856D49EA-EBCE-4B49-9DA4-D85627BE0151}
		{C96CABFC-07B5-4DC6-8AD8-F435D8D0D603} = {C96CABFC-07B5-4DC6-8AD8-F435D8D0D603}
	EndProjectSection
EndProject
Project("{8BC9CEB8-8B4A-11D0-8D11-00A0C91BC942}") = "irit2igs", "..\filters\irit2igs.vcproj", "{A42BFCAE-18A4-4BCB-B7F4-0CE795E5E75E}"
	ProjectSection(ProjectDependencies) = postProject
		{A5247004-3CCA-429F-A13B-C674229A8B96} = {A5247004-3CCA-429F-A13B-C674229A8B96}
		{5444A308-93AA-4597-AE35-5174007BCA52} = {5444A308-93AA-4597-AE35-5174007BCA52}
		{95C49D13-4DC3-41F4-B0CB-2B7D9FF74383} = {95C49D13-4DC3-41F4-B0CB-2B7D9FF74383}
		{68E78824-9A1D-4C97-8CA5-A4D2C6F834F3} = {68E78824-9A1D-4C97-8CA5-A4D2C6F834F3}
		{32953A2D-2CD1-495A-B814-83D81D71FAD5} = {32953A2D-2CD1-495A-B814-83D81D71FAD5}
		{7D71AE32-9FEF-48D5-8635-22BA87B0E973} = {7D71AE32-9FEF-48D5-8635-22BA87B0E973}
		{A5A08434-E415-45EF-9DAB-E7B2EF66871D} = {A5A08434-E415-45EF-9DAB-E7B2EF66871D}
		{59B43357-D27A-41C0-9A54-99355FCC69B2} = {59B43357-D27A-41C0-9A54-99355FCC69B2}
		{235C017F-DDF6-432A-B641-7DD396B9FF3E} = {235C017F-DDF6-432A-B641-7DD396B9FF3E}
		{A1429189-EEE4-402F-ACB8-90A8917A8FE9} = {A1429189-EEE4-402F-ACB8-90A8917A8FE9}
		{6898F79B-686B-421C-91B4-E0E4BD4EB5E6} = {6898F79B-686B-421C-91B4-E0E4BD4EB5E6}
		{EFC5C6AA-0171-4290-BF55-2D64FC425427} = {EFC5C6AA-0171-4290-BF55-2D64FC425427}
		{AD302CBD-BFDB-431F-92BC-8668845C8479} = {AD302CBD-BFDB-431F-92BC-8668845C8479}
		{A3AF48C7-F8C5-4919-B964-0448D5334980} = {A3AF48C7-F8C5-4919-B964-0448D5334980}
		{856D49EA-EBCE-4B49-9DA4-D85627BE0151} = {856D49EA-EBCE-4B49-9DA4-D85627BE0151}
		{C96CABFC-07B5-4DC6-8AD8-F435D8D0D603} = {C96CABFC-07B5-4DC6-8AD8-F435D8D0D603}
	EndProjectSection
EndProject
Project("{8BC9CEB8-8B4A-11D0-8D11-00A0C91BC942}") = "irit2iv", "..\filters\irit2iv.vcproj", "{8BF240E8-59EF-4E46-8F23-0DD4CEA8AFEB}"
	ProjectSection(ProjectDependencies) = postProject
		{A5247004-3CCA-429F-A13B-C674229A8B96} = {A5247004-3CCA-429F-A13B-C674229A8B96}
		{5444A308-93AA-4597-AE35-5174007BCA52} = {5444A308-93AA-4597-AE35-5174007BCA52}
		{95C49D13-4DC3-41F4-B0CB-2B7D9FF74383} = {95C49D13-4DC3-41F4-B0CB-2B7D9FF74383}
		{68E78824-9A1D-4C97-8CA5-A4D2C6F834F3} = {68E78824-9A1D-4C97-8CA5-A4D2C6F834F3}
		{32953A2D-2CD1-495A-B814-83D81D71FAD5} = {32953A2D-2CD1-495A-B814-83D81D71FAD5}
		{7D71AE32-9FEF-48D5-8635-22BA87B0E973} = {7D71AE32-9FEF-48D5-8635-22BA87B0E973}
		{59B43357-D27A-41C0-9A54-99355FCC69B2} = {59B43357-D27A-41C0-9A54-99355FCC69B2}
		{235C017F-DDF6-432A-B641-7DD396B9FF3E} = {235C017F-DDF6-432A-B641-7DD396B9FF3E}
		{A1429189-EEE4-402F-ACB8-90A8917A8FE9} = {A1429189-EEE4-402F-ACB8-90A8917A8FE9}
		{6898F79B-686B-421C-91B4-E0E4BD4EB5E6} = {6898F79B-686B-421C-91B4-E0E4BD4EB5E6}
		{EFC5C6AA-0171-4290-BF55-2D64FC425427} = {EFC5C6AA-0171-4290-BF55-2D64FC425427}
		{A42BFCAE-18A4-4BCB-B7F4-0CE795E5E75E} = {A42BFCAE-18A4-4BCB-B7F4-0CE795E5E75E}
		{AD302CBD-BFDB-431F-92BC-8668845C8479} = {AD302CBD-BFDB-431F-92BC-8668845C8479}
		{A3AF48C7-F8C5-4919-B964-0448D5334980} = {A3AF48C7-F8C5-4919-B964-0448D5334980}
		{856D49EA-EBCE-4B49-9DA4-D85627BE0151} = {856D49EA-EBCE-4B49-9DA4-D85627BE0151}
		{C96CABFC-07B5-4DC6-8AD8-F435D8D0D603} = {C96CABFC-07B5-4DC6-8AD8-F435D8D0D603}
	EndProjectSection
EndProject
Project("{8BC9CEB8-8B4A-11D0-8D11-00A0C91BC942}") = "irit2nff", "..\filters\irit2nff.vcproj", "{CECD4F45-A492-4D89-9B67-DFE649DE9139}"
	ProjectSection(ProjectDependencies) = postProject
		{A5247004-3CCA-429F-A13B-C674229A8B96} = {A5247004-3CCA-429F-A13B-C674229A8B96}
		{5444A308-93AA-4597-AE35-5174007BCA52} = {5444A308-93AA-4597-AE35-5174007BCA52}
		{95C49D13-4DC3-41F4-B0CB-2B7D9FF74383} = {95C49D13-4DC3-41F4-B0CB-2B7D9FF74383}
		{68E78824-9A1D-4C97-8CA5-A4D2C6F834F3} = {68E78824-9A1D-4C97-8CA5-A4D2C6F834F3}
		{32953A2D-2CD1-495A-B814-83D81D71FAD5} = {32953A2D-2CD1-495A-B814-83D81D71FAD5}
		{7D71AE32-9FEF-48D5-8635-22BA87B0E973} = {7D71AE32-9FEF-48D5-8635-22BA87B0E973}
		{59B43357-D27A-41C0-9A54-99355FCC69B2} = {59B43357-D27A-41C0-9A54-99355FCC69B2}
		{235C017F-DDF6-432A-B641-7DD396B9FF3E} = {235C017F-DDF6-432A-B641-7DD396B9FF3E}
		{A1429189-EEE4-402F-ACB8-90A8917A8FE9} = {A1429189-EEE4-402F-ACB8-90A8917A8FE9}
		{EFC5C6AA-0171-4290-BF55-2D64FC425427} = {EFC5C6AA-0171-4290-BF55-2D64FC425427}
		{AD302CBD-BFDB-431F-92BC-8668845C8479} = {AD302CBD-BFDB-431F-92BC-8668845C8479}
		{A3AF48C7-F8C5-4919-B964-0448D5334980} = {A3AF48C7-F8C5-4919-B964-0448D5334980}
		{8BF240E8-59EF-4E46-8F23-0DD4CEA8AFEB} = {8BF240E8-59EF-4E46-8F23-0DD4CEA8AFEB}
		{856D49EA-EBCE-4B49-9DA4-D85627BE0151} = {856D49EA-EBCE-4B49-9DA4-D85627BE0151}
		{C96CABFC-07B5-4DC6-8AD8-F435D8D0D603} = {C96CABFC-07B5-4DC6-8AD8-F435D8D0D603}
	EndProjectSection
EndProject
Project("{8BC9CEB8-8B4A-11D0-8D11-00A0C91BC942}") = "irit2off", "..\filters\irit2off.vcproj", "{E758D93A-2983-43BA-A547-3890B546969A}"
	ProjectSection(ProjectDependencies) = postProject
		{A5247004-3CCA-429F-A13B-C674229A8B96} = {A5247004-3CCA-429F-A13B-C674229A8B96}
		{5444A308-93AA-4597-AE35-5174007BCA52} = {5444A308-93AA-4597-AE35-5174007BCA52}
		{95C49D13-4DC3-41F4-B0CB-2B7D9FF74383} = {95C49D13-4DC3-41F4-B0CB-2B7D9FF74383}
		{68E78824-9A1D-4C97-8CA5-A4D2C6F834F3} = {68E78824-9A1D-4C97-8CA5-A4D2C6F834F3}
		{32953A2D-2CD1-495A-B814-83D81D71FAD5} = {32953A2D-2CD1-495A-B814-83D81D71FAD5}
		{7D71AE32-9FEF-48D5-8635-22BA87B0E973} = {7D71AE32-9FEF-48D5-8635-22BA87B0E973}
		{CECD4F45-A492-4D89-9B67-DFE649DE9139} = {CECD4F45-A492-4D89-9B67-DFE649DE9139}
		{59B43357-D27A-41C0-9A54-99355FCC69B2} = {59B43357-D27A-41C0-9A54-99355FCC69B2}
		{235C017F-DDF6-432A-B641-7DD396B9FF3E} = {235C017F-DDF6-432A-B641-7DD396B9FF3E}
		{A1429189-EEE4-402F-ACB8-90A8917A8FE9} = {A1429189-EEE4-402F-ACB8-90A8917A8FE9}
		{6898F79B-686B-421C-91B4-E0E4BD4EB5E6} = {6898F79B-686B-421C-91B4-E0E4BD4EB5E6}
		{EFC5C6AA-0171-4290-BF55-2D64FC425427} = {EFC5C6AA-0171-4290-BF55-2D64FC425427}
		{AD302CBD-BFDB-431F-92BC-8668845C8479} = {AD302CBD-BFDB-431F-92BC-8668845C8479}
		{A3AF48C7-F8C5-4919-B964-0448D5334980} = {A3AF48C7-F8C5-4919-B964-0448D5334980}
		{856D49EA-EBCE-4B49-9DA4-D85627BE0151} = {856D49EA-EBCE-4B49-9DA4-D85627BE0151}
		{C96CABFC-07B5-4DC6-8AD8-F435D8D0D603} = {C96CABFC-07B5-4DC6-8AD8-F435D8D0D603}
	EndProjectSection
EndProject
Project("{8BC9CEB8-8B4A-11D0-8D11-00A0C91BC942}") = "irit2plg", "..\filters\irit2plg.vcproj", "{6127D5CB-9756-4F41-978A-B5761C2184CD}"
	ProjectSection(ProjectDependencies) = postProject
		{A5247004-3CCA-429F-A13B-C674229A8B96} = {A5247004-3CCA-429F-A13B-C674229A8B96}
		{5444A308-93AA-4597-AE35-5174007BCA52} = {5444A308-93AA-4597-AE35-5174007BCA52}
		{95C49D13-4DC3-41F4-B0CB-2B7D9FF74383} = {95C49D13-4DC3-41F4-B0CB-2B7D9FF74383}
		{68E78824-9A1D-4C97-8CA5-A4D2C6F834F3} = {68E78824-9A1D-4C97-8CA5-A4D2C6F834F3}
		{32953A2D-2CD1-495A-B814-83D81D71FAD5} = {32953A2D-2CD1-495A-B814-83D81D71FAD5}
		{7D71AE32-9FEF-48D5-8635-22BA87B0E973} = {7D71AE32-9FEF-48D5-8635-22BA87B0E973}
		{E758D93A-2983-43BA-A547-3890B546969A} = {E758D93A-2983-43BA-A547-3890B546969A}
		{59B43357-D27A-41C0-9A54-99355FCC69B2} = {59B43357-D27A-41C0-9A54-99355FCC69B2}
		{235C017F-DDF6-432A-B641-7DD396B9FF3E} = {235C017F-DDF6-432A-B641-7DD396B9FF3E}
		{A1429189-EEE4-402F-ACB8-90A8917A8FE9} = {A1429189-EEE4-402F-ACB8-90A8917A8FE9}
		{6898F79B-686B-421C-91B4-E0E4BD4EB5E6} = {6898F79B-686B-421C-91B4-E0E4BD4EB5E6}
		{EFC5C6AA-0171-4290-BF55-2D64FC425427} = {EFC5C6AA-0171-4290-BF55-2D64FC425427}
		{AD302CBD-BFDB-431F-92BC-8668845C8479} = {AD302CBD-BFDB-431F-92BC-8668845C8479}
		{A3AF48C7-F8C5-4919-B964-0448D5334980} = {A3AF48C7-F8C5-4919-B964-0448D5334980}
		{856D49EA-EBCE-4B49-9DA4-D85627BE0151} = {856D49EA-EBCE-4B49-9DA4-D85627BE0151}
		{C96CABFC-07B5-4DC6-8AD8-F435D8D0D603} = {C96CABFC-07B5-4DC6-8AD8-F435D8D0D603}
	EndProjectSection
EndProject
Project("{8BC9CEB8-8B4A-11D0-8D11-00A0C91BC942}") = "irit2pov", "..\filters\irit2pov.vcproj", "{BB844B45-299A-4C4A-BD2D-2923A86C68B2}"
	ProjectSection(ProjectDependencies) = postProject
		{A5247004-3CCA-429F-A13B-C674229A8B96} = {A5247004-3CCA-429F-A13B-C674229A8B96}
		{5444A308-93AA-4597-AE35-5174007BCA52} = {5444A308-93AA-4597-AE35-5174007BCA52}
		{95C49D13-4DC3-41F4-B0CB-2B7D9FF74383} = {95C49D13-4DC3-41F4-B0CB-2B7D9FF74383}
		{140F2724-8202-4AD8-97CC-669530521878} = {140F2724-8202-4AD8-97CC-669530521878}
		{68E78824-9A1D-4C97-8CA5-A4D2C6F834F3} = {68E78824-9A1D-4C97-8CA5-A4D2C6F834F3}
		{32953A2D-2CD1-495A-B814-83D81D71FAD5} = {32953A2D-2CD1-495A-B814-83D81D71FAD5}
		{7D71AE32-9FEF-48D5-8635-22BA87B0E973} = {7D71AE32-9FEF-48D5-8635-22BA87B0E973}
		{59B43357-D27A-41C0-9A54-99355FCC69B2} = {59B43357-D27A-41C0-9A54-99355FCC69B2}
		{235C017F-DDF6-432A-B641-7DD396B9FF3E} = {235C017F-DDF6-432A-B641-7DD396B9FF3E}
		{A1429189-EEE4-402F-ACB8-90A8917A8FE9} = {A1429189-EEE4-402F-ACB8-90A8917A8FE9}
		{6898F79B-686B-421C-91B4-E0E4BD4EB5E6} = {6898F79B-686B-421C-91B4-E0E4BD4EB5E6}
		{EFC5C6AA-0171-4290-BF55-2D64FC425427} = {EFC5C6AA-0171-4290-BF55-2D64FC425427}
		{A3AF48C7-F8C5-4919-B964-0448D5334980} = {A3AF48C7-F8C5-4919-B964-0448D5334980}
		{6127D5CB-9756-4F41-978A-B5761C2184CD} = {6127D5CB-9756-4F41-978A-B5761C2184CD}
		{856D49EA-EBCE-4B49-9DA4-D85627BE0151} = {856D49EA-EBCE-4B49-9DA4-D85627BE0151}
		{C96CABFC-07B5-4DC6-8AD8-F435D8D0D603} = {C96CABFC-07B5-4DC6-8AD8-F435D8D0D603}
	EndProjectSection
EndProject
Project("{8BC9CEB8-8B4A-11D0-8D11-00A0C91BC942}") = "irit2ray", "..\filters\irit2ray.vcproj", "{2BE74D9D-0F11-43ED-9A63-1D6942815C0C}"
	ProjectSection(ProjectDependencies) = postProject
		{A5247004-3CCA-429F-A13B-C674229A8B96} = {A5247004-3CCA-429F-A13B-C674229A8B96}
		{5444A308-93AA-4597-AE35-5174007BCA52} = {5444A308-93AA-4597-AE35-5174007BCA52}
		{95C49D13-4DC3-41F4-B0CB-2B7D9FF74383} = {95C49D13-4DC3-41F4-B0CB-2B7D9FF74383}
		{68E78824-9A1D-4C97-8CA5-A4D2C6F834F3} = {68E78824-9A1D-4C97-8CA5-A4D2C6F834F3}
		{32953A2D-2CD1-495A-B814-83D81D71FAD5} = {32953A2D-2CD1-495A-B814-83D81D71FAD5}
		{7D71AE32-9FEF-48D5-8635-22BA87B0E973} = {7D71AE32-9FEF-48D5-8635-22BA87B0E973}
		{59B43357-D27A-41C0-9A54-99355FCC69B2} = {59B43357-D27A-41C0-9A54-99355FCC69B2}
		{373C1161-C2AD-429A-973D-D01CC1791B6B} = {373C1161-C2AD-429A-973D-D01CC1791B6B}
		{235C017F-DDF6-432A-B641-7DD396B9FF3E} = {235C017F-DDF6-432A-B641-7DD396B9FF3E}
		{A1429189-EEE4-402F-ACB8-90A8917A8FE9} = {A1429189-EEE4-402F-ACB8-90A8917A8FE9}
		{6898F79B-686B-421C-91B4-E0E4BD4EB5E6} = {6898F79B-686B-421C-91B4-E0E4BD4EB5E6}
		{EFC5C6AA-0171-4290-BF55-2D64FC425427} = {EFC5C6AA-0171-4290-BF55-2D64FC425427}
		{AD302CBD-BFDB-431F-92BC-8668845C8479} = {AD302CBD-BFDB-431F-92BC-8668845C8479}
		{A3AF48C7-F8C5-4919-B964-0448D5334980} = {A3AF48C7-F8C5-4919-B964-0448D5334980}
		{856D49EA-EBCE-4B49-9DA4-D85627BE0151} = {856D49EA-EBCE-4B49-9DA4-D85627BE0151}
		{C96CABFC-07B5-4DC6-8AD8-F435D8D0D603} = {C96CABFC-07B5-4DC6-8AD8-F435D8D0D603}
	EndProjectSection
EndProject
Project("{8BC9CEB8-8B4A-11D0-8D11-00A0C91BC942}") = "irit2scn", "..\filters\irit2scn.vcproj", "{FC3EED86-13B5-4E99-941B-F6E638E53328}"
	ProjectSection(ProjectDependencies) = postProject
		{A5247004-3CCA-429F-A13B-C674229A8B96} = {A5247004-3CCA-429F-A13B-C674229A8B96}
		{5444A308-93AA-4597-AE35-5174007BCA52} = {5444A308-93AA-4597-AE35-5174007BCA52}
		{95C49D13-4DC3-41F4-B0CB-2B7D9FF74383} = {95C49D13-4DC3-41F4-B0CB-2B7D9FF74383}
		{68E78824-9A1D-4C97-8CA5-A4D2C6F834F3} = {68E78824-9A1D-4C97-8CA5-A4D2C6F834F3}
		{32953A2D-2CD1-495A-B814-83D81D71FAD5} = {32953A2D-2CD1-495A-B814-83D81D71FAD5}
		{7D71AE32-9FEF-48D5-8635-22BA87B0E973} = {7D71AE32-9FEF-48D5-8635-22BA87B0E973}
		{59B43357-D27A-41C0-9A54-99355FCC69B2} = {59B43357-D27A-41C0-9A54-99355FCC69B2}
		{235C017F-DDF6-432A-B641-7DD396B9FF3E} = {235C017F-DDF6-432A-B641-7DD396B9FF3E}
		{A1429189-EEE4-402F-ACB8-90A8917A8FE9} = {A1429189-EEE4-402F-ACB8-90A8917A8FE9}
		{6898F79B-686B-421C-91B4-E0E4BD4EB5E6} = {6898F79B-686B-421C-91B4-E0E4BD4EB5E6}
		{2BE74D9D-0F11-43ED-9A63-1D6942815C0C} = {2BE74D9D-0F11-43ED-9A63-1D6942815C0C}
		{EFC5C6AA-0171-4290-BF55-2D64FC425427} = {EFC5C6AA-0171-4290-BF55-2D64FC425427}
		{AD302CBD-BFDB-431F-92BC-8668845C8479} = {AD302CBD-BFDB-431F-92BC-8668845C8479}
		{A3AF48C7-F8C5-4919-B964-0448D5334980} = {A3AF48C7-F8C5-4919-B964-0448D5334980}
		{856D49EA-EBCE-4B49-9DA4-D85627BE0151} = {856D49EA-EBCE-4B49-9DA4-D85627BE0151}
		{C96CABFC-07B5-4DC6-8AD8-F435D8D0D603} = {C96CABFC-07B5-4DC6-8AD8-F435D8D0D603}
	EndProjectSection
EndProject
Project("{8BC9CEB8-8B4A-11D0-8D11-00A0C91BC942}") = "irit2stl", "..\filters\irit2stl.vcproj", "{1F5B6895-1F68-4FBD-9D8E-A11DD27C1FAA}"
	ProjectSection(ProjectDependencies) = postProject
		{A5247004-3CCA-429F-A13B-C674229A8B96} = {A5247004-3CCA-429F-A13B-C674229A8B96}
		{5444A308-93AA-4597-AE35-5174007BCA52} = {5444A308-93AA-4597-AE35-5174007BCA52}
		{95C49D13-4DC3-41F4-B0CB-2B7D9FF74383} = {95C49D13-4DC3-41F4-B0CB-2B7D9FF74383}
		{68E78824-9A1D-4C97-8CA5-A4D2C6F834F3} = {68E78824-9A1D-4C97-8CA5-A4D2C6F834F3}
		{32953A2D-2CD1-495A-B814-83D81D71FAD5} = {32953A2D-2CD1-495A-B814-83D81D71FAD5}
		{7D71AE32-9FEF-48D5-8635-22BA87B0E973} = {7D71AE32-9FEF-48D5-8635-22BA87B0E973}
		{59B43357-D27A-41C0-9A54-99355FCC69B2} = {59B43357-D27A-41C0-9A54-99355FCC69B2}
		{235C017F-DDF6-432A-B641-7DD396B9FF3E} = {235C017F-DDF6-432A-B641-7DD396B9FF3E}
		{FC3EED86-13B5-4E99-941B-F6E638E53328} = {FC3EED86-13B5-4E99-941B-F6E638E53328}
		{A1429189-EEE4-402F-ACB8-90A8917A8FE9} = {A1429189-EEE4-402F-ACB8-90A8917A8FE9}
		{6898F79B-686B-421C-91B4-E0E4BD4EB5E6} = {6898F79B-686B-421C-91B4-E0E4BD4EB5E6}
		{EFC5C6AA-0171-4290-BF55-2D64FC425427} = {EFC5C6AA-0171-4290-BF55-2D64FC425427}
		{AD302CBD-BFDB-431F-92BC-8668845C8479} = {AD302CBD-BFDB-431F-92BC-8668845C8479}
		{A3AF48C7-F8C5-4919-B964-0448D5334980} = {A3AF48C7-F8C5-4919-B964-0448D5334980}
		{856D49EA-EBCE-4B49-9DA4-D85627BE0151} = {856D49EA-EBCE-4B49-9DA4-D85627BE0151}
		{C96CABFC-07B5-4DC6-8AD8-F435D8D0D603} = {C96CABFC-07B5-4DC6-8AD8-F435D8D0D603}
	EndProjectSection
EndProject
Project("{8BC9CEB8-8B4A-11D0-8D11-00A0C91BC942}") = "irit2wrl", "..\filters\irit2wrl.vcproj", "{CCA02C8B-ED83-49AA-81FC-E3D4013AFE2D}"
	ProjectSection(ProjectDependencies) = postProject
		{A5247004-3CCA-429F-A13B-C674229A8B96} = {A5247004-3CCA-429F-A13B-C674229A8B96}
		{5444A308-93AA-4597-AE35-5174007BCA52} = {5444A308-93AA-4597-AE35-5174007BCA52}
		{95C49D13-4DC3-41F4-B0CB-2B7D9FF74383} = {95C49D13-4DC3-41F4-B0CB-2B7D9FF74383}
		{68E78824-9A1D-4C97-8CA5-A4D2C6F834F3} = {68E78824-9A1D-4C97-8CA5-A4D2C6F834F3}
		{32953A2D-2CD1-495A-B814-83D81D71FAD5} = {32953A2D-2CD1-495A-B814-83D81D71FAD5}
		{7D71AE32-9FEF-48D5-8635-22BA87B0E973} = {7D71AE32-9FEF-48D5-8635-22BA87B0E973}
		{59B43357-D27A-41C0-9A54-99355FCC69B2} = {59B43357-D27A-41C0-9A54-99355FCC69B2}
		{235C017F-DDF6-432A-B641-7DD396B9FF3E} = {235C017F-DDF6-432A-B641-7DD396B9FF3E}
		{A1429189-EEE4-402F-ACB8-90A8917A8FE9} = {A1429189-EEE4-402F-ACB8-90A8917A8FE9}
		{1F5B6895-1F68-4FBD-9D8E-A11DD27C1FAA} = {1F5B6895-1F68-4FBD-9D8E-A11DD27C1FAA}
		{6898F79B-686B-421C-91B4-E0E4BD4EB5E6} = {6898F79B-686B-421C-91B4-E0E4BD4EB5E6}
		{EFC5C6AA-0171-4290-BF55-2D64FC425427} = {EFC5C6AA-0171-4290-BF55-2D64FC425427}
		{AD302CBD-BFDB-431F-92BC-8668845C8479} = {AD302CBD-BFDB-431F-92BC-8668845C8479}
		{A3AF48C7-F8C5-4919-B964-0448D5334980} = {A3AF48C7-F8C5-4919-B964-0448D5334980}
		{856D49EA-EBCE-4B49-9DA4-D85627BE0151} = {856D49EA-EBCE-4B49-9DA4-D85627BE0151}
		{C96CABFC-07B5-4DC6-8AD8-F435D8D0D603} = {C96CABFC-07B5-4DC6-8AD8-F435D8D0D603}
	EndProjectSection
EndProject
Project("{8BC9CEB8-8B4A-11D0-8D11-00A0C91BC942}") = "irit2xfg", "..\filters\irit2xfg.vcproj", "{80B7472D-E455-47BB-B1D4-7914C00FE986}"
	ProjectSection(ProjectDependencies) = postProject
		{A5247004-3CCA-429F-A13B-C674229A8B96} = {A5247004-3CCA-429F-A13B-C674229A8B96}
		{5444A308-93AA-4597-AE35-5174007BCA52} = {5444A308-93AA-4597-AE35-5174007BCA52}
		{95C49D13-4DC3-41F4-B0CB-2B7D9FF74383} = {95C49D13-4DC3-41F4-B0CB-2B7D9FF74383}
		{140F2724-8202-4AD8-97CC-669530521878} = {140F2724-8202-4AD8-97CC-669530521878}
		{68E78824-9A1D-4C97-8CA5-A4D2C6F834F3} = {68E78824-9A1D-4C97-8CA5-A4D2C6F834F3}
		{32953A2D-2CD1-495A-B814-83D81D71FAD5} = {32953A2D-2CD1-495A-B814-83D81D71FAD5}
		{7D71AE32-9FEF-48D5-8635-22BA87B0E973} = {7D71AE32-9FEF-48D5-8635-22BA87B0E973}
		{59B43357-D27A-41C0-9A54-99355FCC69B2} = {59B43357-D27A-41C0-9A54-99355FCC69B2}
		{235C017F-DDF6-432A-B641-7DD396B9FF3E} = {235C017F-DDF6-432A-B641-7DD396B9FF3E}
		{A1429189-EEE4-402F-ACB8-90A8917A8FE9} = {A1429189-EEE4-402F-ACB8-90A8917A8FE9}
		{CCA02C8B-ED83-49AA-81FC-E3D4013AFE2D} = {CCA02C8B-ED83-49AA-81FC-E3D4013AFE2D}
		{6898F79B-686B-421C-91B4-E0E4BD4EB5E6} = {6898F79B-686B-421C-91B4-E0E4BD4EB5E6}
		{EFC5C6AA-0171-4290-BF55-2D64FC425427} = {EFC5C6AA-0171-4290-BF55-2D64FC425427}
		{AD302CBD-BFDB-431F-92BC-8668845C8479} = {AD302CBD-BFDB-431F-92BC-8668845C8479}
		{A3AF48C7-F8C5-4919-B964-0448D5334980} = {A3AF48C7-F8C5-4919-B964-0448D5334980}
		{856D49EA-EBCE-4B49-9DA4-D85627BE0151} = {856D49EA-EBCE-4B49-9DA4-D85627BE0151}
		{C96CABFC-07B5-4DC6-8AD8-F435D8D0D603} = {C96CABFC-07B5-4DC6-8AD8-F435D8D0D603}
	EndProjectSection
EndProject
Project("{8BC9CEB8-8B4A-11D0-8D11-00A0C91BC942}") = "obj2irit", "..\filters\obj2irit.vcproj", "{069D8A19-D6A3-4EA0-8AD3-046B7BF10371}"
	ProjectSection(ProjectDependencies) = postProject
		{A5247004-3CCA-429F-A13B-C674229A8B96} = {A5247004-3CCA-429F-A13B-C674229A8B96}
		{5444A308-93AA-4597-AE35-5174007BCA52} = {5444A308-93AA-4597-AE35-5174007BCA52}
		{95C49D13-4DC3-41F4-B0CB-2B7D9FF74383} = {95C49D13-4DC3-41F4-B0CB-2B7D9FF74383}
		{68E78824-9A1D-4C97-8CA5-A4D2C6F834F3} = {68E78824-9A1D-4C97-8CA5-A4D2C6F834F3}
		{32953A2D-2CD1-495A-B814-83D81D71FAD5} = {32953A2D-2CD1-495A-B814-83D81D71FAD5}
		{80B7472D-E455-47BB-B1D4-7914C00FE986} = {80B7472D-E455-47BB-B1D4-7914C00FE986}
		{7D71AE32-9FEF-48D5-8635-22BA87B0E973} = {7D71AE32-9FEF-48D5-8635-22BA87B0E973}
		{59B43357-D27A-41C0-9A54-99355FCC69B2} = {59B43357-D27A-41C0-9A54-99355FCC69B2}
		{235C017F-DDF6-432A-B641-7DD396B9FF3E} = {235C017F-DDF6-432A-B641-7DD396B9FF3E}
		{A1429189-EEE4-402F-ACB8-90A8917A8FE9} = {A1429189-EEE4-402F-ACB8-90A8917A8FE9}
		{6898F79B-686B-421C-91B4-E0E4BD4EB5E6} = {6898F79B-686B-421C-91B4-E0E4BD4EB5E6}
		{EFC5C6AA-0171-4290-BF55-2D64FC425427} = {EFC5C6AA-0171-4290-BF55-2D64FC425427}
		{AD302CBD-BFDB-431F-92BC-8668845C8479} = {AD302CBD-BFDB-431F-92BC-8668845C8479}
		{A3AF48C7-F8C5-4919-B964-0448D5334980} = {A3AF48C7-F8C5-4919-B964-0448D5334980}
		{856D49EA-EBCE-4B49-9DA4-D85627BE0151} = {856D49EA-EBCE-4B49-9DA4-D85627BE0151}
		{C96CABFC-07B5-4DC6-8AD8-F435D8D0D603} = {C96CABFC-07B5-4DC6-8AD8-F435D8D0D603}
	EndProjectSection
EndProject
Project("{8BC9CEB8-8B4A-11D0-8D11-00A0C91BC942}") = "off2irit", "..\filters\off2irit.vcproj", "{C20E6924-1933-48A2-9D9C-B67B166A5931}"
	ProjectSection(ProjectDependencies) = postProject
		{A5247004-3CCA-429F-A13B-C674229A8B96} = {A5247004-3CCA-429F-A13B-C674229A8B96}
		{5444A308-93AA-4597-AE35-5174007BCA52} = {5444A308-93AA-4597-AE35-5174007BCA52}
		{95C49D13-4DC3-41F4-B0CB-2B7D9FF74383} = {95C49D13-4DC3-41F4-B0CB-2B7D9FF74383}
		{069D8A19-D6A3-4EA0-8AD3-046B7BF10371} = {069D8A19-D6A3-4EA0-8AD3-046B7BF10371}
		{68E78824-9A1D-4C97-8CA5-A4D2C6F834F3} = {68E78824-9A1D-4C97-8CA5-A4D2C6F834F3}
		{32953A2D-2CD1-495A-B814-83D81D71FAD5} = {32953A2D-2CD1-495A-B814-83D81D71FAD5}
		{7D71AE32-9FEF-48D5-8635-22BA87B0E973} = {7D71AE32-9FEF-48D5-8635-22BA87B0E973}
		{59B43357-D27A-41C0-9A54-99355FCC69B2} = {59B43357-D27A-41C0-9A54-99355FCC69B2}
		{235C017F-DDF6-432A-B641-7DD396B9FF3E} = {235C017F-DDF6-432A-B641-7DD396B9FF3E}
		{A1429189-EEE4-402F-ACB8-90A8917A8FE9} = {A1429189-EEE4-402F-ACB8-90A8917A8FE9}
		{6898F79B-686B-421C-91B4-E0E4BD4EB5E6} = {6898F79B-686B-421C-91B4-E0E4BD4EB5E6}
		{EFC5C6AA-0171-4290-BF55-2D64FC425427} = {EFC5C6AA-0171-4290-BF55-2D64FC425427}
		{AD302CBD-BFDB-431F-92BC-8668845C8479} = {AD302CBD-BFDB-431F-92BC-8668845C8479}
		{A3AF48C7-F8C5-4919-B964-0448D5334980} = {A3AF48C7-F8C5-4919-B964-0448D5334980}
		{856D49EA-EBCE-4B49-9DA4-D85627BE0151} = {856D49EA-EBCE-4B49-9DA4-D85627BE0151}
		{C96CABFC-07B5-4DC6-8AD8-F435D8D0D603} = {C96CABFC-07B5-4DC6-8AD8-F435D8D0D603}
	EndProjectSection
EndProject
Project("{8BC9CEB8-8B4A-11D0-8D11-00A0C91BC942}") = "stl2irit", "..\filters\stl2irit.vcproj", "{B1930738-014E-43A1-9F0D-FB2C97D752B8}"
	ProjectSection(ProjectDependencies) = postProject
		{A5247004-3CCA-429F-A13B-C674229A8B96} = {A5247004-3CCA-429F-A13B-C674229A8B96}
		{5444A308-93AA-4597-AE35-5174007BCA52} = {5444A308-93AA-4597-AE35-5174007BCA52}
		{95C49D13-4DC3-41F4-B0CB-2B7D9FF74383} = {95C49D13-4DC3-41F4-B0CB-2B7D9FF74383}
		{68E78824-9A1D-4C97-8CA5-A4D2C6F834F3} = {68E78824-9A1D-4C97-8CA5-A4D2C6F834F3}
		{32953A2D-2CD1-495A-B814-83D81D71FAD5} = {32953A2D-2CD1-495A-B814-83D81D71FAD5}
		{7D71AE32-9FEF-48D5-8635-22BA87B0E973} = {7D71AE32-9FEF-48D5-8635-22BA87B0E973}
		{59B43357-D27A-41C0-9A54-99355FCC69B2} = {59B43357-D27A-41C0-9A54-99355FCC69B2}
		{D173267B-BC2E-456B-8415-A80A50F861D5} = {D173267B-BC2E-456B-8415-A80A50F861D5}
		{235C017F-DDF6-432A-B641-7DD396B9FF3E} = {235C017F-DDF6-432A-B641-7DD396B9FF3E}
		{A1429189-EEE4-402F-ACB8-90A8917A8FE9} = {A1429189-EEE4-402F-ACB8-90A8917A8FE9}
		{6898F79B-686B-421C-91B4-E0E4BD4EB5E6} = {6898F79B-686B-421C-91B4-E0E4BD4EB5E6}
		{EFC5C6AA-0171-4290-BF55-2D64FC425427} = {EFC5C6AA-0171-4290-BF55-2D64FC425427}
		{AD302CBD-BFDB-431F-92BC-8668845C8479} = {AD302CBD-BFDB-431F-92BC-8668845C8479}
		{A3AF48C7-F8C5-4919-B964-0448D5334980} = {A3AF48C7-F8C5-4919-B964-0448D5334980}
		{856D49EA-EBCE-4B49-9DA4-D85627BE0151} = {856D49EA-EBCE-4B49-9DA4-D85627BE0151}
		{C96CABFC-07B5-4DC6-8AD8-F435D8D0D603} = {C96CABFC-07B5-4DC6-8AD8-F435D8D0D603}
	EndProjectSection
EndProject
Project("{8BC9CEB8-8B4A-11D0-8D11-00A0C91BC942}") = "wntgdrvs", "..\grapdrvs\wntgdrvs.vcproj", "{B9D87469-FFB5-4213-8F37-A482F2827745}"
	ProjectSection(ProjectDependencies) = postProject
		{A5247004-3CCA-429F-A13B-C674229A8B96} = {A5247004-3CCA-429F-A13B-C674229A8B96}
		{5444A308-93AA-4597-AE35-5174007BCA52} = {5444A308-93AA-4597-AE35-5174007BCA52}
		{95C49D13-4DC3-41F4-B0CB-2B7D9FF74383} = {95C49D13-4DC3-41F4-B0CB-2B7D9FF74383}
		{32953A2D-2CD1-495A-B814-83D81D71FAD5} = {32953A2D-2CD1-495A-B814-83D81D71FAD5}
		{7D71AE32-9FEF-48D5-8635-22BA87B0E973} = {7D71AE32-9FEF-48D5-8635-22BA87B0E973}
		{59B43357-D27A-41C0-9A54-99355FCC69B2} = {59B43357-D27A-41C0-9A54-99355FCC69B2}
		{235C017F-DDF6-432A-B641-7DD396B9FF3E} = {235C017F-DDF6-432A-B641-7DD396B9FF3E}
		{A1429189-EEE4-402F-ACB8-90A8917A8FE9} = {A1429189-EEE4-402F-ACB8-90A8917A8FE9}
		{6898F79B-686B-421C-91B4-E0E4BD4EB5E6} = {6898F79B-686B-421C-91B4-E0E4BD4EB5E6}
		{AB2F50B7-444E-4588-88E9-762E797D48BE} = {AB2F50B7-444E-4588-88E9-762E797D48BE}
		{AD302CBD-BFDB-431F-92BC-8668845C8479} = {AD302CBD-BFDB-431F-92BC-8668845C8479}
		{A3AF48C7-F8C5-4919-B964-0448D5334980} = {A3AF48C7-F8C5-4919-B964-0448D5334980}
		{856D49EA-EBCE-4B49-9DA4-D85627BE0151} = {856D49EA-EBCE-4B49-9DA4-D85627BE0151}
		{C96CABFC-07B5-4DC6-8AD8-F435D8D0D603} = {C96CABFC-07B5-4DC6-8AD8-F435D8D0D603}
	EndProjectSection
EndProject
Project("{8BC9CEB8-8B4A-11D0-8D11-00A0C91BC942}") = "wntdrvs", "..\grapdrvs\wntdrvs.vcproj", "{E73BF782-F3F2-49D6-BBB6-F75B923548AF}"
	ProjectSection(ProjectDependencies) = postProject
		{A5247004-3CCA-429F-A13B-C674229A8B96} = {A5247004-3CCA-429F-A13B-C674229A8B96}
		{5444A308-93AA-4597-AE35-5174007BCA52} = {5444A308-93AA-4597-AE35-5174007BCA52}
		{95C49D13-4DC3-41F4-B0CB-2B7D9FF74383} = {95C49D13-4DC3-41F4-B0CB-2B7D9FF74383}
		{68E78824-9A1D-4C97-8CA5-A4D2C6F834F3} = {68E78824-9A1D-4C97-8CA5-A4D2C6F834F3}
		{32953A2D-2CD1-495A-B814-83D81D71FAD5} = {32953A2D-2CD1-495A-B814-83D81D71FAD5}
		{7D71AE32-9FEF-48D5-8635-22BA87B0E973} = {7D71AE32-9FEF-48D5-8635-22BA87B0E973}
		{65842E46-6D5A-4882-9C2B-D8A8974C7807} = {65842E46-6D5A-4882-9C2B-D8A8974C7807}
		{59B43357-D27A-41C0-9A54-99355FCC69B2} = {59B43357-D27A-41C0-9A54-99355FCC69B2}
		{235C017F-DDF6-432A-B641-7DD396B9FF3E} = {235C017F-DDF6-432A-B641-7DD396B9FF3E}
		{A1429189-EEE4-402F-ACB8-90A8917A8FE9} = {A1429189-EEE4-402F-ACB8-90A8917A8FE9}
		{6898F79B-686B-421C-91B4-E0E4BD4EB5E6} = {6898F79B-686B-421C-91B4-E0E4BD4EB5E6}
		{EFC5C6AA-0171-4290-BF55-2D64FC425427} = {EFC5C6AA-0171-4290-BF55-2D64FC425427}
		{AD302CBD-BFDB-431F-92BC-8668845C8479} = {AD302CBD-BFDB-431F-92BC-8668845C8479}
		{A3AF48C7-F8C5-4919-B964-0448D5334980} = {A3AF48C7-F8C5-4919-B964-0448D5334980}
		{856D49EA-EBCE-4B49-9DA4-D85627BE0151} = {856D49EA-EBCE-4B49-9DA4-D85627BE0151}
		{C96CABFC-07B5-4DC6-8AD8-F435D8D0D603} = {C96CABFC-07B5-4DC6-8AD8-F435D8D0D603}
	EndProjectSection
EndProject
Project("{8BC9CEB8-8B4A-11D0-8D11-00A0C91BC942}") = "nuldrvs", "..\grapdrvs\nuldrvs.vcproj", "{65842E46-6D5A-4882-9C2B-D8A8974C7807}"
	ProjectSection(ProjectDependencies) = postProject
		{A5247004-3CCA-429F-A13B-C674229A8B96} = {A5247004-3CCA-429F-A13B-C674229A8B96}
		{5444A308-93AA-4597-AE35-5174007BCA52} = {5444A308-93AA-4597-AE35-5174007BCA52}
		{95C49D13-4DC3-41F4-B0CB-2B7D9FF74383} = {95C49D13-4DC3-41F4-B0CB-2B7D9FF74383}
		{140F2724-8202-4AD8-97CC-669530521878} = {140F2724-8202-4AD8-97CC-669530521878}
		{68E78824-9A1D-4C97-8CA5-A4D2C6F834F3} = {68E78824-9A1D-4C97-8CA5-A4D2C6F834F3}
		{32953A2D-2CD1-495A-B814-83D81D71FAD5} = {32953A2D-2CD1-495A-B814-83D81D71FAD5}
		{7D71AE32-9FEF-48D5-8635-22BA87B0E973} = {7D71AE32-9FEF-48D5-8635-22BA87B0E973}
		{59B43357-D27A-41C0-9A54-99355FCC69B2} = {59B43357-D27A-41C0-9A54-99355FCC69B2}
		{235C017F-DDF6-432A-B641-7DD396B9FF3E} = {235C017F-DDF6-432A-B641-7DD396B9FF3E}
		{A1429189-EEE4-402F-ACB8-90A8917A8FE9} = {A1429189-EEE4-402F-ACB8-90A8917A8FE9}
		{6898F79B-686B-421C-91B4-E0E4BD4EB5E6} = {6898F79B-686B-421C-91B4-E0E4BD4EB5E6}
		{EFC5C6AA-0171-4290-BF55-2D64FC425427} = {EFC5C6AA-0171-4290-BF55-2D64FC425427}
		{AD302CBD-BFDB-431F-92BC-8668845C8479} = {AD302CBD-BFDB-431F-92BC-8668845C8479}
		{A3AF48C7-F8C5-4919-B964-0448D5334980} = {A3AF48C7-F8C5-4919-B964-0448D5334980}
		{856D49EA-EBCE-4B49-9DA4-D85627BE0151} = {856D49EA-EBCE-4B49-9DA4-D85627BE0151}
		{C96CABFC-07B5-4DC6-8AD8-F435D8D0D603} = {C96CABFC-07B5-4DC6-8AD8-F435D8D0D603}
	EndProjectSection
EndProject
Project("{8BC9CEB8-8B4A-11D0-8D11-00A0C91BC942}") = "wntgaiso", "..\grapdrvs\wntgaiso.vcproj", "{AB2F50B7-444E-4588-88E9-762E797D48BE}"
	ProjectSection(ProjectDependencies) = postProject
		{A5247004-3CCA-429F-A13B-C674229A8B96} = {A5247004-3CCA-429F-A13B-C674229A8B96}
		{5444A308-93AA-4597-AE35-5174007BCA52} = {5444A308-93AA-4597-AE35-5174007BCA52}
		{95C49D13-4DC3-41F4-B0CB-2B7D9FF74383} = {95C49D13-4DC3-41F4-B0CB-2B7D9FF74383}
		{68E78824-9A1D-4C97-8CA5-A4D2C6F834F3} = {68E78824-9A1D-4C97-8CA5-A4D2C6F834F3}
		{32953A2D-2CD1-495A-B814-83D81D71FAD5} = {32953A2D-2CD1-495A-B814-83D81D71FAD5}
		{7D71AE32-9FEF-48D5-8635-22BA87B0E973} = {7D71AE32-9FEF-48D5-8635-22BA87B0E973}
		{59B43357-D27A-41C0-9A54-99355FCC69B2} = {59B43357-D27A-41C0-9A54-99355FCC69B2}
		{235C017F-DDF6-432A-B641-7DD396B9FF3E} = {235C017F-DDF6-432A-B641-7DD396B9FF3E}
		{E73BF782-F3F2-49D6-BBB6-F75B923548AF} = {E73BF782-F3F2-49D6-BBB6-F75B923548AF}
		{A1429189-EEE4-402F-ACB8-90A8917A8FE9} = {A1429189-EEE4-402F-ACB8-90A8917A8FE9}
		{6898F79B-686B-421C-91B4-E0E4BD4EB5E6} = {6898F79B-686B-421C-91B4-E0E4BD4EB5E6}
		{EFC5C6AA-0171-4290-BF55-2D64FC425427} = {EFC5C6AA-0171-4290-BF55-2D64FC425427}
		{AD302CBD-BFDB-431F-92BC-8668845C8479} = {AD302CBD-BFDB-431F-92BC-8668845C8479}
		{A3AF48C7-F8C5-4919-B964-0448D5334980} = {A3AF48C7-F8C5-4919-B964-0448D5334980}
		{856D49EA-EBCE-4B49-9DA4-D85627BE0151} = {856D49EA-EBCE-4B49-9DA4-D85627BE0151}
		{C96CABFC-07B5-4DC6-8AD8-F435D8D0D603} = {C96CABFC-07B5-4DC6-8AD8-F435D8D0D603}
	EndProjectSection
EndProject
Project("{8BC9CEB8-8B4A-11D0-8D11-00A0C91BC942}") = "izebra", "..\aisoshad\izebra.vcproj", "{72B6CBC0-D781-4B23-A037-FCCA9ECAA80E}"
	ProjectSection(ProjectDependencies) = postProject
		{A5247004-3CCA-429F-A13B-C674229A8B96} = {A5247004-3CCA-429F-A13B-C674229A8B96}
		{5444A308-93AA-4597-AE35-5174007BCA52} = {5444A308-93AA-4597-AE35-5174007BCA52}
		{95C49D13-4DC3-41F4-B0CB-2B7D9FF74383} = {95C49D13-4DC3-41F4-B0CB-2B7D9FF74383}
		{FA4DD41B-5BC1-4345-810D-168FC45F0FBA} = {FA4DD41B-5BC1-4345-810D-168FC45F0FBA}
		{68E78824-9A1D-4C97-8CA5-A4D2C6F834F3} = {68E78824-9A1D-4C97-8CA5-A4D2C6F834F3}
		{32953A2D-2CD1-495A-B814-83D81D71FAD5} = {32953A2D-2CD1-495A-B814-83D81D71FAD5}
		{7D71AE32-9FEF-48D5-8635-22BA87B0E973} = {7D71AE32-9FEF-48D5-8635-22BA87B0E973}
		{59B43357-D27A-41C0-9A54-99355FCC69B2} = {59B43357-D27A-41C0-9A54-99355FCC69B2}
		{235C017F-DDF6-432A-B641-7DD396B9FF3E} = {235C017F-DDF6-432A-B641-7DD396B9FF3E}
		{A1429189-EEE4-402F-ACB8-90A8917A8FE9} = {A1429189-EEE4-402F-ACB8-90A8917A8FE9}
		{6898F79B-686B-421C-91B4-E0E4BD4EB5E6} = {6898F79B-686B-421C-91B4-E0E4BD4EB5E6}
		{EFC5C6AA-0171-4290-BF55-2D64FC425427} = {EFC5C6AA-0171-4290-BF55-2D64FC425427}
		{AD302CBD-BFDB-431F-92BC-8668845C8479} = {AD302CBD-BFDB-431F-92BC-8668845C8479}
		{A3AF48C7-F8C5-4919-B964-0448D5334980} = {A3AF48C7-F8C5-4919-B964-0448D5334980}
		{856D49EA-EBCE-4B49-9DA4-D85627BE0151} = {856D49EA-EBCE-4B49-9DA4-D85627BE0151}
		{C96CABFC-07B5-4DC6-8AD8-F435D8D0D603} = {C96CABFC-07B5-4DC6-8AD8-F435D8D0D603}
	EndProjectSection
EndProject
Project("{8BC9CEB8-8B4A-11D0-8D11-00A0C91BC942}") = "lineshad", "..\aisoshad\lineshad.vcproj", "{026A061E-2784-4434-9DCB-D30EAE57154D}"
	ProjectSection(ProjectDependencies) = postProject
		{A5247004-3CCA-429F-A13B-C674229A8B96} = {A5247004-3CCA-429F-A13B-C674229A8B96}
		{5444A308-93AA-4597-AE35-5174007BCA52} = {5444A308-93AA-4597-AE35-5174007BCA52}
		{95C49D13-4DC3-41F4-B0CB-2B7D9FF74383} = {95C49D13-4DC3-41F4-B0CB-2B7D9FF74383}
		{68E78824-9A1D-4C97-8CA5-A4D2C6F834F3} = {68E78824-9A1D-4C97-8CA5-A4D2C6F834F3}
		{7D71AE32-9FEF-48D5-8635-22BA87B0E973} = {7D71AE32-9FEF-48D5-8635-22BA87B0E973}
		{59B43357-D27A-41C0-9A54-99355FCC69B2} = {59B43357-D27A-41C0-9A54-99355FCC69B2}
		{235C017F-DDF6-432A-B641-7DD396B9FF3E} = {235C017F-DDF6-432A-B641-7DD396B9FF3E}
		{A1429189-EEE4-402F-ACB8-90A8917A8FE9} = {A1429189-EEE4-402F-ACB8-90A8917A8FE9}
		{6898F79B-686B-421C-91B4-E0E4BD4EB5E6} = {6898F79B-686B-421C-91B4-E0E4BD4EB5E6}
		{EFC5C6AA-0171-4290-BF55-2D64FC425427} = {EFC5C6AA-0171-4290-BF55-2D64FC425427}
		{AD302CBD-BFDB-431F-92BC-8668845C8479} = {AD302CBD-BFDB-431F-92BC-8668845C8479}
		{72B6CBC0-D781-4B23-A037-FCCA9ECAA80E} = {72B6CBC0-D781-4B23-A037-FCCA9ECAA80E}
		{A3AF48C7-F8C5-4919-B964-0448D5334980} = {A3AF48C7-F8C5-4919-B964-0448D5334980}
		{856D49EA-EBCE-4B49-9DA4-D85627BE0151} = {856D49EA-EBCE-4B49-9DA4-D85627BE0151}
		{C96CABFC-07B5-4DC6-8AD8-F435D8D0D603} = {C96CABFC-07B5-4DC6-8AD8-F435D8D0D603}
	EndProjectSection
EndProject
Project("{8BC9CEB8-8B4A-11D0-8D11-00A0C91BC942}") = "bool_lib", "..\bool_lib\bool_lib.vcproj", "{140F2724-8202-4AD8-97CC-669530521878}"
EndProject
Project("{8BC9CEB8-8B4A-11D0-8D11-00A0C91BC942}") = "ext_lib", "..\ext_lib\ext_lib.vcproj", "{C96CABFC-07B5-4DC6-8AD8-F435D8D0D603}"
	ProjectSection(ProjectDependencies) = postProject
		{5444A308-93AA-4597-AE35-5174007BCA52} = {5444A308-93AA-4597-AE35-5174007BCA52}
		{95C49D13-4DC3-41F4-B0CB-2B7D9FF74383} = {95C49D13-4DC3-41F4-B0CB-2B7D9FF74383}
		{140F2724-8202-4AD8-97CC-669530521878} = {140F2724-8202-4AD8-97CC-669530521878}
		{32953A2D-2CD1-495A-B814-83D81D71FAD5} = {32953A2D-2CD1-495A-B814-83D81D71FAD5}
		{7D71AE32-9FEF-48D5-8635-22BA87B0E973} = {7D71AE32-9FEF-48D5-8635-22BA87B0E973}
		{59B43357-D27A-41C0-9A54-99355FCC69B2} = {59B43357-D27A-41C0-9A54-99355FCC69B2}
		{235C017F-DDF6-432A-B641-7DD396B9FF3E} = {235C017F-DDF6-432A-B641-7DD396B9FF3E}
		{A1429189-EEE4-402F-ACB8-90A8917A8FE9} = {A1429189-EEE4-402F-ACB8-90A8917A8FE9}
		{6898F79B-686B-421C-91B4-E0E4BD4EB5E6} = {6898F79B-686B-421C-91B4-E0E4BD4EB5E6}
		{AD302CBD-BFDB-431F-92BC-8668845C8479} = {AD302CBD-BFDB-431F-92BC-8668845C8479}
		{A3AF48C7-F8C5-4919-B964-0448D5334980} = {A3AF48C7-F8C5-4919-B964-0448D5334980}
		{856D49EA-EBCE-4B49-9DA4-D85627BE0151} = {856D49EA-EBCE-4B49-9DA4-D85627BE0151}
	EndProjectSection
EndProject
Project("{8BC9CEB8-8B4A-11D0-8D11-00A0C91BC942}") = "iritDll", "..\iritDll\iritDll.vcproj", "{5ED1218F-E651-4405-BF39-E128E39F057D}"
	ProjectSection(ProjectDependencies) = postProject
		{A5247004-3CCA-429F-A13B-C674229A8B96} = {A5247004-3CCA-429F-A13B-C674229A8B96}
		{5444A308-93AA-4597-AE35-5174007BCA52} = {5444A308-93AA-4597-AE35-5174007BCA52}
		{95C49D13-4DC3-41F4-B0CB-2B7D9FF74383} = {95C49D13-4DC3-41F4-B0CB-2B7D9FF74383}
		{140F2724-8202-4AD8-97CC-669530521878} = {140F2724-8202-4AD8-97CC-669530521878}
		{68E78824-9A1D-4C97-8CA5-A4D2C6F834F3} = {68E78824-9A1D-4C97-8CA5-A4D2C6F834F3}
		{32953A2D-2CD1-495A-B814-83D81D71FAD5} = {32953A2D-2CD1-495A-B814-83D81D71FAD5}
		{7D71AE32-9FEF-48D5-8635-22BA87B0E973} = {7D71AE32-9FEF-48D5-8635-22BA87B0E973}
		{59B43357-D27A-41C0-9A54-99355FCC69B2} = {59B43357-D27A-41C0-9A54-99355FCC69B2}
		{235C017F-DDF6-432A-B641-7DD396B9FF3E} = {235C017F-DDF6-432A-B641-7DD396B9FF3E}
		{A1429189-EEE4-402F-ACB8-90A8917A8FE9} = {A1429189-EEE4-402F-ACB8-90A8917A8FE9}
		{6898F79B-686B-421C-91B4-E0E4BD4EB5E6} = {6898F79B-686B-421C-91B4-E0E4BD4EB5E6}
		{EFC5C6AA-0171-4290-BF55-2D64FC425427} = {EFC5C6AA-0171-4290-BF55-2D64FC425427}
		{12C796BA-1BD8-4E67-A954-46B3A7F2DF8B} = {12C796BA-1BD8-4E67-A954-46B3A7F2DF8B}
		{AD302CBD-BFDB-431F-92BC-8668845C8479} = {AD302CBD-BFDB-431F-92BC-8668845C8479}
		{A3AF48C7-F8C5-4919-B964-0448D5334980} = {A3AF48C7-F8C5-4919-B964-0448D5334980}
		{856D49EA-EBCE-4B49-9DA4-D85627BE0151} = {856D49EA-EBCE-4B49-9DA4-D85627BE0151}
		{C96CABFC-07B5-4DC6-8AD8-F435D8D0D603} = {C96CABFC-07B5-4DC6-8AD8-F435D8D0D603}
	EndProjectSection
EndProject
Project("{8BC9CEB8-8B4A-11D0-8D11-00A0C91BC942}") = "intp_lib", "..\intp_lib\intp_lib.vcproj", "{12C796BA-1BD8-4E67-A954-46B3A7F2DF8B}"
EndProject
Global
	GlobalSection(SolutionConfigurationPlatforms) = preSolution
		Debug|Win32 = Debug|Win32
		Release|Win32 = Release|Win32
	EndGlobalSection
	GlobalSection(ProjectConfigurationPlatforms) = postSolution
		{6898F79B-686B-421C-91B4-E0E4BD4EB5E6}.Debug|Win32.ActiveCfg = Debug|Win32
		{6898F79B-686B-421C-91B4-E0E4BD4EB5E6}.Debug|Win32.Build.0 = Debug|Win32
		{6898F79B-686B-421C-91B4-E0E4BD4EB5E6}.Release|Win32.ActiveCfg = Release|Win32
		{6898F79B-686B-421C-91B4-E0E4BD4EB5E6}.Release|Win32.Build.0 = Release|Win32
		{5444A308-93AA-4597-AE35-5174007BCA52}.Debug|Win32.ActiveCfg = Debug|Win32
		{5444A308-93AA-4597-AE35-5174007BCA52}.Debug|Win32.Build.0 = Debug|Win32
		{5444A308-93AA-4597-AE35-5174007BCA52}.Release|Win32.ActiveCfg = Release|Win32
		{5444A308-93AA-4597-AE35-5174007BCA52}.Release|Win32.Build.0 = Release|Win32
		{856D49EA-EBCE-4B49-9DA4-D85627BE0151}.Debug|Win32.ActiveCfg = Debug|Win32
		{856D49EA-EBCE-4B49-9DA4-D85627BE0151}.Debug|Win32.Build.0 = Debug|Win32
		{856D49EA-EBCE-4B49-9DA4-D85627BE0151}.Release|Win32.ActiveCfg = Release|Win32
		{856D49EA-EBCE-4B49-9DA4-D85627BE0151}.Release|Win32.Build.0 = Release|Win32
		{AD302CBD-BFDB-431F-92BC-8668845C8479}.Debug|Win32.ActiveCfg = Debug|Win32
		{AD302CBD-BFDB-431F-92BC-8668845C8479}.Debug|Win32.Build.0 = Debug|Win32
		{AD302CBD-BFDB-431F-92BC-8668845C8479}.Release|Win32.ActiveCfg = Release|Win32
		{AD302CBD-BFDB-431F-92BC-8668845C8479}.Release|Win32.Build.0 = Release|Win32
		{EFC5C6AA-0171-4290-BF55-2D64FC425427}.Debug|Win32.ActiveCfg = Debug|Win32
		{EFC5C6AA-0171-4290-BF55-2D64FC425427}.Debug|Win32.Build.0 = Debug|Win32
		{EFC5C6AA-0171-4290-BF55-2D64FC425427}.Release|Win32.ActiveCfg = Release|Win32
		{EFC5C6AA-0171-4290-BF55-2D64FC425427}.Release|Win32.Build.0 = Release|Win32
		{A5247004-3CCA-429F-A13B-C674229A8B96}.Debug|Win32.ActiveCfg = Debug|Win32
		{A5247004-3CCA-429F-A13B-C674229A8B96}.Debug|Win32.Build.0 = Debug|Win32
		{A5247004-3CCA-429F-A13B-C674229A8B96}.Release|Win32.ActiveCfg = Release|Win32
		{A5247004-3CCA-429F-A13B-C674229A8B96}.Release|Win32.Build.0 = Release|Win32
		{59B43357-D27A-41C0-9A54-99355FCC69B2}.Debug|Win32.ActiveCfg = Debug|Win32
		{59B43357-D27A-41C0-9A54-99355FCC69B2}.Debug|Win32.Build.0 = Debug|Win32
		{59B43357-D27A-41C0-9A54-99355FCC69B2}.Release|Win32.ActiveCfg = Release|Win32
		{59B43357-D27A-41C0-9A54-99355FCC69B2}.Release|Win32.Build.0 = Release|Win32
		{A3AF48C7-F8C5-4919-B964-0448D5334980}.Debug|Win32.ActiveCfg = Debug|Win32
		{A3AF48C7-F8C5-4919-B964-0448D5334980}.Debug|Win32.Build.0 = Debug|Win32
		{A3AF48C7-F8C5-4919-B964-0448D5334980}.Release|Win32.ActiveCfg = Release|Win32
		{A3AF48C7-F8C5-4919-B964-0448D5334980}.Release|Win32.Build.0 = Release|Win32
		{A1429189-EEE4-402F-ACB8-90A8917A8FE9}.Debug|Win32.ActiveCfg = Debug|Win32
		{A1429189-EEE4-402F-ACB8-90A8917A8FE9}.Debug|Win32.Build.0 = Debug|Win32
		{A1429189-EEE4-402F-ACB8-90A8917A8FE9}.Release|Win32.ActiveCfg = Release|Win32
		{A1429189-EEE4-402F-ACB8-90A8917A8FE9}.Release|Win32.Build.0 = Release|Win32
		{32953A2D-2CD1-495A-B814-83D81D71FAD5}.Debug|Win32.ActiveCfg = Debug|Win32
		{32953A2D-2CD1-495A-B814-83D81D71FAD5}.Debug|Win32.Build.0 = Debug|Win32
		{32953A2D-2CD1-495A-B814-83D81D71FAD5}.Release|Win32.ActiveCfg = Release|Win32
		{32953A2D-2CD1-495A-B814-83D81D71FAD5}.Release|Win32.Build.0 = Release|Win32
		{235C017F-DDF6-432A-B641-7DD396B9FF3E}.Debug|Win32.ActiveCfg = Debug|Win32
		{235C017F-DDF6-432A-B641-7DD396B9FF3E}.Debug|Win32.Build.0 = Debug|Win32
		{235C017F-DDF6-432A-B641-7DD396B9FF3E}.Release|Win32.ActiveCfg = Release|Win32
		{235C017F-DDF6-432A-B641-7DD396B9FF3E}.Release|Win32.Build.0 = Release|Win32
		{500EB0B5-486A-431D-A826-95DFA4AAC2AD}.Debug|Win32.ActiveCfg = Debug|Win32
		{500EB0B5-486A-431D-A826-95DFA4AAC2AD}.Debug|Win32.Build.0 = Debug|Win32
		{500EB0B5-486A-431D-A826-95DFA4AAC2AD}.Release|Win32.ActiveCfg = Release|Win32
		{500EB0B5-486A-431D-A826-95DFA4AAC2AD}.Release|Win32.Build.0 = Release|Win32
		{842F23F1-1547-442E-A386-5F4C3F5CB811}.Debug|Win32.ActiveCfg = Debug|Win32
		{842F23F1-1547-442E-A386-5F4C3F5CB811}.Debug|Win32.Build.0 = Debug|Win32
		{842F23F1-1547-442E-A386-5F4C3F5CB811}.Release|Win32.ActiveCfg = Release|Win32
		{842F23F1-1547-442E-A386-5F4C3F5CB811}.Release|Win32.Build.0 = Release|Win32
		{A4B5F8C4-9767-411F-B827-ACC67D1115CF}.Debug|Win32.ActiveCfg = Debug|Win32
		{A4B5F8C4-9767-411F-B827-ACC67D1115CF}.Debug|Win32.Build.0 = Debug|Win32
		{A4B5F8C4-9767-411F-B827-ACC67D1115CF}.Release|Win32.ActiveCfg = Release|Win32
		{A4B5F8C4-9767-411F-B827-ACC67D1115CF}.Release|Win32.Build.0 = Release|Win32
		{8AF9BDAB-AAF3-4909-B639-AEAFF907F7E7}.Debug|Win32.ActiveCfg = Debug|Win32
		{8AF9BDAB-AAF3-4909-B639-AEAFF907F7E7}.Debug|Win32.Build.0 = Debug|Win32
		{8AF9BDAB-AAF3-4909-B639-AEAFF907F7E7}.Release|Win32.ActiveCfg = Release|Win32
		{8AF9BDAB-AAF3-4909-B639-AEAFF907F7E7}.Release|Win32.Build.0 = Release|Win32
		{14C60890-E73F-4E80-9F4E-E35EAB6C6B95}.Debug|Win32.ActiveCfg = Debug|Win32
		{14C60890-E73F-4E80-9F4E-E35EAB6C6B95}.Debug|Win32.Build.0 = Debug|Win32
		{14C60890-E73F-4E80-9F4E-E35EAB6C6B95}.Release|Win32.ActiveCfg = Release|Win32
		{14C60890-E73F-4E80-9F4E-E35EAB6C6B95}.Release|Win32.Build.0 = Release|Win32
		{68E78824-9A1D-4C97-8CA5-A4D2C6F834F3}.Debug|Win32.ActiveCfg = Debug|Win32
		{68E78824-9A1D-4C97-8CA5-A4D2C6F834F3}.Debug|Win32.Build.0 = Debug|Win32
		{68E78824-9A1D-4C97-8CA5-A4D2C6F834F3}.Release|Win32.ActiveCfg = Release|Win32
		{68E78824-9A1D-4C97-8CA5-A4D2C6F834F3}.Release|Win32.Build.0 = Release|Win32
		{7D71AE32-9FEF-48D5-8635-22BA87B0E973}.Debug|Win32.ActiveCfg = Debug|Win32
		{7D71AE32-9FEF-48D5-8635-22BA87B0E973}.Debug|Win32.Build.0 = Debug|Win32
		{7D71AE32-9FEF-48D5-8635-22BA87B0E973}.Release|Win32.ActiveCfg = Release|Win32
		{7D71AE32-9FEF-48D5-8635-22BA87B0E973}.Release|Win32.Build.0 = Release|Win32
		{D0F3A3C7-E9F0-47CA-8D70-F0568B8C9EC8}.Debug|Win32.ActiveCfg = Debug|Win32
		{D0F3A3C7-E9F0-47CA-8D70-F0568B8C9EC8}.Debug|Win32.Build.0 = Debug|Win32
		{D0F3A3C7-E9F0-47CA-8D70-F0568B8C9EC8}.Release|Win32.ActiveCfg = Release|Win32
		{D0F3A3C7-E9F0-47CA-8D70-F0568B8C9EC8}.Release|Win32.Build.0 = Release|Win32
		{FA4DD41B-5BC1-4345-810D-168FC45F0FBA}.Debug|Win32.ActiveCfg = Debug|Win32
		{FA4DD41B-5BC1-4345-810D-168FC45F0FBA}.Debug|Win32.Build.0 = Debug|Win32
		{FA4DD41B-5BC1-4345-810D-168FC45F0FBA}.Release|Win32.ActiveCfg = Release|Win32
		{FA4DD41B-5BC1-4345-810D-168FC45F0FBA}.Release|Win32.Build.0 = Release|Win32
		{E426711B-2992-4371-AA76-875FF51DDA29}.Debug|Win32.ActiveCfg = Debug|Win32
		{E426711B-2992-4371-AA76-875FF51DDA29}.Release|Win32.ActiveCfg = Release|Win32
		{95C49D13-4DC3-41F4-B0CB-2B7D9FF74383}.Debug|Win32.ActiveCfg = Debug|Win32
		{95C49D13-4DC3-41F4-B0CB-2B7D9FF74383}.Debug|Win32.Build.0 = Debug|Win32
		{95C49D13-4DC3-41F4-B0CB-2B7D9FF74383}.Release|Win32.ActiveCfg = Release|Win32
		{95C49D13-4DC3-41F4-B0CB-2B7D9FF74383}.Release|Win32.Build.0 = Release|Win32
		{36E2A917-EE7F-42BF-B68C-3EF8A480321F}.Debug|Win32.ActiveCfg = Debug|Win32
		{36E2A917-EE7F-42BF-B68C-3EF8A480321F}.Debug|Win32.Build.0 = Debug|Win32
		{36E2A917-EE7F-42BF-B68C-3EF8A480321F}.Release|Win32.ActiveCfg = Release|Win32
		{36E2A917-EE7F-42BF-B68C-3EF8A480321F}.Release|Win32.Build.0 = Release|Win32
		{D173267B-BC2E-456B-8415-A80A50F861D5}.Debug|Win32.ActiveCfg = Debug|Win32
		{D173267B-BC2E-456B-8415-A80A50F861D5}.Debug|Win32.Build.0 = Debug|Win32
		{D173267B-BC2E-456B-8415-A80A50F861D5}.Release|Win32.ActiveCfg = Release|Win32
		{D173267B-BC2E-456B-8415-A80A50F861D5}.Release|Win32.Build.0 = Release|Win32
		{373C1161-C2AD-429A-973D-D01CC1791B6B}.Debug|Win32.ActiveCfg = Debug|Win32
		{373C1161-C2AD-429A-973D-D01CC1791B6B}.Debug|Win32.Build.0 = Debug|Win32
		{373C1161-C2AD-429A-973D-D01CC1791B6B}.Release|Win32.ActiveCfg = Release|Win32
		{373C1161-C2AD-429A-973D-D01CC1791B6B}.Release|Win32.Build.0 = Release|Win32
		{DDBB4DFC-288E-4DB7-AADF-7331D580F2B3}.Debug|Win32.ActiveCfg = Debug|Win32
		{DDBB4DFC-288E-4DB7-AADF-7331D580F2B3}.Debug|Win32.Build.0 = Debug|Win32
		{DDBB4DFC-288E-4DB7-AADF-7331D580F2B3}.Release|Win32.ActiveCfg = Release|Win32
		{DDBB4DFC-288E-4DB7-AADF-7331D580F2B3}.Release|Win32.Build.0 = Release|Win32
		{E54FCBCC-FED2-4BF4-B481-C9775BF84114}.Debug|Win32.ActiveCfg = Debug|Win32
		{E54FCBCC-FED2-4BF4-B481-C9775BF84114}.Debug|Win32.Build.0 = Debug|Win32
		{E54FCBCC-FED2-4BF4-B481-C9775BF84114}.Release|Win32.ActiveCfg = Release|Win32
		{E54FCBCC-FED2-4BF4-B481-C9775BF84114}.Release|Win32.Build.0 = Release|Win32
		{E7CECD1C-55F9-435C-89BA-63EC93D3468A}.Debug|Win32.ActiveCfg = Debug|Win32
		{E7CECD1C-55F9-435C-89BA-63EC93D3468A}.Debug|Win32.Build.0 = Debug|Win32
		{E7CECD1C-55F9-435C-89BA-63EC93D3468A}.Release|Win32.ActiveCfg = Release|Win32
		{E7CECD1C-55F9-435C-89BA-63EC93D3468A}.Release|Win32.Build.0 = Release|Win32
		{3A136DE3-743A-46FF-AB92-60B844E2F36B}.Debug|Win32.ActiveCfg = Debug|Win32
		{3A136DE3-743A-46FF-AB92-60B844E2F36B}.Debug|Win32.Build.0 = Debug|Win32
		{3A136DE3-743A-46FF-AB92-60B844E2F36B}.Release|Win32.ActiveCfg = Release|Win32
		{3A136DE3-743A-46FF-AB92-60B844E2F36B}.Release|Win32.Build.0 = Release|Win32
		{FB022BBC-B040-4C4E-AE58-872EEC897629}.Debug|Win32.ActiveCfg = Debug|Win32
		{FB022BBC-B040-4C4E-AE58-872EEC897629}.Debug|Win32.Build.0 = Debug|Win32
		{FB022BBC-B040-4C4E-AE58-872EEC897629}.Release|Win32.ActiveCfg = Release|Win32
		{FB022BBC-B040-4C4E-AE58-872EEC897629}.Release|Win32.Build.0 = Release|Win32
		{7C573F66-8F5A-4F4A-86C0-C3A839759E61}.Debug|Win32.ActiveCfg = Debug|Win32
		{7C573F66-8F5A-4F4A-86C0-C3A839759E61}.Debug|Win32.Build.0 = Debug|Win32
		{7C573F66-8F5A-4F4A-86C0-C3A839759E61}.Release|Win32.ActiveCfg = Release|Win32
		{7C573F66-8F5A-4F4A-86C0-C3A839759E61}.Release|Win32.Build.0 = Release|Win32
		{A5A08434-E415-45EF-9DAB-E7B2EF66871D}.Debug|Win32.ActiveCfg = Debug|Win32
		{A5A08434-E415-45EF-9DAB-E7B2EF66871D}.Debug|Win32.Build.0 = Debug|Win32
		{A5A08434-E415-45EF-9DAB-E7B2EF66871D}.Release|Win32.ActiveCfg = Release|Win32
		{A5A08434-E415-45EF-9DAB-E7B2EF66871D}.Release|Win32.Build.0 = Release|Win32
		{A42BFCAE-18A4-4BCB-B7F4-0CE795E5E75E}.Debug|Win32.ActiveCfg = Debug|Win32
		{A42BFCAE-18A4-4BCB-B7F4-0CE795E5E75E}.Debug|Win32.Build.0 = Debug|Win32
		{A42BFCAE-18A4-4BCB-B7F4-0CE795E5E75E}.Release|Win32.ActiveCfg = Release|Win32
		{A42BFCAE-18A4-4BCB-B7F4-0CE795E5E75E}.Release|Win32.Build.0 = Release|Win32
		{8BF240E8-59EF-4E46-8F23-0DD4CEA8AFEB}.Debug|Win32.ActiveCfg = Debug|Win32
		{8BF240E8-59EF-4E46-8F23-0DD4CEA8AFEB}.Debug|Win32.Build.0 = Debug|Win32
		{8BF240E8-59EF-4E46-8F23-0DD4CEA8AFEB}.Release|Win32.ActiveCfg = Release|Win32
		{8BF240E8-59EF-4E46-8F23-0DD4CEA8AFEB}.Release|Win32.Build.0 = Release|Win32
		{CECD4F45-A492-4D89-9B67-DFE649DE9139}.Debug|Win32.ActiveCfg = Debug|Win32
		{CECD4F45-A492-4D89-9B67-DFE649DE9139}.Debug|Win32.Build.0 = Debug|Win32
		{CECD4F45-A492-4D89-9B67-DFE649DE9139}.Release|Win32.ActiveCfg = Release|Win32
		{CECD4F45-A492-4D89-9B67-DFE649DE9139}.Release|Win32.Build.0 = Release|Win32
		{E758D93A-2983-43BA-A547-3890B546969A}.Debug|Win32.ActiveCfg = Debug|Win32
		{E758D93A-2983-43BA-A547-3890B546969A}.Debug|Win32.Build.0 = Debug|Win32
		{E758D93A-2983-43BA-A547-3890B546969A}.Release|Win32.ActiveCfg = Release|Win32
		{E758D93A-2983-43BA-A547-3890B546969A}.Release|Win32.Build.0 = Release|Win32
		{6127D5CB-9756-4F41-978A-B5761C2184CD}.Debug|Win32.ActiveCfg = Debug|Win32
		{6127D5CB-9756-4F41-978A-B5761C2184CD}.Debug|Win32.Build.0 = Debug|Win32
		{6127D5CB-9756-4F41-978A-B5761C2184CD}.Release|Win32.ActiveCfg = Release|Win32
		{6127D5CB-9756-4F41-978A-B5761C2184CD}.Release|Win32.Build.0 = Release|Win32
		{BB844B45-299A-4C4A-BD2D-2923A86C68B2}.Debug|Win32.ActiveCfg = Debug|Win32
		{BB844B45-299A-4C4A-BD2D-2923A86C68B2}.Debug|Win32.Build.0 = Debug|Win32
		{BB844B45-299A-4C4A-BD2D-2923A86C68B2}.Release|Win32.ActiveCfg = Release|Win32
		{BB844B45-299A-4C4A-BD2D-2923A86C68B2}.Release|Win32.Build.0 = Release|Win32
		{2BE74D9D-0F11-43ED-9A63-1D6942815C0C}.Debug|Win32.ActiveCfg = Debug|Win32
		{2BE74D9D-0F11-43ED-9A63-1D6942815C0C}.Debug|Win32.Build.0 = Debug|Win32
		{2BE74D9D-0F11-43ED-9A63-1D6942815C0C}.Release|Win32.ActiveCfg = Release|Win32
		{2BE74D9D-0F11-43ED-9A63-1D6942815C0C}.Release|Win32.Build.0 = Release|Win32
		{FC3EED86-13B5-4E99-941B-F6E638E53328}.Debug|Win32.ActiveCfg = Debug|Win32
		{FC3EED86-13B5-4E99-941B-F6E638E53328}.Debug|Win32.Build.0 = Debug|Win32
		{FC3EED86-13B5-4E99-941B-F6E638E53328}.Release|Win32.ActiveCfg = Release|Win32
		{FC3EED86-13B5-4E99-941B-F6E638E53328}.Release|Win32.Build.0 = Release|Win32
		{1F5B6895-1F68-4FBD-9D8E-A11DD27C1FAA}.Debug|Win32.ActiveCfg = Debug|Win32
		{1F5B6895-1F68-4FBD-9D8E-A11DD27C1FAA}.Debug|Win32.Build.0 = Debug|Win32
		{1F5B6895-1F68-4FBD-9D8E-A11DD27C1FAA}.Release|Win32.ActiveCfg = Release|Win32
		{1F5B6895-1F68-4FBD-9D8E-A11DD27C1FAA}.Release|Win32.Build.0 = Release|Win32
		{CCA02C8B-ED83-49AA-81FC-E3D4013AFE2D}.Debug|Win32.ActiveCfg = Debug|Win32
		{CCA02C8B-ED83-49AA-81FC-E3D4013AFE2D}.Debug|Win32.Build.0 = Debug|Win32
		{CCA02C8B-ED83-49AA-81FC-E3D4013AFE2D}.Release|Win32.ActiveCfg = Release|Win32
		{CCA02C8B-ED83-49AA-81FC-E3D4013AFE2D}.Release|Win32.Build.0 = Release|Win32
		{80B7472D-E455-47BB-B1D4-7914C00FE986}.Debug|Win32.ActiveCfg = Debug|Win32
		{80B7472D-E455-47BB-B1D4-7914C00FE986}.Debug|Win32.Build.0 = Debug|Win32
		{80B7472D-E455-47BB-B1D4-7914C00FE986}.Release|Win32.ActiveCfg = Release|Win32
		{80B7472D-E455-47BB-B1D4-7914C00FE986}.Release|Win32.Build.0 = Release|Win32
		{069D8A19-D6A3-4EA0-8AD3-046B7BF10371}.Debug|Win32.ActiveCfg = Debug|Win32
		{069D8A19-D6A3-4EA0-8AD3-046B7BF10371}.Debug|Win32.Build.0 = Debug|Win32
		{069D8A19-D6A3-4EA0-8AD3-046B7BF10371}.Release|Win32.ActiveCfg = Release|Win32
		{069D8A19-D6A3-4EA0-8AD3-046B7BF10371}.Release|Win32.Build.0 = Release|Win32
		{C20E6924-1933-48A2-9D9C-B67B166A5931}.Debug|Win32.ActiveCfg = Debug|Win32
		{C20E6924-1933-48A2-9D9C-B67B166A5931}.Debug|Win32.Build.0 = Debug|Win32
		{C20E6924-1933-48A2-9D9C-B67B166A5931}.Release|Win32.ActiveCfg = Release|Win32
		{C20E6924-1933-48A2-9D9C-B67B166A5931}.Release|Win32.Build.0 = Release|Win32
		{B1930738-014E-43A1-9F0D-FB2C97D752B8}.Debug|Win32.ActiveCfg = Debug|Win32
		{B1930738-014E-43A1-9F0D-FB2C97D752B8}.Debug|Win32.Build.0 = Debug|Win32
		{B1930738-014E-43A1-9F0D-FB2C97D752B8}.Release|Win32.ActiveCfg = Release|Win32
		{B1930738-014E-43A1-9F0D-FB2C97D752B8}.Release|Win32.Build.0 = Release|Win32
		{B9D87469-FFB5-4213-8F37-A482F2827745}.Debug|Win32.ActiveCfg = Debug|Win32
		{B9D87469-FFB5-4213-8F37-A482F2827745}.Debug|Win32.Build.0 = Debug|Win32
		{B9D87469-FFB5-4213-8F37-A482F2827745}.Release|Win32.ActiveCfg = Release|Win32
		{B9D87469-FFB5-4213-8F37-A482F2827745}.Release|Win32.Build.0 = Release|Win32
		{E73BF782-F3F2-49D6-BBB6-F75B923548AF}.Debug|Win32.ActiveCfg = Debug|Win32
		{E73BF782-F3F2-49D6-BBB6-F75B923548AF}.Debug|Win32.Build.0 = Debug|Win32
		{E73BF782-F3F2-49D6-BBB6-F75B923548AF}.Release|Win32.ActiveCfg = Release|Win32
		{E73BF782-F3F2-49D6-BBB6-F75B923548AF}.Release|Win32.Build.0 = Release|Win32
		{65842E46-6D5A-4882-9C2B-D8A8974C7807}.Debug|Win32.ActiveCfg = Debug|Win32
		{65842E46-6D5A-4882-9C2B-D8A8974C7807}.Debug|Win32.Build.0 = Debug|Win32
		{65842E46-6D5A-4882-9C2B-D8A8974C7807}.Release|Win32.ActiveCfg = Release|Win32
		{65842E46-6D5A-4882-9C2B-D8A8974C7807}.Release|Win32.Build.0 = Release|Win32
		{AB2F50B7-444E-4588-88E9-762E797D48BE}.Debug|Win32.ActiveCfg = Debug|Win32
		{AB2F50B7-444E-4588-88E9-762E797D48BE}.Debug|Win32.Build.0 = Debug|Win32
		{AB2F50B7-444E-4588-88E9-762E797D48BE}.Release|Win32.ActiveCfg = Release|Win32
		{AB2F50B7-444E-4588-88E9-762E797D48BE}.Release|Win32.Build.0 = Release|Win32
		{72B6CBC0-D781-4B23-A037-FCCA9ECAA80E}.Debug|Win32.ActiveCfg = Debug|Win32
		{72B6CBC0-D781-4B23-A037-FCCA9ECAA80E}.Debug|Win32.Build.0 = Debug|Win32
		{72B6CBC0-D781-4B23-A037-FCCA9ECAA80E}.Release|Win32.ActiveCfg = Release|Win32
		{72B6CBC0-D781-4B23-A037-FCCA9ECAA80E}.Release|Win32.Build.0 = Release|Win32
		{026A061E-2784-4434-9DCB-D30EAE57154D}.Debug|Win32.ActiveCfg = Debug|Win32
		{026A061E-2784-4434-9DCB-D30EAE57154D}.Debug|Win32.Build.0 = Debug|Win32
		{026A061E-2784-4434-9DCB-D30EAE57154D}.Release|Win32.ActiveCfg = Release|Win32
		{026A061E-2784-4434-9DCB-D30EAE57154D}.Release|Win32.Build.0 = Release|Win32
		{140F2724-8202-4AD8-97CC-669530521878}.Debug|Win32.ActiveCfg = Debug|Win32
		{140F2724-8202-4AD8-97CC-669530521878}.Debug|Win32.Build.0 = Debug|Win32
		{140F2724-8202-4AD8-97CC-669530521878}.Release|Win32.ActiveCfg = Release|Win32
		{140F2724-8202-4AD8-97CC-669530521878}.Release|Win32.Build.0 = Release|Win32
		{C96CABFC-07B5-4DC6-8AD8-F435D8D0D603}.Debug|Win32.ActiveCfg = Debug|Win32
		{C96CABFC-07B5-4DC6-8AD8-F435D8D0D603}.Debug|Win32.Build.0 = Debug|Win32
		{C96CABFC-07B5-4DC6-8AD8-F435D8D0D603}.Release|Win32.ActiveCfg = Release|Win32
		{C96CABFC-07B5-4DC6-8AD8-F435D8D0D603}.Release|Win32.Build.0 = Release|Win32
		{5ED1218F-E651-4405-BF39-E128E39F057D}.Debug|Win32.ActiveCfg = Debug|Win32
		{5ED1218F-E651-4405-BF39-E128E39F057D}.Debug|Win32.Build.0 = Debug|Win32
		{5ED1218F-E651-4405-BF39-E128E39F057D}.Release|Win32.ActiveCfg = Release|Win32
		{5ED1218F-E651-4405-BF39-E128E39F057D}.Release|Win32.Build.0 = Release|Win32
		{12C796BA-1BD8-4E67-A954-46B3A7F2DF8B}.Debug|Win32.ActiveCfg = Debug|Win32
		{12C796BA-1BD8-4E67-A954-46B3A7F2DF8B}.Debug|Win32.Build.0 = Debug|Win32
		{12C796BA-1BD8-4E67-A954-46B3A7F2DF8B}.Release|Win32.ActiveCfg = Release|Win32
		{12C796BA-1BD8-4E67-A954-46B3A7F2DF8B}.Release|Win32.Build.0 = Release|Win32
	EndGlobalSection
	GlobalSection(SolutionProperties) = preSolution
		HideSolutionNode = FALSE
	EndGlobalSection
	GlobalSection(NestedProjects) = preSolution
		{D173267B-BC2E-456B-8415-A80A50F861D5} = {51FFAB37-F933-4A7B-AAEC-D14BB5E46377}
		{373C1161-C2AD-429A-973D-D01CC1791B6B} = {51FFAB37-F933-4A7B-AAEC-D14BB5E46377}
		{DDBB4DFC-288E-4DB7-AADF-7331D580F2B3} = {51FFAB37-F933-4A7B-AAEC-D14BB5E46377}
		{E54FCBCC-FED2-4BF4-B481-C9775BF84114} = {51FFAB37-F933-4A7B-AAEC-D14BB5E46377}
		{E7CECD1C-55F9-435C-89BA-63EC93D3468A} = {51FFAB37-F933-4A7B-AAEC-D14BB5E46377}
		{3A136DE3-743A-46FF-AB92-60B844E2F36B} = {51FFAB37-F933-4A7B-AAEC-D14BB5E46377}
		{FB022BBC-B040-4C4E-AE58-872EEC897629} = {51FFAB37-F933-4A7B-AAEC-D14BB5E46377}
		{7C573F66-8F5A-4F4A-86C0-C3A839759E61} = {51FFAB37-F933-4A7B-AAEC-D14BB5E46377}
		{A5A08434-E415-45EF-9DAB-E7B2EF66871D} = {51FFAB37-F933-4A7B-AAEC-D14BB5E46377}
		{A42BFCAE-18A4-4BCB-B7F4-0CE795E5E75E} = {51FFAB37-F933-4A7B-AAEC-D14BB5E46377}
		{8BF240E8-59EF-4E46-8F23-0DD4CEA8AFEB} = {51FFAB37-F933-4A7B-AAEC-D14BB5E46377}
		{CECD4F45-A492-4D89-9B67-DFE649DE9139} = {51FFAB37-F933-4A7B-AAEC-D14BB5E46377}
		{E758D93A-2983-43BA-A547-3890B546969A} = {51FFAB37-F933-4A7B-AAEC-D14BB5E46377}
		{6127D5CB-9756-4F41-978A-B5761C2184CD} = {51FFAB37-F933-4A7B-AAEC-D14BB5E46377}
		{BB844B45-299A-4C4A-BD2D-2923A86C68B2} = {51FFAB37-F933-4A7B-AAEC-D14BB5E46377}
		{2BE74D9D-0F11-43ED-9A63-1D6942815C0C} = {51FFAB37-F933-4A7B-AAEC-D14BB5E46377}
		{FC3EED86-13B5-4E99-941B-F6E638E53328} = {51FFAB37-F933-4A7B-AAEC-D14BB5E46377}
		{1F5B6895-1F68-4FBD-9D8E-A11DD27C1FAA} = {51FFAB37-F933-4A7B-AAEC-D14BB5E46377}
		{CCA02C8B-ED83-49AA-81FC-E3D4013AFE2D} = {51FFAB37-F933-4A7B-AAEC-D14BB5E46377}
		{80B7472D-E455-47BB-B1D4-7914C00FE986} = {51FFAB37-F933-4A7B-AAEC-D14BB5E46377}
		{069D8A19-D6A3-4EA0-8AD3-046B7BF10371} = {51FFAB37-F933-4A7B-AAEC-D14BB5E46377}
		{C20E6924-1933-48A2-9D9C-B67B166A5931} = {51FFAB37-F933-4A7B-AAEC-D14BB5E46377}
		{B1930738-014E-43A1-9F0D-FB2C97D752B8} = {51FFAB37-F933-4A7B-AAEC-D14BB5E46377}
		{B9D87469-FFB5-4213-8F37-A482F2827745} = {6C7A05AB-6759-44F5-8D75-B5F686F44EF2}
		{E73BF782-F3F2-49D6-BBB6-F75B923548AF} = {6C7A05AB-6759-44F5-8D75-B5F686F44EF2}
		{65842E46-6D5A-4882-9C2B-D8A8974C7807} = {6C7A05AB-6759-44F5-8D75-B5F686F44EF2}
		{AB2F50B7-444E-4588-88E9-762E797D48BE} = {6C7A05AB-6759-44F5-8D75-B5F686F44EF2}
		{FA4DD41B-5BC1-4345-810D-168FC45F0FBA} = {FE84D921-4334-4258-B52F-6E2671DE9653}
		{72B6CBC0-D781-4B23-A037-FCCA9ECAA80E} = {FE84D921-4334-4258-B52F-6E2671DE9653}
		{026A061E-2784-4434-9DCB-D30EAE57154D} = {FE84D921-4334-4258-B52F-6E2671DE9653}
	EndGlobalSection
EndGlobal
