<?xml version="1.0" encoding="utf-8"?>
<Project ToolsVersion="4.0" xmlns="http://schemas.microsoft.com/developer/msbuild/2003">
  <ItemGroup>
    <Filter Include="Source Files">
      <UniqueIdentifier>{81404187-fa51-4b2c-a3b6-9e188ef30b5a}</UniqueIdentifier>
      <Extensions>cpp;c;cxx;def;odl;idl;hpj;bat;asm</Extensions>
    </Filter>
    <Filter Include="Header Files">
      <UniqueIdentifier>{b020dd6c-9176-4c41-9e94-bf8d308a330f}</UniqueIdentifier>
      <Extensions>h;hpp;hxx;hm;inl;inc</Extensions>
    </Filter>
    <Filter Include="Resource Files">
      <UniqueIdentifier>{bfdd7619-daaa-4023-8e0b-cbb931619df5}</UniqueIdentifier>
      <Extensions>rc;ico;cur;bmp;dlg;rc2;rct;bin;rgs;gif;jpg;jpeg;jpe</Extensions>
    </Filter>
  </ItemGroup>
  <ItemGroup>
    <ClCompile Include="..\..\bool_lib\adjacncy.c">
      <Filter>Source Files</Filter>
    </ClCompile>
    <ClCompile Include="..\..\bool_lib\bool-2d.c">
      <Filter>Source Files</Filter>
    </ClCompile>
    <ClCompile Include="..\..\bool_lib\bool-hi.c">
      <Filter>Source Files</Filter>
    </ClCompile>
    <ClCompile Include="..\..\bool_lib\bool1low.c">
      <Filter>Source Files</Filter>
    </ClCompile>
    <ClCompile Include="..\..\bool_lib\bool2low.c">
      <Filter>Source Files</Filter>
    </ClCompile>
    <ClCompile Include="..\..\bool_lib\bool_err.c">
      <Filter>Source Files</Filter>
    </ClCompile>
  </ItemGroup>
  <ItemGroup>
    <ClInclude Include="..\..\include\bool_lib.h">
      <Filter>Header Files</Filter>
    </ClInclude>
    <ClInclude Include="..\..\bool_lib\bool_loc.h">
      <Filter>Header Files</Filter>
    </ClInclude>
  </ItemGroup>
  <ItemGroup>
    <None Include="..\..\bool_lib\makefile.ami" />
    <None Include="..\..\bool_lib\makefile.os2" />
    <None Include="..\..\bool_lib\makefile.sas" />
    <None Include="..\..\bool_lib\makefile.unx" />
    <None Include="..\..\bool_lib\makefile.wce" />
    <None Include="..\..\bool_lib\makefile.wnt" />
  </ItemGroup>
</Project>