<?xml version="1.0" encoding="utf-8"?>
<Project ToolsVersion="4.0" xmlns="http://schemas.microsoft.com/developer/msbuild/2003">
  <ItemGroup>
    <Filter Include="Source Files">
      <UniqueIdentifier>{55065972-41c8-42fc-bd69-867c4a356800}</UniqueIdentifier>
      <Extensions>cpp;c;cxx;def;odl;idl;hpj;bat;asm</Extensions>
    </Filter>
    <Filter Include="Header Files">
      <UniqueIdentifier>{376602ce-c4d1-495b-b5fb-dbb628611402}</UniqueIdentifier>
      <Extensions>h;hpp;hxx;hm;inl;inc</Extensions>
    </Filter>
    <Filter Include="Resource Files">
      <UniqueIdentifier>{91b79b2d-c980-4479-a5d7-70765ce880bb}</UniqueIdentifier>
      <Extensions>rc;ico;cur;bmp;dlg;rc2;rct;bin;rgs;gif;jpg;jpeg;jpe</Extensions>
    </Filter>
  </ItemGroup>
  <ItemGroup>
    <ClCompile Include="..\..\rndr_lib\color.c">
      <Filter>Source Files</Filter>
    </ClCompile>
    <ClCompile Include="..\..\rndr_lib\fstalloc.c">
      <Filter>Source Files</Filter>
    </ClCompile>
    <ClCompile Include="..\..\rndr_lib\interpol.c">
      <Filter>Source Files</Filter>
    </ClCompile>
    <ClCompile Include="..\..\rndr_lib\lights.c">
      <Filter>Source Files</Filter>
    </ClCompile>
    <ClCompile Include="..\..\rndr_lib\nc_zbufr.c">
      <Filter>Source Files</Filter>
    </ClCompile>
    <ClCompile Include="..\..\rndr_lib\object.c">
      <Filter>Source Files</Filter>
    </ClCompile>
    <ClCompile Include="..\..\rndr_lib\polyline.c">
      <Filter>Source Files</Filter>
    </ClCompile>
    <ClCompile Include="..\..\rndr_lib\report.c">
      <Filter>Source Files</Filter>
    </ClCompile>
    <ClCompile Include="..\..\rndr_lib\rndr_lib.c">
      <Filter>Source Files</Filter>
    </ClCompile>
    <ClCompile Include="..\..\rndr_lib\scene.c">
      <Filter>Source Files</Filter>
    </ClCompile>
    <ClCompile Include="..\..\rndr_lib\stencil.c">
      <Filter>Source Files</Filter>
    </ClCompile>
    <ClCompile Include="..\..\rndr_lib\texture.c">
      <Filter>Source Files</Filter>
    </ClCompile>
    <ClCompile Include="..\..\rndr_lib\triangle.c">
      <Filter>Source Files</Filter>
    </ClCompile>
    <ClCompile Include="..\..\rndr_lib\vis_maps.c">
      <Filter>Source Files</Filter>
    </ClCompile>
    <ClCompile Include="..\..\rndr_lib\zbuffer.c">
      <Filter>Source Files</Filter>
    </ClCompile>
    <ClCompile Include="..\..\rndr_lib\zbufr_1d.c">
      <Filter>Source Files</Filter>
    </ClCompile>
  </ItemGroup>
  <ItemGroup>
    <ClInclude Include="..\..\rndr_lib\color.h">
      <Filter>Header Files</Filter>
    </ClInclude>
    <ClInclude Include="..\..\rndr_lib\fstalloc.h">
      <Filter>Header Files</Filter>
    </ClInclude>
    <ClInclude Include="..\..\rndr_lib\interpol.h">
      <Filter>Header Files</Filter>
    </ClInclude>
    <ClInclude Include="..\..\rndr_lib\lights.h">
      <Filter>Header Files</Filter>
    </ClInclude>
    <ClInclude Include="..\..\rndr_lib\object.h">
      <Filter>Header Files</Filter>
    </ClInclude>
    <ClInclude Include="..\..\rndr_lib\polyline.h">
      <Filter>Header Files</Filter>
    </ClInclude>
    <ClInclude Include="..\..\include\rndr_lib.h">
      <Filter>Header Files</Filter>
    </ClInclude>
    <ClInclude Include="..\..\rndr_lib\rndr_loc.h">
      <Filter>Header Files</Filter>
    </ClInclude>
    <ClInclude Include="..\..\rndr_lib\scene.h">
      <Filter>Header Files</Filter>
    </ClInclude>
    <ClInclude Include="..\..\rndr_lib\stencil.h">
      <Filter>Header Files</Filter>
    </ClInclude>
    <ClInclude Include="..\..\rndr_lib\texture.h">
      <Filter>Header Files</Filter>
    </ClInclude>
    <ClInclude Include="..\..\rndr_lib\triangle.h">
      <Filter>Header Files</Filter>
    </ClInclude>
    <ClInclude Include="..\..\rndr_lib\zbuffer.h">
      <Filter>Header Files</Filter>
    </ClInclude>
  </ItemGroup>
  <ItemGroup>
    <None Include="..\..\rndr_lib\makefile.ami" />
    <None Include="..\..\rndr_lib\makefile.os2" />
    <None Include="..\..\rndr_lib\makefile.sas" />
    <None Include="..\..\rndr_lib\makefile.unx" />
    <None Include="..\..\rndr_lib\makefile.wce" />
    <None Include="..\..\rndr_lib\makefile.wnt" />
  </ItemGroup>
</Project>