<?xml version="1.0" encoding="utf-8"?>
<Project ToolsVersion="4.0" xmlns="http://schemas.microsoft.com/developer/msbuild/2003">
  <ItemGroup>
    <Filter Include="Source Files">
      <UniqueIdentifier>{d21533f6-3f32-4652-88b9-247c7c4dc044}</UniqueIdentifier>
      <Extensions>cpp;c;cxx;def;odl;idl;hpj;bat;asm</Extensions>
    </Filter>
    <Filter Include="Header Files">
      <UniqueIdentifier>{7d1399c1-724f-4eb1-8970-b038668c80fd}</UniqueIdentifier>
      <Extensions>h;hpp;hxx;hm;inl;inc</Extensions>
    </Filter>
    <Filter Include="Resource Files">
      <UniqueIdentifier>{312a5da1-fdfe-488b-b30b-93b92101b5a1}</UniqueIdentifier>
      <Extensions>rc;ico;cur;bmp;dlg;rc2;rct;bin;rgs;gif;jpg;jpeg;jpe</Extensions>
    </Filter>
  </ItemGroup>
  <ItemGroup>
    <ClCompile Include="..\..\ihidden\cci.c">
      <Filter>Source Files</Filter>
    </ClCompile>
    <ClCompile Include="..\..\ihidden\ihidden.c">
      <Filter>Source Files</Filter>
    </ClCompile>
    <ClCompile Include="..\..\ihidden\rsi.c">
      <Filter>Source Files</Filter>
    </ClCompile>
  </ItemGroup>
  <ItemGroup>
    <ClInclude Include="..\..\ihidden\program.h">
      <Filter>Header Files</Filter>
    </ClInclude>
  </ItemGroup>
  <ItemGroup>
    <None Include="..\..\ihidden\makefile.ami" />
    <None Include="..\..\ihidden\makefile.os2" />
    <None Include="..\..\ihidden\makefile.sas" />
    <None Include="..\..\ihidden\makefile.unx" />
    <None Include="..\..\ihidden\makefile.wnt" />
  </ItemGroup>
</Project>