<?xml version="1.0" encoding="utf-8"?>
<Project ToolsVersion="4.0" xmlns="http://schemas.microsoft.com/developer/msbuild/2003">
  <ItemGroup>
    <Filter Include="Source Files">
      <UniqueIdentifier>{386e8b99-0e0f-4cd1-a34e-4b1766b28a2a}</UniqueIdentifier>
      <Extensions>cpp;c;cxx;def;odl;idl;hpj;bat;asm</Extensions>
    </Filter>
    <Filter Include="Header Files">
      <UniqueIdentifier>{d8ffa8b9-3813-46f3-a426-cb58f335e8d3}</UniqueIdentifier>
      <Extensions>h;hpp;hxx;hm;inl;inc</Extensions>
    </Filter>
    <Filter Include="Resource Files">
      <UniqueIdentifier>{5c8e2eec-34d5-4fd9-87ed-3b944bc0036b}</UniqueIdentifier>
      <Extensions>rc;ico;cur;bmp;dlg;rc2;rct;bin;rgs;gif;jpg;jpeg;jpe</Extensions>
    </Filter>
  </ItemGroup>
  <ItemGroup>
    <ClCompile Include="..\..\misc_lib\config.c">
      <Filter>Source Files</Filter>
    </ClCompile>
    <ClCompile Include="..\..\misc_lib\editimag.c">
      <Filter>Source Files</Filter>
    </ClCompile>
    <ClCompile Include="..\..\misc_lib\getarg.c">
      <Filter>Source Files</Filter>
    </ClCompile>
    <ClCompile Include="..\..\misc_lib\gnrl_mat.c">
      <Filter>Source Files</Filter>
    </ClCompile>
    <ClCompile Include="..\..\misc_lib\hash_tbl.c">
      <Filter>Source Files</Filter>
    </ClCompile>
    <ClCompile Include="..\..\misc_lib\hmgn_mat.c">
      <Filter>Source Files</Filter>
    </ClCompile>
    <ClCompile Include="..\..\misc_lib\imalloc.c">
      <Filter>Source Files</Filter>
    </ClCompile>
    <ClCompile Include="..\..\misc_lib\irit2ftl.c">
      <Filter>Source Files</Filter>
    </ClCompile>
    <ClCompile Include="..\..\misc_lib\irit2inf.c">
      <Filter>Source Files</Filter>
    </ClCompile>
    <ClCompile Include="..\..\misc_lib\irit2wrn.c">
      <Filter>Source Files</Filter>
    </ClCompile>
    <ClCompile Include="..\..\misc_lib\irit_ftl.c">
      <Filter>Source Files</Filter>
    </ClCompile>
    <ClCompile Include="..\..\misc_lib\irit_inf.c">
      <Filter>Source Files</Filter>
    </ClCompile>
    <ClCompile Include="..\..\misc_lib\irit_wrn.c">
      <Filter>Source Files</Filter>
    </ClCompile>
    <ClCompile Include="..\..\misc_lib\levenmar.c">
      <Filter>Source Files</Filter>
    </ClCompile>
    <ClCompile Include="..\..\misc_lib\mincover.c">
      <Filter>Source Files</Filter>
    </ClCompile>
    <ClCompile Include="..\..\misc_lib\misc_err.c">
      <Filter>Source Files</Filter>
    </ClCompile>
    <ClCompile Include="..\..\misc_lib\misc_ftl.c">
      <Filter>Source Files</Filter>
    </ClCompile>
    <ClCompile Include="..\..\misc_lib\miscatt2.c">
      <Filter>Source Files</Filter>
    </ClCompile>
    <ClCompile Include="..\..\misc_lib\miscatt3.c">
      <Filter>Source Files</Filter>
    </ClCompile>
    <ClCompile Include="..\..\misc_lib\miscattr.c">
      <Filter>Source Files</Filter>
    </ClCompile>
    <ClCompile Include="..\..\misc_lib\priorque.c">
      <Filter>Source Files</Filter>
    </ClCompile>
    <ClCompile Include="..\..\misc_lib\qrfactor.c">
      <Filter>Source Files</Filter>
    </ClCompile>
    <ClCompile Include="..\..\misc_lib\readimag.c">
      <Filter>Source Files</Filter>
    </ClCompile>
    <ClCompile Include="..\..\misc_lib\search.c">
      <Filter>Source Files</Filter>
    </ClCompile>
    <ClCompile Include="..\..\misc_lib\writimag.c">
      <Filter>Source Files</Filter>
    </ClCompile>
    <ClCompile Include="..\..\misc_lib\xgeneral.c">
      <Filter>Source Files</Filter>
    </ClCompile>
    <ClCompile Include="..\..\misc_lib\hash2tbl.c">
      <Filter>Source Files</Filter>
    </ClCompile>
    <ClCompile Include="..\..\misc_lib\imgstcvr.c">
      <Filter>Source Files</Filter>
    </ClCompile>
    <ClCompile Include="..\..\misc_lib\list.c">
      <Filter>Source Files</Filter>
    </ClCompile>
    <ClCompile Include="..\..\misc_lib\bipartte.c">
      <Filter>Source Files</Filter>
    </ClCompile>
    <ClCompile Include="..\..\misc_lib\dither.c">
      <Filter>Source Files</Filter>
    </ClCompile>
  </ItemGroup>
  <ItemGroup>
    <ClInclude Include="..\..\include\misc_lib.h">
      <Filter>Header Files</Filter>
    </ClInclude>
    <ClInclude Include="..\..\include\miscattr.h">
      <Filter>Header Files</Filter>
    </ClInclude>
  </ItemGroup>
  <ItemGroup>
    <None Include="..\..\misc_lib\makefile.ami" />
    <None Include="..\..\misc_lib\makefile.os2" />
    <None Include="..\..\misc_lib\makefile.sas" />
    <None Include="..\..\misc_lib\makefile.unx" />
    <None Include="..\..\misc_lib\makefile.wce" />
    <None Include="..\..\misc_lib\makefile.wnt" />
  </ItemGroup>
</Project>