<?xml version="1.0" encoding="utf-8"?>
<Project ToolsVersion="4.0" xmlns="http://schemas.microsoft.com/developer/msbuild/2003">
  <ItemGroup>
    <Filter Include="Source Files">
      <UniqueIdentifier>{8c7c7216-9fb3-4975-9dcc-d355a7a249cd}</UniqueIdentifier>
      <Extensions>cpp;c;cxx;def;odl;idl;hpj;bat;asm</Extensions>
    </Filter>
    <Filter Include="Header Files">
      <UniqueIdentifier>{fd2daf0d-1613-40c8-a71b-0096778af3d4}</UniqueIdentifier>
      <Extensions>h;hpp;hxx;hm;inl;inc</Extensions>
    </Filter>
    <Filter Include="Resource Files">
      <UniqueIdentifier>{a970cf56-a49d-48ee-be62-4534b938ed68}</UniqueIdentifier>
      <Extensions>rc;ico;cur;bmp;dlg;rc2;rct;bin;rgs;gif;jpg;jpeg;jpe</Extensions>
    </Filter>
  </ItemGroup>
  <ItemGroup>
    <ClCompile Include="..\..\triv_lib\geomat4d.c">
      <Filter>Source Files</Filter>
    </ClCompile>
    <ClCompile Include="..\..\triv_lib\mrch_run.c">
      <Filter>Source Files</Filter>
    </ClCompile>
    <ClCompile Include="..\..\triv_lib\mrchcube.c">
      <Filter>Source Files</Filter>
    </ClCompile>
    <ClCompile Include="..\..\triv_lib\mrchtriv.c">
      <Filter>Source Files</Filter>
    </ClCompile>
    <ClCompile Include="..\..\triv_lib\trinterp.c">
      <Filter>Source Files</Filter>
    </ClCompile>
    <ClCompile Include="..\..\triv_lib\triv_aux.c">
      <Filter>Source Files</Filter>
    </ClCompile>
    <ClCompile Include="..\..\triv_lib\triv_dbg.c">
      <Filter>Source Files</Filter>
    </ClCompile>
    <ClCompile Include="..\..\triv_lib\triv_der.c">
      <Filter>Source Files</Filter>
    </ClCompile>
    <ClCompile Include="..\..\triv_lib\triv_err.c">
      <Filter>Source Files</Filter>
    </ClCompile>
    <ClCompile Include="..\..\triv_lib\triv_ftl.c">
      <Filter>Source Files</Filter>
    </ClCompile>
    <ClCompile Include="..\..\triv_lib\triv_gen.c">
      <Filter>Source Files</Filter>
    </ClCompile>
    <ClCompile Include="..\..\triv_lib\triv_ref.c">
      <Filter>Source Files</Filter>
    </ClCompile>
    <ClCompile Include="..\..\triv_lib\triv_sub.c">
      <Filter>Source Files</Filter>
    </ClCompile>
    <ClCompile Include="..\..\triv_lib\trivcmpt.c">
      <Filter>Source Files</Filter>
    </ClCompile>
    <ClCompile Include="..\..\triv_lib\trivcoer.c">
      <Filter>Source Files</Filter>
    </ClCompile>
    <ClCompile Include="..\..\triv_lib\trivcurv.c">
      <Filter>Source Files</Filter>
    </ClCompile>
    <ClCompile Include="..\..\triv_lib\trivedit.c">
      <Filter>Source Files</Filter>
    </ClCompile>
    <ClCompile Include="..\..\triv_lib\triveval.c">
      <Filter>Source Files</Filter>
    </ClCompile>
    <ClCompile Include="..\..\triv_lib\trivextr.c">
      <Filter>Source Files</Filter>
    </ClCompile>
    <ClCompile Include="..\..\triv_lib\trivmesh.c">
      <Filter>Source Files</Filter>
    </ClCompile>
    <ClCompile Include="..\..\triv_lib\trivmrph.c">
      <Filter>Source Files</Filter>
    </ClCompile>
    <ClCompile Include="..\..\triv_lib\trivrais.c">
      <Filter>Source Files</Filter>
    </ClCompile>
    <ClCompile Include="..\..\triv_lib\trivruld.c">
      <Filter>Source Files</Filter>
    </ClCompile>
    <ClCompile Include="..\..\triv_lib\trivstrv.c">
      <Filter>Source Files</Filter>
    </ClCompile>
    <ClCompile Include="..\..\triv_lib\trivtrev.c">
      <Filter>Source Files</Filter>
    </ClCompile>
  </ItemGroup>
  <ItemGroup>
    <ClInclude Include="..\..\include\triv_lib.h">
      <Filter>Header Files</Filter>
    </ClInclude>
    <ClInclude Include="..\..\triv_lib\triv_loc.h">
      <Filter>Header Files</Filter>
    </ClInclude>
  </ItemGroup>
  <ItemGroup>
    <None Include="..\..\triv_lib\makefile.ami" />
    <None Include="..\..\triv_lib\makefile.os2" />
    <None Include="..\..\triv_lib\makefile.sas" />
    <None Include="..\..\triv_lib\makefile.unx" />
    <None Include="..\..\triv_lib\makefile.wce" />
    <None Include="..\..\triv_lib\makefile.wnt" />
  </ItemGroup>
</Project>