Microsoft Visual Studio Solution File, Format Version 8.00
Project("{8BC9CEB8-8B4A-11D0-8D11-00A0C91BC942}") = "bool_lib", "..\bool_lib\bool_lib.vcproj", "{140F2724-8202-4AD8-97CC-669530521878}"
	ProjectSection(ProjectDependencies) = postProject
	EndProjectSection
EndProject
Project("{8BC9CEB8-8B4A-11D0-8D11-00A0C91BC942}") = "cagd_lib", "..\cagd_lib\cagd_lib.vcproj", "{6898F79B-686B-421C-91B4-E0E4BD4EB5E6}"
	ProjectSection(ProjectDependencies) = postProject
	EndProjectSection
EndProject
Project("{8BC9CEB8-8B4A-11D0-8D11-00A0C91BC942}") = "geom_lib", "..\geom_lib\geom_lib.vcproj", "{5444A308-93AA-4597-AE35-5174007BCA52}"
	ProjectSection(ProjectDependencies) = postProject
	EndProjectSection
EndProject
Project("{8BC9CEB8-8B4A-11D0-8D11-00A0C91BC942}") = "misc_lib", "..\misc_lib\misc_lib.vcproj", "{856D49EA-EBCE-4B49-9DA4-D85627BE0151}"
	ProjectSection(ProjectDependencies) = postProject
	EndProjectSection
EndProject
Project("{8BC9CEB8-8B4A-11D0-8D11-00A0C91BC942}") = "mvar_lib", "..\mvar_lib\mvar_lib.vcproj", "{AD302CBD-BFDB-431F-92BC-8668845C8479}"
	ProjectSection(ProjectDependencies) = postProject
	EndProjectSection
EndProject
Project("{8BC9CEB8-8B4A-11D0-8D11-00A0C91BC942}") = "prsr_lib", "..\prsr_lib\prsr_lib.vcproj", "{EFC5C6AA-0171-4290-BF55-2D64FC425427}"
	ProjectSection(ProjectDependencies) = postProject
	EndProjectSection
EndProject
Project("{8BC9CEB8-8B4A-11D0-8D11-00A0C91BC942}") = "symb_lib", "..\symb_lib\symb_lib.vcproj", "{A5247004-3CCA-429F-A13B-C674229A8B96}"
	ProjectSection(ProjectDependencies) = postProject
	EndProjectSection
EndProject
Project("{8BC9CEB8-8B4A-11D0-8D11-00A0C91BC942}") = "trim_lib", "..\trim_lib\trim_lib.vcproj", "{59B43357-D27A-41C0-9A54-99355FCC69B2}"
	ProjectSection(ProjectDependencies) = postProject
	EndProjectSection
EndProject
Project("{8BC9CEB8-8B4A-11D0-8D11-00A0C91BC942}") = "triv_lib", "..\triv_lib\triv_lib.vcproj", "{A3AF48C7-F8C5-4919-B964-0448D5334980}"
	ProjectSection(ProjectDependencies) = postProject
	EndProjectSection
EndProject
Project("{8BC9CEB8-8B4A-11D0-8D11-00A0C91BC942}") = "trng_lib", "..\trng_lib\trng_lib.vcproj", "{A1429189-EEE4-402F-ACB8-90A8917A8FE9}"
	ProjectSection(ProjectDependencies) = postProject
	EndProjectSection
EndProject
Project("{8BC9CEB8-8B4A-11D0-8D11-00A0C91BC942}") = "user_lib", "..\user_lib\user_lib.vcproj", "{32953A2D-2CD1-495A-B814-83D81D71FAD5}"
	ProjectSection(ProjectDependencies) = postProject
	EndProjectSection
EndProject
Project("{8BC9CEB8-8B4A-11D0-8D11-00A0C91BC942}") = "xtra_lib", "..\xtra_lib\xtra_lib.vcproj", "{235C017F-DDF6-432A-B641-7DD396B9FF3E}"
	ProjectSection(ProjectDependencies) = postProject
	EndProjectSection
EndProject
Project("{8BC9CEB8-8B4A-11D0-8D11-00A0C91BC942}") = "ihidden", "..\ihidden\ihidden.vcproj", "{500EB0B5-486A-431D-A826-95DFA4AAC2AD}"
	ProjectSection(ProjectDependencies) = postProject
		{A5247004-3CCA-429F-A13B-C674229A8B96} = {A5247004-3CCA-429F-A13B-C674229A8B96}
		{5444A308-93AA-4597-AE35-5174007BCA52} = {5444A308-93AA-4597-AE35-5174007BCA52}
		{140F2724-8202-4AD8-97CC-669530521878} = {140F2724-8202-4AD8-97CC-669530521878}
		{32953A2D-2CD1-495A-B814-83D81D71FAD5} = {32953A2D-2CD1-495A-B814-83D81D71FAD5}
		{59B43357-D27A-41C0-9A54-99355FCC69B2} = {59B43357-D27A-41C0-9A54-99355FCC69B2}
		{235C017F-DDF6-432A-B641-7DD396B9FF3E} = {235C017F-DDF6-432A-B641-7DD396B9FF3E}
		{A1429189-EEE4-402F-ACB8-90A8917A8FE9} = {A1429189-EEE4-402F-ACB8-90A8917A8FE9}
		{6898F79B-686B-421C-91B4-E0E4BD4EB5E6} = {6898F79B-686B-421C-91B4-E0E4BD4EB5E6}
		{EFC5C6AA-0171-4290-BF55-2D64FC425427} = {EFC5C6AA-0171-4290-BF55-2D64FC425427}
		{AD302CBD-BFDB-431F-92BC-8668845C8479} = {AD302CBD-BFDB-431F-92BC-8668845C8479}
		{A3AF48C7-F8C5-4919-B964-0448D5334980} = {A3AF48C7-F8C5-4919-B964-0448D5334980}
		{856D49EA-EBCE-4B49-9DA4-D85627BE0151} = {856D49EA-EBCE-4B49-9DA4-D85627BE0151}
		{856D49EA-EBCE-4B49-9DA4-D85627BE0151} = {856D49EA-EBCE-4B49-9DA4-D85627BE0151}
		{856D49EA-EBCE-4B49-9DA4-D85627BE0151} = {856D49EA-EBCE-4B49-9DA4-D85627BE0151}
		{856D49EA-EBCE-4B49-9DA4-D85627BE0151} = {856D49EA-EBCE-4B49-9DA4-D85627BE0151}
		{856D49EA-EBCE-4B49-9DA4-D85627BE0151} = {856D49EA-EBCE-4B49-9DA4-D85627BE0151}
		{856D49EA-EBCE-4B49-9DA4-D85627BE0151} = {856D49EA-EBCE-4B49-9DA4-D85627BE0151}
		{856D49EA-EBCE-4B49-9DA4-D85627BE0151} = {856D49EA-EBCE-4B49-9DA4-D85627BE0151}
		{856D49EA-EBCE-4B49-9DA4-D85627BE0151} = {856D49EA-EBCE-4B49-9DA4-D85627BE0151}
		{856D49EA-EBCE-4B49-9DA4-D85627BE0151} = {856D49EA-EBCE-4B49-9DA4-D85627BE0151}
		{856D49EA-EBCE-4B49-9DA4-D85627BE0151} = {856D49EA-EBCE-4B49-9DA4-D85627BE0151}
		{856D49EA-EBCE-4B49-9DA4-D85627BE0151} = {856D49EA-EBCE-4B49-9DA4-D85627BE0151}
		{856D49EA-EBCE-4B49-9DA4-D85627BE0151} = {856D49EA-EBCE-4B49-9DA4-D85627BE0151}
		{856D49EA-EBCE-4B49-9DA4-D85627BE0151} = {856D49EA-EBCE-4B49-9DA4-D85627BE0151}
		{856D49EA-EBCE-4B49-9DA4-D85627BE0151} = {856D49EA-EBCE-4B49-9DA4-D85627BE0151}
		{856D49EA-EBCE-4B49-9DA4-D85627BE0151} = {856D49EA-EBCE-4B49-9DA4-D85627BE0151}
	EndProjectSection
EndProject
Project("{8BC9CEB8-8B4A-11D0-8D11-00A0C91BC942}") = "illustrt", "..\illustrt\illustrt.vcproj", "{842F23F1-1547-442E-A386-5F4C3F5CB811}"
	ProjectSection(ProjectDependencies) = postProject
		{A5247004-3CCA-429F-A13B-C674229A8B96} = {A5247004-3CCA-429F-A13B-C674229A8B96}
		{5444A308-93AA-4597-AE35-5174007BCA52} = {5444A308-93AA-4597-AE35-5174007BCA52}
		{140F2724-8202-4AD8-97CC-669530521878} = {140F2724-8202-4AD8-97CC-669530521878}
		{32953A2D-2CD1-495A-B814-83D81D71FAD5} = {32953A2D-2CD1-495A-B814-83D81D71FAD5}
		{59B43357-D27A-41C0-9A54-99355FCC69B2} = {59B43357-D27A-41C0-9A54-99355FCC69B2}
		{235C017F-DDF6-432A-B641-7DD396B9FF3E} = {235C017F-DDF6-432A-B641-7DD396B9FF3E}
		{A1429189-EEE4-402F-ACB8-90A8917A8FE9} = {A1429189-EEE4-402F-ACB8-90A8917A8FE9}
		{6898F79B-686B-421C-91B4-E0E4BD4EB5E6} = {6898F79B-686B-421C-91B4-E0E4BD4EB5E6}
		{EFC5C6AA-0171-4290-BF55-2D64FC425427} = {EFC5C6AA-0171-4290-BF55-2D64FC425427}
		{AD302CBD-BFDB-431F-92BC-8668845C8479} = {AD302CBD-BFDB-431F-92BC-8668845C8479}
		{A3AF48C7-F8C5-4919-B964-0448D5334980} = {A3AF48C7-F8C5-4919-B964-0448D5334980}
		{856D49EA-EBCE-4B49-9DA4-D85627BE0151} = {856D49EA-EBCE-4B49-9DA4-D85627BE0151}
		{856D49EA-EBCE-4B49-9DA4-D85627BE0151} = {856D49EA-EBCE-4B49-9DA4-D85627BE0151}
		{856D49EA-EBCE-4B49-9DA4-D85627BE0151} = {856D49EA-EBCE-4B49-9DA4-D85627BE0151}
	EndProjectSection
EndProject
Project("{8BC9CEB8-8B4A-11D0-8D11-00A0C91BC942}") = "irender", "..\irender\irender.vcproj", "{A4B5F8C4-9767-411F-B827-ACC67D1115CF}"
	ProjectSection(ProjectDependencies) = postProject
		{A5247004-3CCA-429F-A13B-C674229A8B96} = {A5247004-3CCA-429F-A13B-C674229A8B96}
		{5444A308-93AA-4597-AE35-5174007BCA52} = {5444A308-93AA-4597-AE35-5174007BCA52}
		{140F2724-8202-4AD8-97CC-669530521878} = {140F2724-8202-4AD8-97CC-669530521878}
		{32953A2D-2CD1-495A-B814-83D81D71FAD5} = {32953A2D-2CD1-495A-B814-83D81D71FAD5}
		{59B43357-D27A-41C0-9A54-99355FCC69B2} = {59B43357-D27A-41C0-9A54-99355FCC69B2}
		{235C017F-DDF6-432A-B641-7DD396B9FF3E} = {235C017F-DDF6-432A-B641-7DD396B9FF3E}
		{A1429189-EEE4-402F-ACB8-90A8917A8FE9} = {A1429189-EEE4-402F-ACB8-90A8917A8FE9}
		{6898F79B-686B-421C-91B4-E0E4BD4EB5E6} = {6898F79B-686B-421C-91B4-E0E4BD4EB5E6}
		{EFC5C6AA-0171-4290-BF55-2D64FC425427} = {EFC5C6AA-0171-4290-BF55-2D64FC425427}
		{AD302CBD-BFDB-431F-92BC-8668845C8479} = {AD302CBD-BFDB-431F-92BC-8668845C8479}
		{A3AF48C7-F8C5-4919-B964-0448D5334980} = {A3AF48C7-F8C5-4919-B964-0448D5334980}
		{856D49EA-EBCE-4B49-9DA4-D85627BE0151} = {856D49EA-EBCE-4B49-9DA4-D85627BE0151}
		{856D49EA-EBCE-4B49-9DA4-D85627BE0151} = {856D49EA-EBCE-4B49-9DA4-D85627BE0151}
		{856D49EA-EBCE-4B49-9DA4-D85627BE0151} = {856D49EA-EBCE-4B49-9DA4-D85627BE0151}
		{856D49EA-EBCE-4B49-9DA4-D85627BE0151} = {856D49EA-EBCE-4B49-9DA4-D85627BE0151}
		{856D49EA-EBCE-4B49-9DA4-D85627BE0151} = {856D49EA-EBCE-4B49-9DA4-D85627BE0151}
	EndProjectSection
EndProject
Project("{8BC9CEB8-8B4A-11D0-8D11-00A0C91BC942}") = "irit", "..\irit\irit.vcproj", "{8AF9BDAB-AAF3-4909-B639-AEAFF907F7E7}"
	ProjectSection(ProjectDependencies) = postProject
		{A5247004-3CCA-429F-A13B-C674229A8B96} = {A5247004-3CCA-429F-A13B-C674229A8B96}
		{5444A308-93AA-4597-AE35-5174007BCA52} = {5444A308-93AA-4597-AE35-5174007BCA52}
		{140F2724-8202-4AD8-97CC-669530521878} = {140F2724-8202-4AD8-97CC-669530521878}
		{32953A2D-2CD1-495A-B814-83D81D71FAD5} = {32953A2D-2CD1-495A-B814-83D81D71FAD5}
		{59B43357-D27A-41C0-9A54-99355FCC69B2} = {59B43357-D27A-41C0-9A54-99355FCC69B2}
		{235C017F-DDF6-432A-B641-7DD396B9FF3E} = {235C017F-DDF6-432A-B641-7DD396B9FF3E}
		{A1429189-EEE4-402F-ACB8-90A8917A8FE9} = {A1429189-EEE4-402F-ACB8-90A8917A8FE9}
		{6898F79B-686B-421C-91B4-E0E4BD4EB5E6} = {6898F79B-686B-421C-91B4-E0E4BD4EB5E6}
		{EFC5C6AA-0171-4290-BF55-2D64FC425427} = {EFC5C6AA-0171-4290-BF55-2D64FC425427}
		{AD302CBD-BFDB-431F-92BC-8668845C8479} = {AD302CBD-BFDB-431F-92BC-8668845C8479}
		{A3AF48C7-F8C5-4919-B964-0448D5334980} = {A3AF48C7-F8C5-4919-B964-0448D5334980}
		{856D49EA-EBCE-4B49-9DA4-D85627BE0151} = {856D49EA-EBCE-4B49-9DA4-D85627BE0151}
		{856D49EA-EBCE-4B49-9DA4-D85627BE0151} = {856D49EA-EBCE-4B49-9DA4-D85627BE0151}
		{856D49EA-EBCE-4B49-9DA4-D85627BE0151} = {856D49EA-EBCE-4B49-9DA4-D85627BE0151}
		{856D49EA-EBCE-4B49-9DA4-D85627BE0151} = {856D49EA-EBCE-4B49-9DA4-D85627BE0151}
		{856D49EA-EBCE-4B49-9DA4-D85627BE0151} = {856D49EA-EBCE-4B49-9DA4-D85627BE0151}
		{856D49EA-EBCE-4B49-9DA4-D85627BE0151} = {856D49EA-EBCE-4B49-9DA4-D85627BE0151}
		{856D49EA-EBCE-4B49-9DA4-D85627BE0151} = {856D49EA-EBCE-4B49-9DA4-D85627BE0151}
		{856D49EA-EBCE-4B49-9DA4-D85627BE0151} = {856D49EA-EBCE-4B49-9DA4-D85627BE0151}
	EndProjectSection
EndProject
Project("{8BC9CEB8-8B4A-11D0-8D11-00A0C91BC942}") = "poly3d-h", "..\poly3d-h\poly3d-h.vcproj", "{14C60890-E73F-4E80-9F4E-E35EAB6C6B95}"
	ProjectSection(ProjectDependencies) = postProject
		{A5247004-3CCA-429F-A13B-C674229A8B96} = {A5247004-3CCA-429F-A13B-C674229A8B96}
		{5444A308-93AA-4597-AE35-5174007BCA52} = {5444A308-93AA-4597-AE35-5174007BCA52}
		{140F2724-8202-4AD8-97CC-669530521878} = {140F2724-8202-4AD8-97CC-669530521878}
		{32953A2D-2CD1-495A-B814-83D81D71FAD5} = {32953A2D-2CD1-495A-B814-83D81D71FAD5}
		{59B43357-D27A-41C0-9A54-99355FCC69B2} = {59B43357-D27A-41C0-9A54-99355FCC69B2}
		{235C017F-DDF6-432A-B641-7DD396B9FF3E} = {235C017F-DDF6-432A-B641-7DD396B9FF3E}
		{A1429189-EEE4-402F-ACB8-90A8917A8FE9} = {A1429189-EEE4-402F-ACB8-90A8917A8FE9}
		{6898F79B-686B-421C-91B4-E0E4BD4EB5E6} = {6898F79B-686B-421C-91B4-E0E4BD4EB5E6}
		{EFC5C6AA-0171-4290-BF55-2D64FC425427} = {EFC5C6AA-0171-4290-BF55-2D64FC425427}
		{AD302CBD-BFDB-431F-92BC-8668845C8479} = {AD302CBD-BFDB-431F-92BC-8668845C8479}
		{A3AF48C7-F8C5-4919-B964-0448D5334980} = {A3AF48C7-F8C5-4919-B964-0448D5334980}
		{856D49EA-EBCE-4B49-9DA4-D85627BE0151} = {856D49EA-EBCE-4B49-9DA4-D85627BE0151}
	EndProjectSection
EndProject
Project("{8BC9CEB8-8B4A-11D0-8D11-00A0C91BC942}") = "wntgdrvs", "..\wntgdrvs\wntgdrvs.vcproj", "{B9D87469-FFB5-4213-8F37-A482F2827745}"
	ProjectSection(ProjectDependencies) = postProject
		{A5247004-3CCA-429F-A13B-C674229A8B96} = {A5247004-3CCA-429F-A13B-C674229A8B96}
		{5444A308-93AA-4597-AE35-5174007BCA52} = {5444A308-93AA-4597-AE35-5174007BCA52}
		{140F2724-8202-4AD8-97CC-669530521878} = {140F2724-8202-4AD8-97CC-669530521878}
		{32953A2D-2CD1-495A-B814-83D81D71FAD5} = {32953A2D-2CD1-495A-B814-83D81D71FAD5}
		{59B43357-D27A-41C0-9A54-99355FCC69B2} = {59B43357-D27A-41C0-9A54-99355FCC69B2}
		{235C017F-DDF6-432A-B641-7DD396B9FF3E} = {235C017F-DDF6-432A-B641-7DD396B9FF3E}
		{A1429189-EEE4-402F-ACB8-90A8917A8FE9} = {A1429189-EEE4-402F-ACB8-90A8917A8FE9}
		{6898F79B-686B-421C-91B4-E0E4BD4EB5E6} = {6898F79B-686B-421C-91B4-E0E4BD4EB5E6}
		{EFC5C6AA-0171-4290-BF55-2D64FC425427} = {EFC5C6AA-0171-4290-BF55-2D64FC425427}
		{AD302CBD-BFDB-431F-92BC-8668845C8479} = {AD302CBD-BFDB-431F-92BC-8668845C8479}
		{A3AF48C7-F8C5-4919-B964-0448D5334980} = {A3AF48C7-F8C5-4919-B964-0448D5334980}
		{856D49EA-EBCE-4B49-9DA4-D85627BE0151} = {856D49EA-EBCE-4B49-9DA4-D85627BE0151}
		{856D49EA-EBCE-4B49-9DA4-D85627BE0151} = {856D49EA-EBCE-4B49-9DA4-D85627BE0151}
		{856D49EA-EBCE-4B49-9DA4-D85627BE0151} = {856D49EA-EBCE-4B49-9DA4-D85627BE0151}
	EndProjectSection
EndProject
Project("{8BC9CEB8-8B4A-11D0-8D11-00A0C91BC942}") = "rndr_lib", "..\rndr_lib\rndr_lib.vcproj", "{856D49EA-EBCE-4B49-9DA4-D85627BE0151}"
	ProjectSection(ProjectDependencies) = postProject
	EndProjectSection
EndProject
Project("{8BC9CEB8-8B4A-11D0-8D11-00A0C91BC942}") = "mdl_lib", "..\mdl_lib\mdl_lib.vcproj", "{856D49EA-EBCE-4B49-9DA4-D85627BE0151}"
	ProjectSection(ProjectDependencies) = postProject
	EndProjectSection
EndProject
Project("{8BC9CEB8-8B4A-11D0-8D11-00A0C91BC942}") = "test", "..\test\test.vcproj", "{14C60890-E73F-4E80-9F4E-E35EAB6C6B95}"
	ProjectSection(ProjectDependencies) = postProject
	EndProjectSection
EndProject
Project("{8BC9CEB8-8B4A-11D0-8D11-00A0C91BC942}") = "filters", "..\filters\filters.vcproj", "{D173267B-BC2E-456B-8415-A80A50F861D5}"
	ProjectSection(ProjectDependencies) = postProject
	EndProjectSection
EndProject
Project("{8BC9CEB8-8B4A-11D0-8D11-00A0C91BC942}") = "aisoshad", "..\aisoshad\aisoshad.vcproj", "{FA4DD41B-5BC1-4345-810D-168FC45F0FBA}"
	ProjectSection(ProjectDependencies) = postProject
	EndProjectSection
EndProject
Project("{8BC9CEB8-8B4A-11D0-8D11-00A0C91BC942}") = "extra_files", "..\extra\extra_files.vcproj", "{E426711B-2992-4371-AA76-875FF51DDA29}"
	ProjectSection(ProjectDependencies) = postProject
	EndProjectSection
EndProject
Project("{8BC9CEB8-8B4A-11D0-8D11-00A0C91BC942}") = "grap_lib", "..\grap_lib\grap_lib.vcproj", "{856D49EA-EBCE-4B49-9DA4-D85627BE0151}"
	ProjectSection(ProjectDependencies) = postProject
	EndProjectSection
EndProject
Global
	GlobalSection(SolutionConfiguration) = preSolution
		Debug = Debug
		Release = Release
	EndGlobalSection
	GlobalSection(ProjectConfiguration) = postSolution
		{140F2724-8202-4AD8-97CC-669530521878}.Debug.ActiveCfg = Debug|Win32
		{140F2724-8202-4AD8-97CC-669530521878}.Debug.Build.0 = Debug|Win32
		{140F2724-8202-4AD8-97CC-669530521878}.Release.ActiveCfg = Release|Win32
		{140F2724-8202-4AD8-97CC-669530521878}.Release.Build.0 = Release|Win32
		{6898F79B-686B-421C-91B4-E0E4BD4EB5E6}.Debug.ActiveCfg = Debug|Win32
		{6898F79B-686B-421C-91B4-E0E4BD4EB5E6}.Debug.Build.0 = Debug|Win32
		{6898F79B-686B-421C-91B4-E0E4BD4EB5E6}.Release.ActiveCfg = Release|Win32
		{6898F79B-686B-421C-91B4-E0E4BD4EB5E6}.Release.Build.0 = Release|Win32
		{5444A308-93AA-4597-AE35-5174007BCA52}.Debug.ActiveCfg = Debug|Win32
		{5444A308-93AA-4597-AE35-5174007BCA52}.Debug.Build.0 = Debug|Win32
		{5444A308-93AA-4597-AE35-5174007BCA52}.Release.ActiveCfg = Release|Win32
		{5444A308-93AA-4597-AE35-5174007BCA52}.Release.Build.0 = Release|Win32
		{856D49EA-EBCE-4B49-9DA4-D85627BE0151}.Debug.ActiveCfg = Debug|Win32
		{856D49EA-EBCE-4B49-9DA4-D85627BE0151}.Debug.Build.0 = Debug|Win32
		{856D49EA-EBCE-4B49-9DA4-D85627BE0151}.Release.ActiveCfg = Release|Win32
		{856D49EA-EBCE-4B49-9DA4-D85627BE0151}.Release.Build.0 = Release|Win32
		{AD302CBD-BFDB-431F-92BC-8668845C8479}.Debug.ActiveCfg = Debug|Win32
		{AD302CBD-BFDB-431F-92BC-8668845C8479}.Debug.Build.0 = Debug|Win32
		{AD302CBD-BFDB-431F-92BC-8668845C8479}.Release.ActiveCfg = Release|Win32
		{AD302CBD-BFDB-431F-92BC-8668845C8479}.Release.Build.0 = Release|Win32
		{EFC5C6AA-0171-4290-BF55-2D64FC425427}.Debug.ActiveCfg = Debug|Win32
		{EFC5C6AA-0171-4290-BF55-2D64FC425427}.Debug.Build.0 = Debug|Win32
		{EFC5C6AA-0171-4290-BF55-2D64FC425427}.Release.ActiveCfg = Release|Win32
		{EFC5C6AA-0171-4290-BF55-2D64FC425427}.Release.Build.0 = Release|Win32
		{A5247004-3CCA-429F-A13B-C674229A8B96}.Debug.ActiveCfg = Debug|Win32
		{A5247004-3CCA-429F-A13B-C674229A8B96}.Debug.Build.0 = Debug|Win32
		{A5247004-3CCA-429F-A13B-C674229A8B96}.Release.ActiveCfg = Release|Win32
		{A5247004-3CCA-429F-A13B-C674229A8B96}.Release.Build.0 = Release|Win32
		{59B43357-D27A-41C0-9A54-99355FCC69B2}.Debug.ActiveCfg = Debug|Win32
		{59B43357-D27A-41C0-9A54-99355FCC69B2}.Debug.Build.0 = Debug|Win32
		{59B43357-D27A-41C0-9A54-99355FCC69B2}.Release.ActiveCfg = Release|Win32
		{59B43357-D27A-41C0-9A54-99355FCC69B2}.Release.Build.0 = Release|Win32
		{A3AF48C7-F8C5-4919-B964-0448D5334980}.Debug.ActiveCfg = Debug|Win32
		{A3AF48C7-F8C5-4919-B964-0448D5334980}.Debug.Build.0 = Debug|Win32
		{A3AF48C7-F8C5-4919-B964-0448D5334980}.Release.ActiveCfg = Release|Win32
		{A3AF48C7-F8C5-4919-B964-0448D5334980}.Release.Build.0 = Release|Win32
		{A1429189-EEE4-402F-ACB8-90A8917A8FE9}.Debug.ActiveCfg = Debug|Win32
		{A1429189-EEE4-402F-ACB8-90A8917A8FE9}.Debug.Build.0 = Debug|Win32
		{A1429189-EEE4-402F-ACB8-90A8917A8FE9}.Release.ActiveCfg = Release|Win32
		{A1429189-EEE4-402F-ACB8-90A8917A8FE9}.Release.Build.0 = Release|Win32
		{32953A2D-2CD1-495A-B814-83D81D71FAD5}.Debug.ActiveCfg = Debug|Win32
		{32953A2D-2CD1-495A-B814-83D81D71FAD5}.Debug.Build.0 = Debug|Win32
		{32953A2D-2CD1-495A-B814-83D81D71FAD5}.Release.ActiveCfg = Release|Win32
		{32953A2D-2CD1-495A-B814-83D81D71FAD5}.Release.Build.0 = Release|Win32
		{235C017F-DDF6-432A-B641-7DD396B9FF3E}.Debug.ActiveCfg = Debug|Win32
		{235C017F-DDF6-432A-B641-7DD396B9FF3E}.Debug.Build.0 = Debug|Win32
		{235C017F-DDF6-432A-B641-7DD396B9FF3E}.Release.ActiveCfg = Release|Win32
		{235C017F-DDF6-432A-B641-7DD396B9FF3E}.Release.Build.0 = Release|Win32
		{500EB0B5-486A-431D-A826-95DFA4AAC2AD}.Debug.ActiveCfg = Debug|Win32
		{500EB0B5-486A-431D-A826-95DFA4AAC2AD}.Debug.Build.0 = Debug|Win32
		{500EB0B5-486A-431D-A826-95DFA4AAC2AD}.Release.ActiveCfg = Release|Win32
		{500EB0B5-486A-431D-A826-95DFA4AAC2AD}.Release.Build.0 = Release|Win32
		{842F23F1-1547-442E-A386-5F4C3F5CB811}.Debug.ActiveCfg = Debug|Win32
		{842F23F1-1547-442E-A386-5F4C3F5CB811}.Debug.Build.0 = Debug|Win32
		{842F23F1-1547-442E-A386-5F4C3F5CB811}.Release.ActiveCfg = Release|Win32
		{842F23F1-1547-442E-A386-5F4C3F5CB811}.Release.Build.0 = Release|Win32
		{A4B5F8C4-9767-411F-B827-ACC67D1115CF}.Debug.ActiveCfg = Debug|Win32
		{A4B5F8C4-9767-411F-B827-ACC67D1115CF}.Debug.Build.0 = Debug|Win32
		{A4B5F8C4-9767-411F-B827-ACC67D1115CF}.Release.ActiveCfg = Release|Win32
		{A4B5F8C4-9767-411F-B827-ACC67D1115CF}.Release.Build.0 = Release|Win32
		{8AF9BDAB-AAF3-4909-B639-AEAFF907F7E7}.Debug.ActiveCfg = Debug|Win32
		{8AF9BDAB-AAF3-4909-B639-AEAFF907F7E7}.Debug.Build.0 = Debug|Win32
		{8AF9BDAB-AAF3-4909-B639-AEAFF907F7E7}.Release.ActiveCfg = Release|Win32
		{8AF9BDAB-AAF3-4909-B639-AEAFF907F7E7}.Release.Build.0 = Release|Win32
		{14C60890-E73F-4E80-9F4E-E35EAB6C6B95}.Debug.ActiveCfg = Debug|Win32
		{14C60890-E73F-4E80-9F4E-E35EAB6C6B95}.Debug.Build.0 = Debug|Win32
		{14C60890-E73F-4E80-9F4E-E35EAB6C6B95}.Release.ActiveCfg = Release|Win32
		{14C60890-E73F-4E80-9F4E-E35EAB6C6B95}.Release.Build.0 = Release|Win32
		{B9D87469-FFB5-4213-8F37-A482F2827745}.Debug.ActiveCfg = Debug|Win32
		{B9D87469-FFB5-4213-8F37-A482F2827745}.Debug.Build.0 = Debug|Win32
		{B9D87469-FFB5-4213-8F37-A482F2827745}.Release.ActiveCfg = Release|Win32
		{B9D87469-FFB5-4213-8F37-A482F2827745}.Release.Build.0 = Release|Win32
		{856D49EA-EBCE-4B49-9DA4-D85627BE0151}.Debug.ActiveCfg = Debug|Win32
		{856D49EA-EBCE-4B49-9DA4-D85627BE0151}.Debug.Build.0 = Debug|Win32
		{856D49EA-EBCE-4B49-9DA4-D85627BE0151}.Release.ActiveCfg = Release|Win32
		{856D49EA-EBCE-4B49-9DA4-D85627BE0151}.Release.Build.0 = Release|Win32
		{856D49EA-EBCE-4B49-9DA4-D85627BE0151}.Debug.ActiveCfg = Debug|Win32
		{856D49EA-EBCE-4B49-9DA4-D85627BE0151}.Debug.Build.0 = Debug|Win32
		{856D49EA-EBCE-4B49-9DA4-D85627BE0151}.Release.ActiveCfg = Release|Win32
		{856D49EA-EBCE-4B49-9DA4-D85627BE0151}.Release.Build.0 = Release|Win32
		{14C60890-E73F-4E80-9F4E-E35EAB6C6B95}.Debug.ActiveCfg = Debug|Win32
		{14C60890-E73F-4E80-9F4E-E35EAB6C6B95}.Debug.Build.0 = Debug|Win32
		{14C60890-E73F-4E80-9F4E-E35EAB6C6B95}.Release.ActiveCfg = Release|Win32
		{14C60890-E73F-4E80-9F4E-E35EAB6C6B95}.Release.Build.0 = Release|Win32
		{D173267B-BC2E-456B-8415-A80A50F861D5}.Debug.ActiveCfg = Debug|Win32
		{D173267B-BC2E-456B-8415-A80A50F861D5}.Debug.Build.0 = Debug|Win32
		{D173267B-BC2E-456B-8415-A80A50F861D5}.Release.ActiveCfg = Release|Win32
		{D173267B-BC2E-456B-8415-A80A50F861D5}.Release.Build.0 = Release|Win32
		{FA4DD41B-5BC1-4345-810D-168FC45F0FBA}.Debug.ActiveCfg = Debug|Win32
		{FA4DD41B-5BC1-4345-810D-168FC45F0FBA}.Debug.Build.0 = Debug|Win32
		{FA4DD41B-5BC1-4345-810D-168FC45F0FBA}.Release.ActiveCfg = Release|Win32
		{FA4DD41B-5BC1-4345-810D-168FC45F0FBA}.Release.Build.0 = Release|Win32
		{E426711B-2992-4371-AA76-875FF51DDA29}.Debug.ActiveCfg = Debug|Win32
		{E426711B-2992-4371-AA76-875FF51DDA29}.Debug.Build.0 = Debug|Win32
		{E426711B-2992-4371-AA76-875FF51DDA29}.Release.ActiveCfg = Release|Win32
		{E426711B-2992-4371-AA76-875FF51DDA29}.Release.Build.0 = Release|Win32
		{856D49EA-EBCE-4B49-9DA4-D85627BE0151}.Debug.ActiveCfg = Debug|Win32
		{856D49EA-EBCE-4B49-9DA4-D85627BE0151}.Debug.Build.0 = Debug|Win32
		{856D49EA-EBCE-4B49-9DA4-D85627BE0151}.Release.ActiveCfg = Release|Win32
		{856D49EA-EBCE-4B49-9DA4-D85627BE0151}.Release.Build.0 = Release|Win32
	EndGlobalSection
	GlobalSection(ExtensibilityGlobals) = postSolution
	EndGlobalSection
	GlobalSection(ExtensibilityAddIns) = postSolution
	EndGlobalSection
EndGlobal
