<?xml version="1.0" encoding="utf-8"?>
<Project ToolsVersion="4.0" xmlns="http://schemas.microsoft.com/developer/msbuild/2003">
  <ItemGroup>
    <Filter Include="Source Files">
      <UniqueIdentifier>{6a11e16e-4ac1-4eff-8231-568cf8d0b335}</UniqueIdentifier>
      <Extensions>cpp;c;cxx;def;odl;idl;hpj;bat;asm</Extensions>
    </Filter>
    <Filter Include="Header Files">
      <UniqueIdentifier>{cebdaa5f-a9bc-47a1-88b3-28e60ef0a96c}</UniqueIdentifier>
      <Extensions>h;hpp;hxx;hm;inl;inc</Extensions>
    </Filter>
    <Filter Include="Resource Files">
      <UniqueIdentifier>{0fd6bca6-9b1a-4e66-8b45-2ec437f2f085}</UniqueIdentifier>
      <Extensions>rc;ico;cur;bmp;dlg;rc2;rct;bin;rgs;gif;jpg;jpeg;jpe</Extensions>
    </Filter>
  </ItemGroup>
  <ItemGroup>
    <ClCompile Include="..\..\irit\bsc_geom.c">
      <Filter>Source Files</Filter>
    </ClCompile>
    <ClCompile Include="..\..\irit\ctrl-brk.c">
      <Filter>Source Files</Filter>
    </ClCompile>
    <ClCompile Include="..\..\irit\dosintr.c">
      <Filter>Source Files</Filter>
    </ClCompile>
    <ClCompile Include="..\..\irit\freefrm1.c">
      <Filter>Source Files</Filter>
    </ClCompile>
    <ClCompile Include="..\..\irit\freefrm2.c">
      <Filter>Source Files</Filter>
    </ClCompile>
    <ClCompile Include="..\..\irit\freefrm3.c">
      <Filter>Source Files</Filter>
    </ClCompile>
    <ClCompile Include="..\..\irit\freefrm4.c">
      <Filter>Source Files</Filter>
    </ClCompile>
    <ClCompile Include="..\..\irit\freefrm5.c">
      <Filter>Source Files</Filter>
    </ClCompile>
    <ClCompile Include="..\..\irit\freefrm6.c">
      <Filter>Source Files</Filter>
    </ClCompile>
    <ClCompile Include="..\..\irit\freefrm7.c">
      <Filter>Source Files</Filter>
    </ClCompile>
    <ClCompile Include="..\..\irit\freefrm8.c">
      <Filter>Source Files</Filter>
    </ClCompile>
    <ClCompile Include="..\..\irit\inptevl0.c">
      <Filter>Source Files</Filter>
    </ClCompile>
    <ClCompile Include="..\..\irit\inptevl1.c">
      <Filter>Source Files</Filter>
    </ClCompile>
    <ClCompile Include="..\..\irit\inptevl2.c">
      <Filter>Source Files</Filter>
    </ClCompile>
    <ClCompile Include="..\..\irit\inptevl3.c">
      <Filter>Source Files</Filter>
    </ClCompile>
    <ClCompile Include="..\..\irit\inptevl4.c">
      <Filter>Source Files</Filter>
    </ClCompile>
    <ClCompile Include="..\..\irit\inptgetc.c">
      <Filter>Source Files</Filter>
    </ClCompile>
    <ClCompile Include="..\..\irit\inptprsr.c">
      <Filter>Source Files</Filter>
    </ClCompile>
    <ClCompile Include="..\..\irit\irit.c">
      <Filter>Source Files</Filter>
    </ClCompile>
    <ClCompile Include="..\..\irit\irit_db.c">
      <Filter>Source Files</Filter>
    </ClCompile>
    <ClCompile Include="..\..\irit\irit_io.c">
      <Filter>Source Files</Filter>
    </ClCompile>
    <ClCompile Include="..\..\irit\objects1.c">
      <Filter>Source Files</Filter>
    </ClCompile>
    <ClCompile Include="..\..\irit\objects2.c">
      <Filter>Source Files</Filter>
    </ClCompile>
    <ClCompile Include="..\..\irit\overload.c">
      <Filter>Source Files</Filter>
    </ClCompile>
    <ClCompile Include="..\..\irit\support.c">
      <Filter>Source Files</Filter>
    </ClCompile>
  </ItemGroup>
  <ItemGroup>
    <ClInclude Include="..\..\irit\dosintr.h">
      <Filter>Source Files</Filter>
    </ClInclude>
    <ClInclude Include="..\..\irit\bsc_geom.h">
      <Filter>Header Files</Filter>
    </ClInclude>
    <ClInclude Include="..\..\irit\ctrl-brk.h">
      <Filter>Header Files</Filter>
    </ClInclude>
    <ClInclude Include="..\..\irit\freeform.h">
      <Filter>Header Files</Filter>
    </ClInclude>
    <ClInclude Include="..\..\irit\inptprsg.h">
      <Filter>Header Files</Filter>
    </ClInclude>
    <ClInclude Include="..\..\irit\inptprsl.h">
      <Filter>Header Files</Filter>
    </ClInclude>
    <ClInclude Include="..\..\irit\objects.h">
      <Filter>Header Files</Filter>
    </ClInclude>
    <ClInclude Include="..\..\irit\overload.h">
      <Filter>Header Files</Filter>
    </ClInclude>
    <ClInclude Include="..\..\irit\program.h">
      <Filter>Header Files</Filter>
    </ClInclude>
  </ItemGroup>
  <ItemGroup>
    <None Include="..\..\irit\makefile.ami" />
    <None Include="..\..\irit\makefile.os2" />
    <None Include="..\..\irit\makefile.sas" />
    <None Include="..\..\irit\makefile.unx" />
    <None Include="..\..\irit\makefile.wnt" />
  </ItemGroup>
</Project>