<?xml version="1.0" encoding="utf-8"?>
<Project ToolsVersion="4.0" xmlns="http://schemas.microsoft.com/developer/msbuild/2003">
  <ItemGroup>
    <Filter Include="Source Files">
      <UniqueIdentifier>{564d2c7c-43a8-45ec-8345-cecfd42926a2}</UniqueIdentifier>
      <Extensions>cpp;c;cxx;def;odl;idl;hpj;bat;asm</Extensions>
    </Filter>
    <Filter Include="Header Files">
      <UniqueIdentifier>{6ba07392-26fa-4a92-aa75-5197f39e8ec5}</UniqueIdentifier>
      <Extensions>h;hpp;hxx;hm;inl;inc</Extensions>
    </Filter>
    <Filter Include="Resource Files">
      <UniqueIdentifier>{289df9c0-5e10-4c21-b657-2629bbeb375c}</UniqueIdentifier>
      <Extensions>rc;ico;cur;bmp;dlg;rc2;rct;bin;rgs;gif;jpg;jpeg;jpe</Extensions>
    </Filter>
  </ItemGroup>
  <ItemGroup>
    <ClCompile Include="..\..\geom_lib\analyfit.c">
      <Filter>Source Files</Filter>
    </ClCompile>
    <ClCompile Include="..\..\geom_lib\anim_aux.c">
      <Filter>Source Files</Filter>
    </ClCompile>
    <ClCompile Include="..\..\geom_lib\animate.c">
      <Filter>Source Files</Filter>
    </ClCompile>
    <ClCompile Include="..\..\geom_lib\bbox.c">
      <Filter>Source Files</Filter>
    </ClCompile>
    <ClCompile Include="..\..\geom_lib\cnvxhull.c">
      <Filter>Source Files</Filter>
    </ClCompile>
    <ClCompile Include="..\..\geom_lib\convex.c">
      <Filter>Source Files</Filter>
    </ClCompile>
    <ClCompile Include="..\..\geom_lib\decimate.c">
      <Filter>Source Files</Filter>
    </ClCompile>
    <ClCompile Include="..\..\geom_lib\dist_pts.c">
      <Filter>Source Files</Filter>
    </ClCompile>
    <ClCompile Include="..\..\geom_lib\fit1pts.c">
      <Filter>Source Files</Filter>
    </ClCompile>
    <ClCompile Include="..\..\geom_lib\fit2pts.c">
      <Filter>Source Files</Filter>
    </ClCompile>
    <ClCompile Include="..\..\geom_lib\geom_bsc.c">
      <Filter>Source Files</Filter>
    </ClCompile>
    <ClCompile Include="..\..\geom_lib\geom_err.c">
      <Filter>Source Files</Filter>
    </ClCompile>
    <ClCompile Include="..\..\geom_lib\geom_ftl.c">
      <Filter>Source Files</Filter>
    </ClCompile>
    <ClCompile Include="..\..\geom_lib\geomat3d.c">
      <Filter>Source Files</Filter>
    </ClCompile>
    <ClCompile Include="..\..\geom_lib\geomvals.c">
      <Filter>Source Files</Filter>
    </ClCompile>
    <ClCompile Include="..\..\geom_lib\intrnrml.c">
      <Filter>Source Files</Filter>
    </ClCompile>
    <ClCompile Include="..\..\geom_lib\ln_sweep.c">
      <Filter>Source Files</Filter>
    </ClCompile>
    <ClCompile Include="..\..\geom_lib\merge.c">
      <Filter>Source Files</Filter>
    </ClCompile>
    <ClCompile Include="..\..\geom_lib\ms_circ.c">
      <Filter>Source Files</Filter>
    </ClCompile>
    <ClCompile Include="..\..\geom_lib\ms_spher.c">
      <Filter>Source Files</Filter>
    </ClCompile>
    <ClCompile Include="..\..\geom_lib\plycrvtr.c">
      <Filter>Source Files</Filter>
    </ClCompile>
    <ClCompile Include="..\..\geom_lib\plyimprt.c">
      <Filter>Source Files</Filter>
    </ClCompile>
    <ClCompile Include="..\..\geom_lib\plystrct.c">
      <Filter>Source Files</Filter>
    </ClCompile>
    <ClCompile Include="..\..\geom_lib\poly_cln.c">
      <Filter>Source Files</Filter>
    </ClCompile>
    <ClCompile Include="..\..\geom_lib\poly_cvr.c">
      <Filter>Source Files</Filter>
    </ClCompile>
    <ClCompile Include="..\..\geom_lib\poly_pts.c">
      <Filter>Source Files</Filter>
    </ClCompile>
    <ClCompile Include="..\..\geom_lib\poly_sil.c">
      <Filter>Source Files</Filter>
    </ClCompile>
    <ClCompile Include="..\..\geom_lib\polyofst.c">
      <Filter>Source Files</Filter>
    </ClCompile>
    <ClCompile Include="..\..\geom_lib\polyprop.c">
      <Filter>Source Files</Filter>
    </ClCompile>
    <ClCompile Include="..\..\geom_lib\polysimp.c">
      <Filter>Source Files</Filter>
    </ClCompile>
    <ClCompile Include="..\..\geom_lib\primitv1.c">
      <Filter>Source Files</Filter>
    </ClCompile>
    <ClCompile Include="..\..\geom_lib\primitv2.c">
      <Filter>Source Files</Filter>
    </ClCompile>
    <ClCompile Include="..\..\geom_lib\primitv3.c">
      <Filter>Source Files</Filter>
    </ClCompile>
    <ClCompile Include="..\..\geom_lib\pt_morph.c">
      <Filter>Source Files</Filter>
    </ClCompile>
    <ClCompile Include="..\..\geom_lib\quatrnn.c">
      <Filter>Source Files</Filter>
    </ClCompile>
    <ClCompile Include="..\..\geom_lib\scancnvt.c">
      <Filter>Source Files</Filter>
    </ClCompile>
    <ClCompile Include="..\..\geom_lib\sph_cone.c">
      <Filter>Source Files</Filter>
    </ClCompile>
    <ClCompile Include="..\..\geom_lib\sph_pts.c">
      <Filter>Source Files</Filter>
    </ClCompile>
    <ClCompile Include="..\..\geom_lib\text.c">
      <Filter>Source Files</Filter>
    </ClCompile>
    <ClCompile Include="..\..\geom_lib\zbuf_ogl.c">
      <Filter>Source Files</Filter>
    </ClCompile>
    <ClCompile Include="..\..\geom_lib\zbuffer.c">
      <Filter>Source Files</Filter>
    </ClCompile>
    <ClCompile Include="..\..\geom_lib\sbdv_srf.c">
      <Filter>Source Files</Filter>
    </ClCompile>
    <ClCompile Include="..\..\geom_lib\polysmth.c">
      <Filter>Source Files</Filter>
    </ClCompile>
  </ItemGroup>
  <ItemGroup>
    <ClInclude Include="..\..\include\geom_lib.h">
      <Filter>Header Files</Filter>
    </ClInclude>
    <ClInclude Include="..\..\geom_lib\geom_loc.h">
      <Filter>Header Files</Filter>
    </ClInclude>
  </ItemGroup>
  <ItemGroup>
    <None Include="..\..\geom_lib\makefile.ami" />
    <None Include="..\..\geom_lib\makefile.os2" />
    <None Include="..\..\geom_lib\makefile.sas" />
    <None Include="..\..\geom_lib\makefile.unx" />
    <None Include="..\..\geom_lib\makefile.wce" />
    <None Include="..\..\geom_lib\makefile.wnt" />
  </ItemGroup>
</Project>