<?xml version="1.0" encoding="utf-8"?>
<Project ToolsVersion="4.0" xmlns="http://schemas.microsoft.com/developer/msbuild/2003">
  <ItemGroup>
    <Filter Include="Source Files">
      <UniqueIdentifier>{f2be3587-ff07-498e-8257-b4fe1e1c8216}</UniqueIdentifier>
      <Extensions>cpp;c;cxx;def;odl;idl;hpj;bat;asm</Extensions>
    </Filter>
    <Filter Include="Header Files">
      <UniqueIdentifier>{bb8ed2bd-cd76-495f-a9bc-43d87d39ab49}</UniqueIdentifier>
      <Extensions>h;hpp;hxx;hm;inl;inc</Extensions>
    </Filter>
    <Filter Include="Resource Files">
      <UniqueIdentifier>{86277b59-d66f-4a5f-aaee-bf8e39b2d67c}</UniqueIdentifier>
      <Extensions>rc;ico;cur;bmp;dlg;rc2;rct;bin;rgs;gif;jpg;jpeg;jpe</Extensions>
    </Filter>
  </ItemGroup>
  <ItemGroup>
    <ClCompile Include="..\..\symb_lib\adap_iso.c">
      <Filter>Source Files</Filter>
    </ClCompile>
    <ClCompile Include="..\..\symb_lib\arc_len.c">
      <Filter>Source Files</Filter>
    </ClCompile>
    <ClCompile Include="..\..\symb_lib\biarc.c">
      <Filter>Source Files</Filter>
    </ClCompile>
    <ClCompile Include="..\..\symb_lib\blending.c">
      <Filter>Source Files</Filter>
    </ClCompile>
    <ClCompile Include="..\..\symb_lib\bsp3injc.c">
      <Filter>Source Files</Filter>
    </ClCompile>
    <ClCompile Include="..\..\symb_lib\bsp_sym.c">
      <Filter>Source Files</Filter>
    </ClCompile>
    <ClCompile Include="..\..\symb_lib\bspiprod.c">
      <Filter>Source Files</Filter>
    </ClCompile>
    <ClCompile Include="..\..\symb_lib\bspkntrm.c">
      <Filter>Source Files</Filter>
    </ClCompile>
    <ClCompile Include="..\..\symb_lib\bzr_sym.c">
      <Filter>Source Files</Filter>
    </ClCompile>
    <ClCompile Include="..\..\symb_lib\ccnvhul.c">
      <Filter>Source Files</Filter>
    </ClCompile>
    <ClCompile Include="..\..\symb_lib\cmp_crvs.c">
      <Filter>Source Files</Filter>
    </ClCompile>
    <ClCompile Include="..\..\symb_lib\composit.c">
      <Filter>Source Files</Filter>
    </ClCompile>
    <ClCompile Include="..\..\symb_lib\constrct.c">
      <Filter>Source Files</Filter>
    </ClCompile>
    <ClCompile Include="..\..\symb_lib\crv_lenv.c">
      <Filter>Source Files</Filter>
    </ClCompile>
    <ClCompile Include="..\..\symb_lib\crv_skel.c">
      <Filter>Source Files</Filter>
    </ClCompile>
    <ClCompile Include="..\..\symb_lib\crv_tans.c">
      <Filter>Source Files</Filter>
    </ClCompile>
    <ClCompile Include="..\..\symb_lib\crvtrrec.c">
      <Filter>Source Files</Filter>
    </ClCompile>
    <ClCompile Include="..\..\symb_lib\curvatur.c">
      <Filter>Source Files</Filter>
    </ClCompile>
    <ClCompile Include="..\..\symb_lib\decompos.c">
      <Filter>Source Files</Filter>
    </ClCompile>
    <ClCompile Include="..\..\symb_lib\distance.c">
      <Filter>Source Files</Filter>
    </ClCompile>
    <ClCompile Include="..\..\symb_lib\duality.c">
      <Filter>Source Files</Filter>
    </ClCompile>
    <ClCompile Include="..\..\symb_lib\evalcurv.c">
      <Filter>Source Files</Filter>
    </ClCompile>
    <ClCompile Include="..\..\symb_lib\ffptdist.c">
      <Filter>Source Files</Filter>
    </ClCompile>
    <ClCompile Include="..\..\symb_lib\moffset.c">
      <Filter>Source Files</Filter>
    </ClCompile>
    <ClCompile Include="..\..\symb_lib\moments.c">
      <Filter>Source Files</Filter>
    </ClCompile>
    <ClCompile Include="..\..\symb_lib\morphing.c">
      <Filter>Source Files</Filter>
    </ClCompile>
    <ClCompile Include="..\..\symb_lib\multires.c">
      <Filter>Source Files</Filter>
    </ClCompile>
    <ClCompile Include="..\..\symb_lib\nrmlcone.c">
      <Filter>Source Files</Filter>
    </ClCompile>
    <ClCompile Include="..\..\symb_lib\offset.c">
      <Filter>Source Files</Filter>
    </ClCompile>
    <ClCompile Include="..\..\symb_lib\orthotom.c">
      <Filter>Source Files</Filter>
    </ClCompile>
    <ClCompile Include="..\..\symb_lib\prisa.c">
      <Filter>Source Files</Filter>
    </ClCompile>
    <ClCompile Include="..\..\symb_lib\rflct_ln.c">
      <Filter>Source Files</Filter>
    </ClCompile>
    <ClCompile Include="..\..\symb_lib\rrinter.c">
      <Filter>Source Files</Filter>
    </ClCompile>
    <ClCompile Include="..\..\symb_lib\rvrs_eng.c">
      <Filter>Source Files</Filter>
    </ClCompile>
    <ClCompile Include="..\..\symb_lib\smp_skel.c">
      <Filter>Source Files</Filter>
    </ClCompile>
    <ClCompile Include="..\..\symb_lib\symb_crv.c">
      <Filter>Source Files</Filter>
    </ClCompile>
    <ClCompile Include="..\..\symb_lib\symb_err.c">
      <Filter>Source Files</Filter>
    </ClCompile>
    <ClCompile Include="..\..\symb_lib\symb_ftl.c">
      <Filter>Source Files</Filter>
    </ClCompile>
    <ClCompile Include="..\..\symb_lib\symb_gen.c">
      <Filter>Source Files</Filter>
    </ClCompile>
    <ClCompile Include="..\..\symb_lib\symb_srf.c">
      <Filter>Source Files</Filter>
    </ClCompile>
    <ClCompile Include="..\..\symb_lib\symbpoly.c">
      <Filter>Source Files</Filter>
    </ClCompile>
    <ClCompile Include="..\..\symb_lib\symbsply.c">
      <Filter>Source Files</Filter>
    </ClCompile>
    <ClCompile Include="..\..\symb_lib\symbzero.c">
      <Filter>Source Files</Filter>
    </ClCompile>
  </ItemGroup>
  <ItemGroup>
    <ClInclude Include="..\..\include\symb_lib.h">
      <Filter>Header Files</Filter>
    </ClInclude>
    <ClInclude Include="..\..\symb_lib\symb_loc.h">
      <Filter>Header Files</Filter>
    </ClInclude>
  </ItemGroup>
  <ItemGroup>
    <None Include="..\..\symb_lib\makefile.ami" />
    <None Include="..\..\symb_lib\makefile.os2" />
    <None Include="..\..\symb_lib\makefile.sas" />
    <None Include="..\..\symb_lib\makefile.unx" />
    <None Include="..\..\symb_lib\makefile.wce" />
    <None Include="..\..\symb_lib\makefile.wnt" />
  </ItemGroup>
</Project>