<?xml version="1.0" encoding="utf-8"?>
<Project ToolsVersion="4.0" xmlns="http://schemas.microsoft.com/developer/msbuild/2003">
  <ItemGroup>
    <Filter Include="Source Files">
      <UniqueIdentifier>{136b470d-7726-49a7-8891-685accaf0d39}</UniqueIdentifier>
      <Extensions>cpp;c;cxx;def;odl;idl;hpj;bat;asm</Extensions>
    </Filter>
    <Filter Include="Header Files">
      <UniqueIdentifier>{71a054e1-5119-4356-890c-1f821d39f092}</UniqueIdentifier>
      <Extensions>h;hpp;hxx;hm;inl;inc</Extensions>
    </Filter>
    <Filter Include="Resource Files">
      <UniqueIdentifier>{f491bdf8-a893-4483-a7fd-b6b91937e1ee}</UniqueIdentifier>
      <Extensions>rc;ico;cur;bmp;dlg;rc2;rct;bin;rgs;gif;jpg;jpeg;jpe</Extensions>
    </Filter>
  </ItemGroup>
  <ItemGroup>
    <ClCompile Include="..\..\mvar_lib\crv_krnl.c">
      <Filter>Source Files</Filter>
    </ClCompile>
    <ClCompile Include="..\..\mvar_lib\hasdrf2d.c">
      <Filter>Source Files</Filter>
    </ClCompile>
    <ClCompile Include="..\..\mvar_lib\hasdrf3d.c">
      <Filter>Source Files</Filter>
    </ClCompile>
    <ClCompile Include="..\..\mvar_lib\ms_circ.c">
      <Filter>Source Files</Filter>
    </ClCompile>
    <ClCompile Include="..\..\mvar_lib\ms_sphr.c">
      <Filter>Source Files</Filter>
    </ClCompile>
    <ClCompile Include="..\..\mvar_lib\mv_crvtr.c">
      <Filter>Source Files</Filter>
    </ClCompile>
    <ClCompile Include="..\..\mvar_lib\mvaccess.c">
      <Filter>Source Files</Filter>
    </ClCompile>
    <ClCompile Include="..\..\mvar_lib\mvar_aux.c">
      <Filter>Source Files</Filter>
    </ClCompile>
    <ClCompile Include="..\..\mvar_lib\mvar_dbg.c">
      <Filter>Source Files</Filter>
    </ClCompile>
    <ClCompile Include="..\..\mvar_lib\mvar_der.c">
      <Filter>Source Files</Filter>
    </ClCompile>
    <ClCompile Include="..\..\mvar_lib\mvar_det.c">
      <Filter>Source Files</Filter>
    </ClCompile>
    <ClCompile Include="..\..\mvar_lib\mvar_err.c">
      <Filter>Source Files</Filter>
    </ClCompile>
    <ClCompile Include="..\..\mvar_lib\mvar_ftl.c">
      <Filter>Source Files</Filter>
    </ClCompile>
    <ClCompile Include="..\..\mvar_lib\mvar_gen.c">
      <Filter>Source Files</Filter>
    </ClCompile>
    <ClCompile Include="..\..\mvar_lib\mvar_pll.c">
      <Filter>Source Files</Filter>
    </ClCompile>
    <ClCompile Include="..\..\mvar_lib\mvar_ref.c">
      <Filter>Source Files</Filter>
    </ClCompile>
    <ClCompile Include="..\..\mvar_lib\mvar_rev.c">
      <Filter>Source Files</Filter>
    </ClCompile>
    <ClCompile Include="..\..\mvar_lib\mvar_ssi.c">
      <Filter>Source Files</Filter>
    </ClCompile>
    <ClCompile Include="..\..\mvar_lib\mvar_sub.c">
      <Filter>Source Files</Filter>
    </ClCompile>
    <ClCompile Include="..\..\mvar_lib\mvar_sym.c">
      <Filter>Source Files</Filter>
    </ClCompile>
    <ClCompile Include="..\..\mvar_lib\mvarcmpt.c">
      <Filter>Source Files</Filter>
    </ClCompile>
    <ClCompile Include="..\..\mvar_lib\mvarcoer.c">
      <Filter>Source Files</Filter>
    </ClCompile>
    <ClCompile Include="..\..\mvar_lib\mvardist.c">
      <Filter>Source Files</Filter>
    </ClCompile>
    <ClCompile Include="..\..\mvar_lib\mvaredit.c">
      <Filter>Source Files</Filter>
    </ClCompile>
    <ClCompile Include="..\..\mvar_lib\mvareval.c">
      <Filter>Source Files</Filter>
    </ClCompile>
    <ClCompile Include="..\..\mvar_lib\mvarextr.c">
      <Filter>Source Files</Filter>
    </ClCompile>
    <ClCompile Include="..\..\mvar_lib\mvarintr.c">
      <Filter>Source Files</Filter>
    </ClCompile>
    <ClCompile Include="..\..\mvar_lib\mvarmrph.c">
      <Filter>Source Files</Filter>
    </ClCompile>
    <ClCompile Include="..\..\mvar_lib\mvarpack.c">
      <Filter>Source Files</Filter>
    </ClCompile>
    <ClCompile Include="..\..\mvar_lib\mvarpck2.c">
      <Filter>Source Files</Filter>
    </ClCompile>
    <ClCompile Include="..\..\mvar_lib\mvarprim.c">
      <Filter>Source Files</Filter>
    </ClCompile>
    <ClCompile Include="..\..\mvar_lib\mvarrais.c">
      <Filter>Source Files</Filter>
    </ClCompile>
    <ClCompile Include="..\..\mvar_lib\mvarsils.c">
      <Filter>Source Files</Filter>
    </ClCompile>
    <ClCompile Include="..\..\mvar_lib\mvartopo.c">
      <Filter>Source Files</Filter>
    </ClCompile>
    <ClCompile Include="..\..\mvar_lib\mvarzero.c">
      <Filter>Source Files</Filter>
    </ClCompile>
    <ClCompile Include="..\..\mvar_lib\mvarzreq.c">
      <Filter>Source Files</Filter>
    </ClCompile>
    <ClCompile Include="..\..\mvar_lib\mvbiscon.c">
      <Filter>Source Files</Filter>
    </ClCompile>
    <ClCompile Include="..\..\mvar_lib\mvbisect.c">
      <Filter>Source Files</Filter>
    </ClCompile>
    <ClCompile Include="..\..\mvar_lib\mvbspsym.c">
      <Filter>Source Files</Filter>
    </ClCompile>
    <ClCompile Include="..\..\mvar_lib\mvbzrpwr.c">
      <Filter>Source Files</Filter>
    </ClCompile>
    <ClCompile Include="..\..\mvar_lib\mvbzrsym.c">
      <Filter>Source Files</Filter>
    </ClCompile>
    <ClCompile Include="..\..\mvar_lib\mvcones.c">
      <Filter>Source Files</Filter>
    </ClCompile>
    <ClCompile Include="..\..\mvar_lib\mvlowenv.c">
      <Filter>Source Files</Filter>
    </ClCompile>
    <ClCompile Include="..\..\mvar_lib\mvsplmon.c">
      <Filter>Source Files</Filter>
    </ClCompile>
    <ClCompile Include="..\..\mvar_lib\mvtangnt.c">
      <Filter>Source Files</Filter>
    </ClCompile>
    <ClCompile Include="..\..\mvar_lib\mvtrmbis.c">
      <Filter>Source Files</Filter>
    </ClCompile>
    <ClCompile Include="..\..\mvar_lib\mvtrmpcr.c">
      <Filter>Source Files</Filter>
    </ClCompile>
    <ClCompile Include="..\..\mvar_lib\mvvorcel.c">
      <Filter>Source Files</Filter>
    </ClCompile>
    <ClCompile Include="..\..\mvar_lib\mvvorcrv.c">
      <Filter>Source Files</Filter>
    </ClCompile>
    <ClCompile Include="..\..\mvar_lib\offset2.c">
      <Filter>Source Files</Filter>
    </ClCompile>
    <ClCompile Include="..\..\mvar_lib\offst2ni.c">
      <Filter>Source Files</Filter>
    </ClCompile>
    <ClCompile Include="..\..\mvar_lib\ray-trap.c">
      <Filter>Source Files</Filter>
    </ClCompile>
    <ClCompile Include="..\..\mvar_lib\raytrp3d.c">
      <Filter>Source Files</Filter>
    </ClCompile>
    <ClCompile Include="..\..\mvar_lib\selfintr.c">
      <Filter>Source Files</Filter>
    </ClCompile>
    <ClCompile Include="..\..\mvar_lib\skel2d.c">
      <Filter>Source Files</Filter>
    </ClCompile>
    <ClCompile Include="..\..\mvar_lib\contacts.c">
      <Filter>Source Files</Filter>
    </ClCompile>
    <ClCompile Include="..\..\mvar_lib\mvarkant.c">
      <Filter>Source Files</Filter>
    </ClCompile>
    <ClCompile Include="..\..\mvar_lib\mvarproj.c">
      <Filter>Source Files</Filter>
    </ClCompile>
    <ClCompile Include="..\..\mvar_lib\lnsrfdst.c">
      <Filter>Source Files</Filter>
    </ClCompile>
    <ClCompile Include="..\..\mvar_lib\mvar_int.c">
      <Filter>Source Files</Filter>
    </ClCompile>
    <ClCompile Include="..\..\mvar_lib\mvar_vec.c">
      <Filter>Source Files</Filter>
    </ClCompile>
    <ClCompile Include="..\..\mvar_lib\mvtrivar.c">
      <Filter>Source Files</Filter>
    </ClCompile>
  </ItemGroup>
  <ItemGroup>
    <ClInclude Include="..\..\include\mvar_lib.h">
      <Filter>Header Files</Filter>
    </ClInclude>
    <ClInclude Include="..\..\mvar_lib\mvar_loc.h">
      <Filter>Header Files</Filter>
    </ClInclude>
  </ItemGroup>
  <ItemGroup>
    <None Include="..\..\mvar_lib\makefile.ami" />
    <None Include="..\..\mvar_lib\makefile.os2" />
    <None Include="..\..\mvar_lib\makefile.sas" />
    <None Include="..\..\mvar_lib\makefile.unx" />
    <None Include="..\..\mvar_lib\makefile.wce" />
    <None Include="..\..\mvar_lib\makefile.wnt" />
  </ItemGroup>
</Project>